{
  "version": 4,
  "terraform_version": "1.1.6",
  "serial": 69,
  "lineage": "3f96ac81-ee1a-243f-da0f-864f6d17d88e",
  "outputs": {},
  "resources": [
    {
      "mode": "managed",
      "type": "genesyscloud_architect_datatable",
      "name": "customers",
      "provider": "provider[\"registry.terraform.io/mypurecloud/genesyscloud\"]",
      "instances": [
        {
          "schema_version": 1,
          "attributes": {
            "description": "Table of Customers",
            "division_id": "d4ec93f6-5801-4a7b-a89b-07c95fdf37fb",
            "id": "60b265df-405b-4a20-8afa-60df70e3edf6",
            "name": "Customers",
            "properties": [
              {
                "default": "",
                "name": "key",
                "title": "Email",
                "type": "string"
              },
              {
                "default": "",
                "name": "identifier",
                "title": "Customer Identifier",
                "type": "integer"
              },
              {
                "default": "false",
                "name": "deleted",
                "title": "Is Deleted",
                "type": "boolean"
              }
            ]
          },
          "sensitive_attributes": [],
          "private": "eyJzY2hlbWFfdmVyc2lvbiI6IjEifQ=="
        }
      ]
    },
    {
      "mode": "managed",
      "type": "genesyscloud_architect_datatable_row",
      "name": "john-smith-2749",
      "provider": "provider[\"registry.terraform.io/mypurecloud/genesyscloud\"]",
      "instances": [
        {
          "schema_version": 1,
          "attributes": {
            "datatable_id": "60b265df-405b-4a20-8afa-60df70e3edf6",
            "id": "60b265df-405b-4a20-8afa-60df70e3edf6/johnsmith@example.com",
            "key_value": "johnsmith@example.com",
            "properties_json": "{\"deleted\":false,\"identifier\":2749}"
          },
          "sensitive_attributes": [],
          "private": "eyJzY2hlbWFfdmVyc2lvbiI6IjEifQ==",
          "dependencies": [
            "genesyscloud_architect_datatable.customers"
          ]
        }
      ]
    },
    {
      "mode": "managed",
      "type": "genesyscloud_routing_queue",
      "name": "test_queue",
      "provider": "provider[\"registry.terraform.io/mypurecloud/genesyscloud\"]",
      "instances": [
        {
          "schema_version": 1,
          "attributes": {
            "acw_timeout_ms": 300000,
            "acw_wrapup_prompt": "MANDATORY_TIMEOUT",
            "auto_answer_only": true,
            "bullseye_rings": [],
            "calling_party_name": "Example Inc.",
            "calling_party_number": "",
            "default_script_ids": null,
            "description": "This is a test queue",
            "division_id": "d4ec93f6-5801-4a7b-a89b-07c95fdf37fb",
            "enable_manual_assignment": true,
            "enable_transcription": true,
            "id": "cbf8fba7-4455-4618-a8a1-100cdeb69278",
            "media_settings_call": [
              {
                "alerting_timeout_sec": 30,
                "service_level_duration_ms": 10000,
                "service_level_percentage": 0.7
              }
            ],
            "media_settings_callback": [
              {
                "alerting_timeout_sec": 30,
                "service_level_duration_ms": 20000,
                "service_level_percentage": 0.8
              }
            ],
            "media_settings_chat": [
              {
                "alerting_timeout_sec": 30,
                "service_level_duration_ms": 20000,
                "service_level_percentage": 0.8
              }
            ],
            "media_settings_email": [
              {
                "alerting_timeout_sec": 300,
                "service_level_duration_ms": 86400000,
                "service_level_percentage": 0.8
              }
            ],
            "media_settings_message": [
              {
                "alerting_timeout_sec": 30,
                "service_level_duration_ms": 20000,
                "service_level_percentage": 0.8
              }
            ],
            "media_settings_social": [],
            "media_settings_video": [
              {
                "alerting_timeout_sec": 8,
                "service_level_duration_ms": 20000,
                "service_level_percentage": 0.8
              }
            ],
            "members": [
              {
                "ring_num": 1,
                "user_id": "88ca5972-a40d-497b-8c7c-6f5ab427d9c2"
              }
            ],
            "name": "Terraform queue",
            "outbound_email_address": [],
            "outbound_messaging_sms_address_id": "",
            "queue_flow_id": "",
            "routing_rules": [
              {
                "operator": "MEETS_THRESHOLD",
                "threshold": 9,
                "wait_seconds": 300
              }
            ],
            "skill_evaluation_method": "BEST",
            "whisper_prompt_id": "",
            "wrapup_codes": [
              "709353e2-8a4b-4775-8a4e-540d5c5c4a40",
              "f687d27f-76da-46bc-83b8-9dcfe2ffee83"
            ]
          },
          "sensitive_attributes": [],
          "private": "eyJzY2hlbWFfdmVyc2lvbiI6IjEifQ==",
          "dependencies": [
            "genesyscloud_routing_wrapupcode.saleMade",
            "genesyscloud_routing_wrapupcode.serviceInquiry",
            "genesyscloud_user.test_user"
          ]
        }
      ]
    },
    {
      "mode": "managed",
      "type": "genesyscloud_routing_wrapupcode",
      "name": "saleMade",
      "provider": "provider[\"registry.terraform.io/mypurecloud/genesyscloud\"]",
      "instances": [
        {
          "schema_version": 1,
          "attributes": {
            "id": "709353e2-8a4b-4775-8a4e-540d5c5c4a40",
            "name": "Sale Made"
          },
          "sensitive_attributes": [],
          "private": "eyJzY2hlbWFfdmVyc2lvbiI6IjEifQ=="
        }
      ]
    },
    {
      "mode": "managed",
      "type": "genesyscloud_routing_wrapupcode",
      "name": "serviceInquiry",
      "provider": "provider[\"registry.terraform.io/mypurecloud/genesyscloud\"]",
      "instances": [
        {
          "schema_version": 1,
          "attributes": {
            "id": "f687d27f-76da-46bc-83b8-9dcfe2ffee83",
            "name": "Service Inquiry"
          },
          "sensitive_attributes": [],
          "private": "eyJzY2hlbWFfdmVyc2lvbiI6IjEifQ=="
        }
      ]
    },
    {
      "mode": "managed",
      "type": "genesyscloud_user",
      "name": "test_user",
      "provider": "provider[\"registry.terraform.io/mypurecloud/genesyscloud\"]",
      "instances": [
        {
          "schema_version": 1,
          "attributes": {
            "acd_auto_answer": true,
            "addresses": [
              {
                "other_emails": [
                  {
                    "address": "john@gmail.com",
                    "type": "HOME"
                  }
                ],
                "phone_numbers": [
                  {
                    "extension": "",
                    "media_type": "PHONE",
                    "number": "+13174181234",
                    "type": "MOBILE"
                  }
                ]
              }
            ],
            "certifications": [
              "Certified Developer"
            ],
            "department": "Development",
            "division_id": "d4ec93f6-5801-4a7b-a89b-07c95fdf37fb",
            "email": "john@example.com",
            "employer_info": [
              {
                "date_hire": "2021-03-18",
                "employee_id": "12345",
                "employee_type": "Full-time",
                "official_name": "Jonathon Doe"
              }
            ],
            "id": "88ca5972-a40d-497b-8c7c-6f5ab427d9c2",
            "locations": [],
            "manager": "",
            "name": "John Doe",
            "password": "Cxascode1720!",
            "profile_skills": [
              "Go",
              "Java"
            ],
            "routing_languages": [],
            "routing_skills": [],
            "routing_utilization": [
              {
                "call": [
                  {
                    "include_non_acd": true,
                    "interruptible_media_types": [],
                    "maximum_capacity": 1
                  }
                ],
                "callback": [
                  {
                    "include_non_acd": false,
                    "interruptible_media_types": [
                      "call",
                      "email"
                    ],
                    "maximum_capacity": 2
                  }
                ],
                "chat": [
                  {
                    "include_non_acd": false,
                    "interruptible_media_types": [
                      "call"
                    ],
                    "maximum_capacity": 3
                  }
                ],
                "email": [
                  {
                    "include_non_acd": false,
                    "interruptible_media_types": [
                      "call",
                      "chat"
                    ],
                    "maximum_capacity": 2
                  }
                ],
                "message": [
                  {
                    "include_non_acd": false,
                    "interruptible_media_types": [
                      "call",
                      "chat"
                    ],
                    "maximum_capacity": 4
                  }
                ],
                "video": [
                  {
                    "include_non_acd": false,
                    "interruptible_media_types": [
                      "call"
                    ],
                    "maximum_capacity": 1
                  }
                ]
              }
            ],
            "state": "active",
            "title": "Senior Director"
          },
          "sensitive_attributes": [],
          "private": "eyJzY2hlbWFfdmVyc2lvbiI6IjEifQ=="
        }
      ]
    }
  ]
}
