{
  "version": 4,
  "terraform_version": "1.1.6",
  "serial": 0,
  "lineage": "0ba143ee-d8af-ef1d-c5a2-6f36c73e3fbb",
  "outputs": {},
  "resources": [
    {
      "mode": "managed",
      "type": "genesyscloud_architect_datatable",
      "name": "BC_-_Outage_2180777630",
      "provider": "provider[\"registry.terraform.io/-/genesyscloud\"]",
      "instances": [
        {
          "schema_version": 1,
          "attributes_flat": {
            "description": "",
            "division_id": "f267d1b7-dd0d-4b0c-97fe-d7cf3b6e85e7",
            "id": "4d24a936-0cf1-41c7-82db-1f8f0a98e097",
            "name": "BC - Outage",
            "properties.#": "3",
            "properties.0.default": "",
            "properties.0.name": "key",
            "properties.0.title": "Location",
            "properties.0.type": "string",
            "properties.1.default": "",
            "properties.1.name": "Outage",
            "properties.1.title": "Outage",
            "properties.1.type": "string",
            "properties.2.default": "",
            "properties.2.name": "Message",
            "properties.2.title": "Message",
            "properties.2.type": "string"
          },
          "sensitive_attributes": []
        }
      ]
    },
    {
      "mode": "managed",
      "type": "genesyscloud_architect_datatable",
      "name": "Blue_Bottle_Coffee_1742869545",
      "provider": "provider[\"registry.terraform.io/-/genesyscloud\"]",
      "instances": [
        {
          "schema_version": 1,
          "attributes_flat": {
            "description": "",
            "division_id": "f267d1b7-dd0d-4b0c-97fe-d7cf3b6e85e7",
            "id": "f67e6906-e639-477f-9312-d8acae6a6029",
            "name": "Blue Bottle Coffee",
            "properties.#": "9",
            "properties.0.default": "",
            "properties.0.name": "key",
            "properties.0.title": "Account Number",
            "properties.0.type": "string",
            "properties.1.default": "",
            "properties.1.name": "Full Name",
            "properties.1.title": "Full Name",
            "properties.1.type": "string",
            "properties.2.default": "",
            "properties.2.name": "First Name",
            "properties.2.title": "First Name",
            "properties.2.type": "string",
            "properties.3.default": "",
            "properties.3.name": "Last Name",
            "properties.3.title": "Last Name",
            "properties.3.type": "string",
            "properties.4.default": "",
            "properties.4.name": "Address",
            "properties.4.title": "Address",
            "properties.4.type": "string",
            "properties.5.default": "",
            "properties.5.name": "Active Subscription",
            "properties.5.title": "Active Subscription",
            "properties.5.type": "string",
            "properties.6.default": "",
            "properties.6.name": "Subscription Type",
            "properties.6.title": "Subscription Type",
            "properties.6.type": "string",
            "properties.7.default": "",
            "properties.7.name": "Email",
            "properties.7.title": "Email",
            "properties.7.type": "string",
            "properties.8.default": "",
            "properties.8.name": "Phone Number",
            "properties.8.title": "Phone Number",
            "properties.8.type": "string"
          },
          "sensitive_attributes": []
        }
      ]
    },
    {
      "mode": "managed",
      "type": "genesyscloud_architect_datatable",
      "name": "Client_Information_-_Mat_Test_1936269899",
      "provider": "provider[\"registry.terraform.io/-/genesyscloud\"]",
      "instances": [
        {
          "schema_version": 1,
          "attributes_flat": {
            "description": "",
            "division_id": "f267d1b7-dd0d-4b0c-97fe-d7cf3b6e85e7",
            "id": "f7f7f8e9-786a-4fa8-8761-d76e59a50da2",
            "name": "Client Information - Mat Test",
            "properties.#": "8",
            "properties.0.default": "",
            "properties.0.name": "key",
            "properties.0.title": "DNIS",
            "properties.0.type": "string",
            "properties.1.default": "0",
            "properties.1.name": "Priority",
            "properties.1.title": "Customer Name",
            "properties.1.type": "string",
            "properties.2.default": "",
            "properties.2.name": "MainGreeting",
            "properties.2.title": "Claims",
            "properties.2.type": "string",
            "properties.3.default": "",
            "properties.3.name": "Options",
            "properties.3.title": "Benefit 1",
            "properties.3.type": "string",
            "properties.4.default": "",
            "properties.4.name": "callback",
            "properties.4.title": "Benefit 2",
            "properties.4.type": "string",
            "properties.5.default": "",
            "properties.5.name": "Address",
            "properties.5.title": "Address",
            "properties.5.type": "string",
            "properties.6.default": "",
            "properties.6.name": "Employer",
            "properties.6.title": "Employer",
            "properties.6.type": "string",
            "properties.7.default": "",
            "properties.7.name": "Premium",
            "properties.7.title": "Premium",
            "properties.7.type": "string"
          },
          "sensitive_attributes": []
        }
      ]
    },
    {
      "mode": "managed",
      "type": "genesyscloud_architect_datatable",
      "name": "Cove_AccountNumberLookup",
      "provider": "provider[\"registry.terraform.io/-/genesyscloud\"]",
      "instances": [
        {
          "schema_version": 1,
          "attributes_flat": {
            "description": "",
            "division_id": "f267d1b7-dd0d-4b0c-97fe-d7cf3b6e85e7",
            "id": "198ebf26-1f9b-4e0d-8f8c-07ec4d64fa25",
            "name": "Cove_AccountNumberLookup",
            "properties.#": "7",
            "properties.0.default": "",
            "properties.0.name": "key",
            "properties.0.title": "Account Number",
            "properties.0.type": "string",
            "properties.1.default": "",
            "properties.1.name": "First Name",
            "properties.1.title": "First Name",
            "properties.1.type": "string",
            "properties.2.default": "",
            "properties.2.name": "Last Name",
            "properties.2.title": "Last Name",
            "properties.2.type": "string",
            "properties.3.default": "",
            "properties.3.name": "Email",
            "properties.3.title": "Account Type",
            "properties.3.type": "string",
            "properties.4.default": "",
            "properties.4.name": "Account Number",
            "properties.4.title": "Email",
            "properties.4.type": "string",
            "properties.5.default": "",
            "properties.5.name": "Phone Number",
            "properties.5.title": "Phone Number",
            "properties.5.type": "string",
            "properties.6.default": "false",
            "properties.6.name": "Made a purchase",
            "properties.6.title": "Made a purchase",
            "properties.6.type": "boolean"
          },
          "sensitive_attributes": []
        }
      ]
    },
    {
      "mode": "managed",
      "type": "genesyscloud_architect_datatable",
      "name": "Cove_Call_ANILookup_2324276745",
      "provider": "provider[\"registry.terraform.io/-/genesyscloud\"]",
      "instances": [
        {
          "schema_version": 1,
          "attributes_flat": {
            "description": "",
            "division_id": "f267d1b7-dd0d-4b0c-97fe-d7cf3b6e85e7",
            "id": "cb777248-ee6c-4b39-bd53-6c9c45ebad2c",
            "name": "Cove_Call.ANILookup",
            "properties.#": "12",
            "properties.0.default": "",
            "properties.0.name": "key",
            "properties.0.title": "Call.Ani",
            "properties.0.type": "string",
            "properties.1.default": "",
            "properties.1.name": "First Name",
            "properties.1.title": "First Name",
            "properties.1.type": "string",
            "properties.10.default": "",
            "properties.10.name": "AppointmentDate",
            "properties.10.title": "AppointmentDate",
            "properties.10.type": "string",
            "properties.11.default": "",
            "properties.11.name": "AppointmentTime",
            "properties.11.title": "AppointmentTime",
            "properties.11.type": "string",
            "properties.2.default": "",
            "properties.2.name": "Last Name",
            "properties.2.title": "Last Name",
            "properties.2.type": "string",
            "properties.3.default": "",
            "properties.3.name": "Account Number",
            "properties.3.title": "Account Number",
            "properties.3.type": "string",
            "properties.4.default": "",
            "properties.4.name": "Account Type",
            "properties.4.title": "Account Type",
            "properties.4.type": "string",
            "properties.5.default": "",
            "properties.5.name": "Email",
            "properties.5.title": "Email",
            "properties.5.type": "string",
            "properties.6.default": "",
            "properties.6.name": "Phone Number",
            "properties.6.title": "Phone Number",
            "properties.6.type": "string",
            "properties.7.default": "",
            "properties.7.name": "Loan Amount",
            "properties.7.title": "Loan Amount",
            "properties.7.type": "string",
            "properties.8.default": "",
            "properties.8.name": "Solution Type",
            "properties.8.title": "Solution Type",
            "properties.8.type": "string",
            "properties.9.default": "",
            "properties.9.name": "AppointmentType",
            "properties.9.title": "AppointmentType",
            "properties.9.type": "string"
          },
          "sensitive_attributes": []
        }
      ]
    },
    {
      "mode": "managed",
      "type": "genesyscloud_architect_datatable",
      "name": "Cove_EmailLookupforChat",
      "provider": "provider[\"registry.terraform.io/-/genesyscloud\"]",
      "instances": [
        {
          "schema_version": 1,
          "attributes_flat": {
            "description": "",
            "division_id": "f267d1b7-dd0d-4b0c-97fe-d7cf3b6e85e7",
            "id": "3dc312e1-3ef9-4cc7-8e98-8bbb9e513871",
            "name": "Cove_EmailLookupforChat",
            "properties.#": "7",
            "properties.0.default": "",
            "properties.0.name": "key",
            "properties.0.title": "Chat.email",
            "properties.0.type": "string",
            "properties.1.default": "",
            "properties.1.name": "First Name",
            "properties.1.title": "First Name",
            "properties.1.type": "string",
            "properties.2.default": "",
            "properties.2.name": "Last Name",
            "properties.2.title": "Last Name",
            "properties.2.type": "string",
            "properties.3.default": "",
            "properties.3.name": "Email",
            "properties.3.title": "Email",
            "properties.3.type": "string",
            "properties.4.default": "",
            "properties.4.name": "Phone Number",
            "properties.4.title": "Phone Number",
            "properties.4.type": "string",
            "properties.5.default": "",
            "properties.5.name": "Account ID",
            "properties.5.title": "Account ID",
            "properties.5.type": "string",
            "properties.6.default": "",
            "properties.6.name": "Account Type",
            "properties.6.title": "Account Type",
            "properties.6.type": "string"
          },
          "sensitive_attributes": []
        }
      ]
    },
    {
      "mode": "managed",
      "type": "genesyscloud_architect_datatable",
      "name": "Dee-Mortgage_Table_242068208",
      "provider": "provider[\"registry.terraform.io/-/genesyscloud\"]",
      "instances": [
        {
          "schema_version": 1,
          "attributes_flat": {
            "description": "",
            "division_id": "f267d1b7-dd0d-4b0c-97fe-d7cf3b6e85e7",
            "id": "0b14d701-a09a-4d8a-95e1-d9f526471715",
            "name": "Dee-Mortgage Table",
            "properties.#": "8",
            "properties.0.default": "",
            "properties.0.name": "key",
            "properties.0.title": "call ani",
            "properties.0.type": "string",
            "properties.1.default": "tel: +3177606707",
            "properties.1.name": "Call Ani",
            "properties.1.title": "Call Ani",
            "properties.1.type": "string",
            "properties.2.default": "Mary Mack",
            "properties.2.name": "First Name",
            "properties.2.title": "Full Name",
            "properties.2.type": "string",
            "properties.3.default": "1245 North Main Street Speedway, In 46224",
            "properties.3.name": "Last Name",
            "properties.3.title": "Address",
            "properties.3.type": "string",
            "properties.4.default": "mackmar@abc.com",
            "properties.4.name": "Email Address",
            "properties.4.title": "Email Address",
            "properties.4.type": "string",
            "properties.5.default": "current",
            "properties.5.name": "Loan Status",
            "properties.5.title": "Loan Status",
            "properties.5.type": "string",
            "properties.6.default": "123458.2",
            "properties.6.name": "Account Balance_2",
            "properties.6.title": "Account Balance",
            "properties.6.type": "number",
            "properties.7.default": "7500.12",
            "properties.7.name": "Credit Limit",
            "properties.7.title": "Credit Limit",
            "properties.7.type": "number"
          },
          "sensitive_attributes": []
        }
      ]
    },
    {
      "mode": "managed",
      "type": "genesyscloud_architect_datatable",
      "name": "Dee-Routing_Logic_625766230",
      "provider": "provider[\"registry.terraform.io/-/genesyscloud\"]",
      "instances": [
        {
          "schema_version": 1,
          "attributes_flat": {
            "description": "",
            "division_id": "f267d1b7-dd0d-4b0c-97fe-d7cf3b6e85e7",
            "id": "eabd4326-ae71-43ae-a9e1-d52797fe9f8e",
            "name": "Dee-Routing Logic",
            "properties.#": "5",
            "properties.0.default": "",
            "properties.0.name": "key",
            "properties.0.title": "Routing order",
            "properties.0.type": "string",
            "properties.1.default": "",
            "properties.1.name": "State",
            "properties.1.title": "State",
            "properties.1.type": "string",
            "properties.2.default": "",
            "properties.2.name": "Queue",
            "properties.2.title": "Queue",
            "properties.2.type": "string",
            "properties.3.default": "",
            "properties.3.name": "MaxQueueSize",
            "properties.3.title": "MaxQueueSize",
            "properties.3.type": "integer",
            "properties.4.default": "",
            "properties.4.name": "CallersWaiting",
            "properties.4.title": "CallersWaiting",
            "properties.4.type": "integer"
          },
          "sensitive_attributes": []
        }
      ]
    },
    {
      "mode": "managed",
      "type": "genesyscloud_architect_datatable",
      "name": "Dee_Lookup_Table_2493352629",
      "provider": "provider[\"registry.terraform.io/-/genesyscloud\"]",
      "instances": [
        {
          "schema_version": 1,
          "attributes_flat": {
            "description": "",
            "division_id": "f267d1b7-dd0d-4b0c-97fe-d7cf3b6e85e7",
            "id": "3557789b-1d23-4e53-8be3-b0b62b3c943b",
            "name": "Dee Lookup Table",
            "properties.#": "19",
            "properties.0.default": "",
            "properties.0.name": "key",
            "properties.0.title": "Ani",
            "properties.0.type": "string",
            "properties.1.default": "",
            "properties.1.name": "Customer Type",
            "properties.1.title": "Customer Type",
            "properties.1.type": "string",
            "properties.10.default": "",
            "properties.10.name": "Local Pharmacy_1",
            "properties.10.title": "Local Pharmacy",
            "properties.10.type": "string",
            "properties.11.default": "",
            "properties.11.name": "Local Pharmacy Phone Number",
            "properties.11.title": "Local Pharmacy Phone Number",
            "properties.11.type": "string",
            "properties.12.default": "",
            "properties.12.name": "Notes",
            "properties.12.title": "Notes",
            "properties.12.type": "string",
            "properties.13.default": "",
            "properties.13.name": "Assigned Agent",
            "properties.13.title": "Assigned Agent",
            "properties.13.type": "string",
            "properties.14.default": "",
            "properties.14.name": "SSN",
            "properties.14.title": "SSN",
            "properties.14.type": "string",
            "properties.15.default": "",
            "properties.15.name": "DOB",
            "properties.15.title": "DOB",
            "properties.15.type": "string",
            "properties.16.default": "",
            "properties.16.name": "Account Number",
            "properties.16.title": "Account Number",
            "properties.16.type": "string",
            "properties.17.default": "",
            "properties.17.name": "Account Balance",
            "properties.17.title": "Account Balance",
            "properties.17.type": "string",
            "properties.18.default": "",
            "properties.18.name": "Email",
            "properties.18.title": "Email",
            "properties.18.type": "string",
            "properties.2.default": "",
            "properties.2.name": "First Name",
            "properties.2.title": "First Name",
            "properties.2.type": "string",
            "properties.3.default": "",
            "properties.3.name": "Last Name",
            "properties.3.title": "Last Name",
            "properties.3.type": "string",
            "properties.4.default": "",
            "properties.4.name": "Address",
            "properties.4.title": "Address",
            "properties.4.type": "string",
            "properties.5.default": "",
            "properties.5.name": "Patient ID",
            "properties.5.title": "Patient ID",
            "properties.5.type": "string",
            "properties.6.default": "",
            "properties.6.name": "City",
            "properties.6.title": "City",
            "properties.6.type": "string",
            "properties.7.default": "",
            "properties.7.name": "State",
            "properties.7.title": "State",
            "properties.7.type": "string",
            "properties.8.default": "",
            "properties.8.name": "Zip Code",
            "properties.8.title": "Zip Code",
            "properties.8.type": "string",
            "properties.9.default": "",
            "properties.9.name": "Insurance Provider",
            "properties.9.title": "Insurance Provider",
            "properties.9.type": "string"
          },
          "sensitive_attributes": []
        }
      ]
    },
    {
      "mode": "managed",
      "type": "genesyscloud_architect_datatable",
      "name": "Eventus_Broadcast_Message_Demo_-_Travis_3620058292",
      "provider": "provider[\"registry.terraform.io/-/genesyscloud\"]",
      "instances": [
        {
          "schema_version": 1,
          "attributes_flat": {
            "description": "can delete after 12/20",
            "division_id": "f267d1b7-dd0d-4b0c-97fe-d7cf3b6e85e7",
            "id": "9f1a7dc7-bf5d-46bb-b303-65586480bedf",
            "name": "Eventus Broadcast Message Demo - Travis",
            "properties.#": "3",
            "properties.0.default": "",
            "properties.0.name": "key",
            "properties.0.title": "Broadcast Message",
            "properties.0.type": "string",
            "properties.1.default": "",
            "properties.1.name": "PromptName",
            "properties.1.title": "PromptName",
            "properties.1.type": "string",
            "properties.2.default": "",
            "properties.2.name": "Expire",
            "properties.2.title": "Expire",
            "properties.2.type": "string"
          },
          "sensitive_attributes": []
        }
      ]
    },
    {
      "mode": "managed",
      "type": "genesyscloud_architect_datatable",
      "name": "Foy_Data_3026780831",
      "provider": "provider[\"registry.terraform.io/-/genesyscloud\"]",
      "instances": [
        {
          "schema_version": 1,
          "attributes_flat": {
            "description": "",
            "division_id": "f267d1b7-dd0d-4b0c-97fe-d7cf3b6e85e7",
            "id": "5b290504-a9b3-4a7f-9bc7-eb2cb8a77f13",
            "name": "Foy Data",
            "properties.#": "3",
            "properties.0.default": "",
            "properties.0.name": "key",
            "properties.0.title": "ANI",
            "properties.0.type": "string",
            "properties.1.default": "",
            "properties.1.name": "Name",
            "properties.1.title": "First Name",
            "properties.1.type": "string",
            "properties.2.default": "",
            "properties.2.name": "Phone Number",
            "properties.2.title": "Last Name",
            "properties.2.type": "string"
          },
          "sensitive_attributes": []
        }
      ]
    },
    {
      "mode": "managed",
      "type": "genesyscloud_architect_datatable",
      "name": "Mariah_Breeze_243575444",
      "provider": "provider[\"registry.terraform.io/-/genesyscloud\"]",
      "instances": [
        {
          "schema_version": 1,
          "attributes_flat": {
            "description": "",
            "division_id": "f267d1b7-dd0d-4b0c-97fe-d7cf3b6e85e7",
            "id": "adfdb7f8-505e-499e-9a4f-c645ebe1aa13",
            "name": "Mariah Breeze",
            "properties.#": "9",
            "properties.0.default": "",
            "properties.0.name": "key",
            "properties.0.title": "Call.Ani",
            "properties.0.type": "string",
            "properties.1.default": "",
            "properties.1.name": "First Name",
            "properties.1.title": "First Name",
            "properties.1.type": "string",
            "properties.2.default": "",
            "properties.2.name": "Last Name",
            "properties.2.title": "Last Name",
            "properties.2.type": "string",
            "properties.3.default": "",
            "properties.3.name": "Account Number",
            "properties.3.title": "Account Number",
            "properties.3.type": "string",
            "properties.4.default": "",
            "properties.4.name": "Email",
            "properties.4.title": "Email",
            "properties.4.type": "string",
            "properties.5.default": "",
            "properties.5.name": "Amount",
            "properties.5.title": "Amount",
            "properties.5.type": "string",
            "properties.6.default": "",
            "properties.6.name": "Appointment Type",
            "properties.6.title": "Appointment Type",
            "properties.6.type": "string",
            "properties.7.default": "",
            "properties.7.name": "Appointment Date",
            "properties.7.title": "Appointment Date",
            "properties.7.type": "string",
            "properties.8.default": "",
            "properties.8.name": "Appointment Time",
            "properties.8.title": "Appointment Time",
            "properties.8.type": "string"
          },
          "sensitive_attributes": []
        }
      ]
    },
    {
      "mode": "managed",
      "type": "genesyscloud_architect_datatable",
      "name": "Mariah_s_Custom_Data_Table_3965510126",
      "provider": "provider[\"registry.terraform.io/-/genesyscloud\"]",
      "instances": [
        {
          "schema_version": 1,
          "attributes_flat": {
            "description": "",
            "division_id": "f267d1b7-dd0d-4b0c-97fe-d7cf3b6e85e7",
            "id": "7ffcb57b-c353-4060-8df9-093efa9b4b56",
            "name": "Mariah's Custom Data Table",
            "properties.#": "12",
            "properties.0.default": "",
            "properties.0.name": "key",
            "properties.0.title": "Custom Script",
            "properties.0.type": "string",
            "properties.1.default": "",
            "properties.1.name": "CustomScript",
            "properties.1.title": "CustomScript",
            "properties.1.type": "string",
            "properties.10.default": "true",
            "properties.10.name": "SearchField",
            "properties.10.title": "SearchField",
            "properties.10.type": "boolean",
            "properties.11.default": "",
            "properties.11.name": "SearchString",
            "properties.11.title": "SearchString",
            "properties.11.type": "string",
            "properties.2.default": "",
            "properties.2.name": "CompanyName",
            "properties.2.title": "CompanyName",
            "properties.2.type": "string",
            "properties.3.default": "",
            "properties.3.name": "EmbeddedLogo",
            "properties.3.title": "EmbeddedLogo",
            "properties.3.type": "string",
            "properties.4.default": "",
            "properties.4.name": "EmbeddedURL",
            "properties.4.title": "EmbeddedURL",
            "properties.4.type": "string",
            "properties.5.default": "",
            "properties.5.name": "SitePopURL",
            "properties.5.title": "SitePopURL",
            "properties.5.type": "string",
            "properties.6.default": "",
            "properties.6.name": "BackgroundColor",
            "properties.6.title": "BackgroundColor",
            "properties.6.type": "string",
            "properties.7.default": "",
            "properties.7.name": "AgentColor",
            "properties.7.title": "AgentColor",
            "properties.7.type": "string",
            "properties.8.default": "",
            "properties.8.name": "DepartmentName",
            "properties.8.title": "DepartmentName",
            "properties.8.type": "string",
            "properties.9.default": "",
            "properties.9.name": "SecurePageTitle",
            "properties.9.title": "SecurePageTitle",
            "properties.9.type": "string"
          },
          "sensitive_attributes": []
        }
      ]
    },
    {
      "mode": "managed",
      "type": "genesyscloud_architect_datatable",
      "name": "Master_Flow_Data_Table_Example_4274812477",
      "provider": "provider[\"registry.terraform.io/-/genesyscloud\"]",
      "instances": [
        {
          "schema_version": 1,
          "attributes_flat": {
            "description": "",
            "division_id": "f267d1b7-dd0d-4b0c-97fe-d7cf3b6e85e7",
            "id": "31dc1e0e-3141-4004-bbae-f90f2ea6592d",
            "name": "Master Flow Data Table Example",
            "properties.#": "2",
            "properties.0.default": "",
            "properties.0.name": "key",
            "properties.0.title": "DNIS",
            "properties.0.type": "string",
            "properties.1.default": "",
            "properties.1.name": "Sub Flow",
            "properties.1.title": "Sub Flow",
            "properties.1.type": "string"
          },
          "sensitive_attributes": []
        }
      ]
    },
    {
      "mode": "managed",
      "type": "genesyscloud_architect_datatable",
      "name": "Mat_-_Snohomish_-_Do_not_delete_2860258438",
      "provider": "provider[\"registry.terraform.io/-/genesyscloud\"]",
      "instances": [
        {
          "schema_version": 1,
          "attributes_flat": {
            "description": "",
            "division_id": "f267d1b7-dd0d-4b0c-97fe-d7cf3b6e85e7",
            "id": "5f49852e-8d7a-45f5-82c2-98c96474d3f8",
            "name": "Mat - Snohomish - Do not delete",
            "properties.#": "3",
            "properties.0.default": "",
            "properties.0.name": "key",
            "properties.0.title": "static",
            "properties.0.type": "string",
            "properties.1.default": "",
            "properties.1.name": "expiration date",
            "properties.1.title": "expiration date",
            "properties.1.type": "string",
            "properties.2.default": "",
            "properties.2.name": "prompt",
            "properties.2.title": "prompt",
            "properties.2.type": "string"
          },
          "sensitive_attributes": []
        }
      ]
    },
    {
      "mode": "managed",
      "type": "genesyscloud_architect_datatable",
      "name": "Mat_-_Test_2106598336",
      "provider": "provider[\"registry.terraform.io/-/genesyscloud\"]",
      "instances": [
        {
          "schema_version": 1,
          "attributes_flat": {
            "description": "",
            "division_id": "f267d1b7-dd0d-4b0c-97fe-d7cf3b6e85e7",
            "id": "1c81eac3-31de-443d-a9f3-06819fc48583",
            "name": "Mat - Test",
            "properties.#": "11",
            "properties.0.default": "",
            "properties.0.name": "key",
            "properties.0.title": "DNIS",
            "properties.0.type": "string",
            "properties.1.default": "",
            "properties.1.name": "Client Name_1",
            "properties.1.title": "Client Name",
            "properties.1.type": "string",
            "properties.10.default": "",
            "properties.10.name": "Text Colors",
            "properties.10.title": "Text Colors",
            "properties.10.type": "string",
            "properties.2.default": "",
            "properties.2.name": "Client Logo",
            "properties.2.title": "Client Logo",
            "properties.2.type": "string",
            "properties.3.default": "",
            "properties.3.name": "Client Address",
            "properties.3.title": "Client Address",
            "properties.3.type": "string",
            "properties.4.default": "",
            "properties.4.name": "Embedded Map",
            "properties.4.title": "Embedded Map",
            "properties.4.type": "string",
            "properties.5.default": "",
            "properties.5.name": "KB URL 1",
            "properties.5.title": "KB URL",
            "properties.5.type": "string",
            "properties.6.default": "",
            "properties.6.name": "KB URL 2",
            "properties.6.title": "Colors",
            "properties.6.type": "string",
            "properties.7.default": "",
            "properties.7.name": "KbButtonDisplay",
            "properties.7.title": "KbButtonDisplay",
            "properties.7.type": "string",
            "properties.8.default": "",
            "properties.8.name": "Order Status",
            "properties.8.title": "Order Status",
            "properties.8.type": "string",
            "properties.9.default": "",
            "properties.9.name": "Order Disposition",
            "properties.9.title": "Order Disposition",
            "properties.9.type": "string"
          },
          "sensitive_attributes": []
        }
      ]
    },
    {
      "mode": "managed",
      "type": "genesyscloud_architect_datatable",
      "name": "Nicole_-_What_script_am_I_using_today_1912620993",
      "provider": "provider[\"registry.terraform.io/-/genesyscloud\"]",
      "instances": [
        {
          "schema_version": 1,
          "attributes_flat": {
            "description": "",
            "division_id": "f267d1b7-dd0d-4b0c-97fe-d7cf3b6e85e7",
            "id": "efdfe2a4-dd6c-4a75-ac73-c3e5eddc9231",
            "name": "Nicole - What script am I using today",
            "properties.#": "2",
            "properties.0.default": "",
            "properties.0.name": "key",
            "properties.0.title": "Script",
            "properties.0.type": "string",
            "properties.1.default": "",
            "properties.1.name": "Number",
            "properties.1.title": "Number",
            "properties.1.type": "string"
          },
          "sensitive_attributes": []
        }
      ]
    },
    {
      "mode": "managed",
      "type": "genesyscloud_architect_datatable",
      "name": "Nicole_Callforce_2949354924",
      "provider": "provider[\"registry.terraform.io/-/genesyscloud\"]",
      "instances": [
        {
          "schema_version": 1,
          "attributes_flat": {
            "description": "",
            "division_id": "f267d1b7-dd0d-4b0c-97fe-d7cf3b6e85e7",
            "id": "6a96a0f9-1793-4b60-9185-475937b5156f",
            "name": "Nicole Callforce",
            "properties.#": "6",
            "properties.0.default": "",
            "properties.0.name": "key",
            "properties.0.title": "DID",
            "properties.0.type": "string",
            "properties.1.default": "",
            "properties.1.name": "Number Dialed",
            "properties.1.title": "Number Dialed",
            "properties.1.type": "string",
            "properties.2.default": "",
            "properties.2.name": "Dental Office Name",
            "properties.2.title": "Dental Office Name",
            "properties.2.type": "string",
            "properties.3.default": "",
            "properties.3.name": "Website",
            "properties.3.title": "Website",
            "properties.3.type": "string",
            "properties.4.default": "",
            "properties.4.name": "Address",
            "properties.4.title": "Address",
            "properties.4.type": "string",
            "properties.5.default": "",
            "properties.5.name": "Patient Name",
            "properties.5.title": "Patient Name",
            "properties.5.type": "string"
          },
          "sensitive_attributes": []
        }
      ]
    },
    {
      "mode": "managed",
      "type": "genesyscloud_architect_datatable",
      "name": "Nicole_Scripts_3635361117",
      "provider": "provider[\"registry.terraform.io/-/genesyscloud\"]",
      "instances": [
        {
          "schema_version": 1,
          "attributes_flat": {
            "description": "",
            "division_id": "f267d1b7-dd0d-4b0c-97fe-d7cf3b6e85e7",
            "id": "cf97f5b3-be95-4f1a-a885-61da8f364f7a",
            "name": "Nicole Scripts",
            "properties.#": "8",
            "properties.0.default": "",
            "properties.0.name": "key",
            "properties.0.title": "Script Number",
            "properties.0.type": "string",
            "properties.1.default": "",
            "properties.1.name": "Logo",
            "properties.1.title": "Logo",
            "properties.1.type": "string",
            "properties.2.default": "",
            "properties.2.name": "Company Name",
            "properties.2.title": "Company Name",
            "properties.2.type": "string",
            "properties.3.default": "",
            "properties.3.name": "Website_1",
            "properties.3.title": "Website",
            "properties.3.type": "string",
            "properties.4.default": "",
            "properties.4.name": "Use case text",
            "properties.4.title": "Use case text",
            "properties.4.type": "string",
            "properties.5.default": "",
            "properties.5.name": "Queue",
            "properties.5.title": "Queue",
            "properties.5.type": "string",
            "properties.6.default": "",
            "properties.6.name": "Background color",
            "properties.6.title": "Background color",
            "properties.6.type": "string",
            "properties.7.default": "rgb(209,209,209)",
            "properties.7.name": "Accent color",
            "properties.7.title": "Accent color",
            "properties.7.type": "string"
          },
          "sensitive_attributes": []
        }
      ]
    },
    {
      "mode": "managed",
      "type": "genesyscloud_architect_datatable",
      "name": "Patrizio_Simple_Data_Table_1176703193",
      "provider": "provider[\"registry.terraform.io/-/genesyscloud\"]",
      "instances": [
        {
          "schema_version": 1,
          "attributes_flat": {
            "description": "",
            "division_id": "f267d1b7-dd0d-4b0c-97fe-d7cf3b6e85e7",
            "id": "93d50836-3ae6-487c-bc62-f4456cf36785",
            "name": "Patrizio Simple Data Table",
            "properties.#": "8",
            "properties.0.default": "",
            "properties.0.name": "key",
            "properties.0.title": "Account Number",
            "properties.0.type": "string",
            "properties.1.default": "",
            "properties.1.name": "first name",
            "properties.1.title": "first name",
            "properties.1.type": "string",
            "properties.2.default": "",
            "properties.2.name": "Last name",
            "properties.2.title": "Last name",
            "properties.2.type": "string",
            "properties.3.default": "",
            "properties.3.name": "Phone number",
            "properties.3.title": "Phone number",
            "properties.3.type": "string",
            "properties.4.default": "",
            "properties.4.name": "Balance",
            "properties.4.title": "Balance",
            "properties.4.type": "string",
            "properties.5.default": "",
            "properties.5.name": "Order number",
            "properties.5.title": "Order number",
            "properties.5.type": "string",
            "properties.6.default": "",
            "properties.6.name": "last four of credit card",
            "properties.6.title": "last four of credit card",
            "properties.6.type": "string",
            "properties.7.default": "",
            "properties.7.name": "shipping status",
            "properties.7.title": "shipping status",
            "properties.7.type": "string"
          },
          "sensitive_attributes": []
        }
      ]
    },
    {
      "mode": "managed",
      "type": "genesyscloud_architect_datatable",
      "name": "Ryan_Data_Table_4224134621",
      "provider": "provider[\"registry.terraform.io/-/genesyscloud\"]",
      "instances": [
        {
          "schema_version": 1,
          "attributes_flat": {
            "description": "",
            "division_id": "f267d1b7-dd0d-4b0c-97fe-d7cf3b6e85e7",
            "id": "73b61523-79b3-43b4-851a-8e3f26ccef8a",
            "name": "Ryan Data Table",
            "properties.#": "9",
            "properties.0.default": "",
            "properties.0.name": "key",
            "properties.0.title": "Phone Number",
            "properties.0.type": "string",
            "properties.1.default": "",
            "properties.1.name": "Location",
            "properties.1.title": "Province",
            "properties.1.type": "string",
            "properties.2.default": "Bronze",
            "properties.2.name": "Loyalty Division",
            "properties.2.title": "City",
            "properties.2.type": "string",
            "properties.3.default": "",
            "properties.3.name": "Email",
            "properties.3.title": "Email",
            "properties.3.type": "string",
            "properties.4.default": "",
            "properties.4.name": "Queue",
            "properties.4.title": "Queue",
            "properties.4.type": "string",
            "properties.5.default": "",
            "properties.5.name": "Name",
            "properties.5.title": "Name",
            "properties.5.type": "string",
            "properties.6.default": "",
            "properties.6.name": "Loyalty Points",
            "properties.6.title": "Contact_Latitude",
            "properties.6.type": "integer",
            "properties.7.default": "",
            "properties.7.name": "Contact_Longitude",
            "properties.7.title": "Contact_Longitude",
            "properties.7.type": "string",
            "properties.8.default": "",
            "properties.8.name": "Contact_Latitude2",
            "properties.8.title": "Contact_Latitude2",
            "properties.8.type": "string"
          },
          "sensitive_attributes": []
        }
      ]
    },
    {
      "mode": "managed",
      "type": "genesyscloud_architect_datatable",
      "name": "Ryan_Script_Data_Table_3487352132",
      "provider": "provider[\"registry.terraform.io/-/genesyscloud\"]",
      "instances": [
        {
          "schema_version": 1,
          "attributes_flat": {
            "description": "",
            "division_id": "f267d1b7-dd0d-4b0c-97fe-d7cf3b6e85e7",
            "id": "48b6a81f-0d7a-4925-872d-957bd6a02e49",
            "name": "Ryan Script Data Table",
            "properties.#": "8",
            "properties.0.default": "",
            "properties.0.name": "key",
            "properties.0.title": "customer select",
            "properties.0.type": "string",
            "properties.1.default": "",
            "properties.1.name": "Company Name",
            "properties.1.title": "Company Name",
            "properties.1.type": "string",
            "properties.2.default": "",
            "properties.2.name": "Company Logo",
            "properties.2.title": "Company Logo",
            "properties.2.type": "string",
            "properties.3.default": "",
            "properties.3.name": "Company Website",
            "properties.3.title": "Company Website button",
            "properties.3.type": "string",
            "properties.4.default": "",
            "properties.4.name": "Company Color 1",
            "properties.4.title": "Company Color 1",
            "properties.4.type": "string",
            "properties.5.default": "",
            "properties.5.name": "Company Color 2",
            "properties.5.title": "Company Color 2",
            "properties.5.type": "string",
            "properties.6.default": "",
            "properties.6.name": "Embedded Website",
            "properties.6.title": "Embedded Website",
            "properties.6.type": "string",
            "properties.7.default": "",
            "properties.7.name": "ButtonColor",
            "properties.7.title": "ButtonColor",
            "properties.7.type": "string"
          },
          "sensitive_attributes": []
        }
      ]
    },
    {
      "mode": "managed",
      "type": "genesyscloud_architect_datatable",
      "name": "SRA_Intern_Demos_3891349845",
      "provider": "provider[\"registry.terraform.io/-/genesyscloud\"]",
      "instances": [
        {
          "schema_version": 1,
          "attributes_flat": {
            "description": "",
            "division_id": "f267d1b7-dd0d-4b0c-97fe-d7cf3b6e85e7",
            "id": "c154b43a-a3b3-4c0d-abd7-318dfd4f934f",
            "name": "SRA Intern Demos",
            "properties.#": "4",
            "properties.0.default": "",
            "properties.0.name": "key",
            "properties.0.title": "Customer Account Number",
            "properties.0.type": "string",
            "properties.1.default": "",
            "properties.1.name": "CustomerName",
            "properties.1.title": "CustomerName",
            "properties.1.type": "string",
            "properties.2.default": "",
            "properties.2.name": "CustomerPhone",
            "properties.2.title": "CustomerPhone",
            "properties.2.type": "string",
            "properties.3.default": "",
            "properties.3.name": "AccountBalance",
            "properties.3.title": "AccountBalance",
            "properties.3.type": "string"
          },
          "sensitive_attributes": []
        }
      ]
    },
    {
      "mode": "managed",
      "type": "genesyscloud_architect_datatable",
      "name": "Sam_A_CapitalOne_2490407720",
      "provider": "provider[\"registry.terraform.io/-/genesyscloud\"]",
      "instances": [
        {
          "schema_version": 1,
          "attributes_flat": {
            "description": "",
            "division_id": "f267d1b7-dd0d-4b0c-97fe-d7cf3b6e85e7",
            "id": "cd85d1ca-997f-4ee3-bf04-bc12e8eedb75",
            "name": "Sam.A_CapitalOne",
            "properties.#": "4",
            "properties.0.default": "",
            "properties.0.name": "key",
            "properties.0.title": "CustomerPhone",
            "properties.0.type": "string",
            "properties.1.default": "",
            "properties.1.name": "CustomerName",
            "properties.1.title": "CustomerName",
            "properties.1.type": "string",
            "properties.2.default": "0",
            "properties.2.name": "AccountBal",
            "properties.2.title": "AccountBal",
            "properties.2.type": "number",
            "properties.3.default": "",
            "properties.3.name": "CustomerEmail",
            "properties.3.title": "CustomerEmail",
            "properties.3.type": "string"
          },
          "sensitive_attributes": []
        }
      ]
    },
    {
      "mode": "managed",
      "type": "genesyscloud_architect_datatable",
      "name": "Sam_s_data_table_3423880004",
      "provider": "provider[\"registry.terraform.io/-/genesyscloud\"]",
      "instances": [
        {
          "schema_version": 1,
          "attributes_flat": {
            "description": "",
            "division_id": "f267d1b7-dd0d-4b0c-97fe-d7cf3b6e85e7",
            "id": "cf969454-8f1e-4bfb-be09-3488e52f50e7",
            "name": "Sam's data table",
            "properties.#": "18",
            "properties.0.default": "",
            "properties.0.name": "key",
            "properties.0.title": "Ani",
            "properties.0.type": "string",
            "properties.1.default": "",
            "properties.1.name": "First Name",
            "properties.1.title": "First Name",
            "properties.1.type": "string",
            "properties.10.default": "XXX-XX-XXXX",
            "properties.10.name": "SSN",
            "properties.10.title": "SSN",
            "properties.10.type": "string",
            "properties.11.default": "N/A",
            "properties.11.name": "Provider",
            "properties.11.title": "Provider",
            "properties.11.type": "string",
            "properties.12.default": "",
            "properties.12.name": "DoB",
            "properties.12.title": "DoB",
            "properties.12.type": "string",
            "properties.13.default": "Electric",
            "properties.13.name": "Fuel Type",
            "properties.13.title": "Fuel Type",
            "properties.13.type": "string",
            "properties.14.default": "1",
            "properties.14.name": "Home_ID",
            "properties.14.title": "Home_ID",
            "properties.14.type": "string",
            "properties.15.default": "",
            "properties.15.name": "Routing Number",
            "properties.15.title": "Routing Number",
            "properties.15.type": "string",
            "properties.16.default": "",
            "properties.16.name": "Balance",
            "properties.16.title": "Balance",
            "properties.16.type": "string",
            "properties.17.default": "",
            "properties.17.name": "ZipCode",
            "properties.17.title": "ZipCode",
            "properties.17.type": "string",
            "properties.2.default": "false",
            "properties.2.name": "Made Purchase",
            "properties.2.title": "Made Purchase",
            "properties.2.type": "boolean",
            "properties.3.default": "",
            "properties.3.name": "Last Name",
            "properties.3.title": "Last Name",
            "properties.3.type": "string",
            "properties.4.default": "1",
            "properties.4.name": "Account Number",
            "properties.4.title": "Account Number",
            "properties.4.type": "string",
            "properties.5.default": "",
            "properties.5.name": "Address",
            "properties.5.title": "Address",
            "properties.5.type": "string",
            "properties.6.default": "",
            "properties.6.name": "City",
            "properties.6.title": "City",
            "properties.6.type": "string",
            "properties.7.default": "",
            "properties.7.name": "State",
            "properties.7.title": "State",
            "properties.7.type": "string",
            "properties.8.default": "",
            "properties.8.name": "Company Logo",
            "properties.8.title": "Company Logo",
            "properties.8.type": "string",
            "properties.9.default": "",
            "properties.9.name": "Passcode",
            "properties.9.title": "Passcode",
            "properties.9.type": "string"
          },
          "sensitive_attributes": []
        }
      ]
    },
    {
      "mode": "managed",
      "type": "genesyscloud_architect_datatable",
      "name": "Sarah_Cases_4078326517",
      "provider": "provider[\"registry.terraform.io/-/genesyscloud\"]",
      "instances": [
        {
          "schema_version": 1,
          "attributes_flat": {
            "description": "",
            "division_id": "f267d1b7-dd0d-4b0c-97fe-d7cf3b6e85e7",
            "id": "63a62f8f-9356-4659-9c18-e54b6cd9daec",
            "name": "Sarah Cases",
            "properties.#": "3",
            "properties.0.default": "",
            "properties.0.name": "key",
            "properties.0.title": "Cases",
            "properties.0.type": "string",
            "properties.1.default": "",
            "properties.1.name": "Case Number",
            "properties.1.title": "Case Number",
            "properties.1.type": "integer",
            "properties.2.default": "",
            "properties.2.name": "Name",
            "properties.2.title": "Name",
            "properties.2.type": "string"
          },
          "sensitive_attributes": []
        }
      ]
    },
    {
      "mode": "managed",
      "type": "genesyscloud_architect_datatable",
      "name": "Sarah_data",
      "provider": "provider[\"registry.terraform.io/-/genesyscloud\"]",
      "instances": [
        {
          "schema_version": 1,
          "attributes_flat": {
            "description": "",
            "division_id": "f267d1b7-dd0d-4b0c-97fe-d7cf3b6e85e7",
            "id": "bdf8898a-7767-4590-b2e7-d41885ce41a4",
            "name": "Sarah_data",
            "properties.#": "5",
            "properties.0.default": "",
            "properties.0.name": "key",
            "properties.0.title": "call.ani",
            "properties.0.type": "string",
            "properties.1.default": "",
            "properties.1.name": "first name",
            "properties.1.title": "firstname",
            "properties.1.type": "string",
            "properties.2.default": "",
            "properties.2.name": "last name",
            "properties.2.title": "lastname",
            "properties.2.type": "string",
            "properties.3.default": "",
            "properties.3.name": "email",
            "properties.3.title": "email",
            "properties.3.type": "string",
            "properties.4.default": "",
            "properties.4.name": "account number",
            "properties.4.title": "accountnumber",
            "properties.4.type": "string"
          },
          "sensitive_attributes": []
        }
      ]
    },
    {
      "mode": "managed",
      "type": "genesyscloud_architect_datatable",
      "name": "Shark_Tank_WFM_735799536",
      "provider": "provider[\"registry.terraform.io/-/genesyscloud\"]",
      "instances": [
        {
          "schema_version": 1,
          "attributes_flat": {
            "description": "don't delete",
            "division_id": "f267d1b7-dd0d-4b0c-97fe-d7cf3b6e85e7",
            "id": "11786e38-2f8a-4c6b-bf58-0ff0afdcae53",
            "name": "Shark Tank WFM",
            "properties.#": "7",
            "properties.0.default": "",
            "properties.0.name": "key",
            "properties.0.title": "Time UTC",
            "properties.0.type": "string",
            "properties.1.default": "",
            "properties.1.name": "Scheduled",
            "properties.1.title": "Scheduled",
            "properties.1.type": "string",
            "properties.2.default": "",
            "properties.2.name": "Forecast with shrinkage",
            "properties.2.title": "Forecast with shrinkage",
            "properties.2.type": "string",
            "properties.3.default": "",
            "properties.3.name": "Difference with shrinkage",
            "properties.3.title": "Difference with shrinkage",
            "properties.3.type": "string",
            "properties.4.default": "",
            "properties.4.name": "Forecast",
            "properties.4.title": "Forecast",
            "properties.4.type": "string",
            "properties.5.default": "",
            "properties.5.name": "Difference",
            "properties.5.title": "Difference",
            "properties.5.type": "string",
            "properties.6.default": "",
            "properties.6.name": "Time NewYork",
            "properties.6.title": "Time NewYork",
            "properties.6.type": "string"
          },
          "sensitive_attributes": []
        }
      ]
    },
    {
      "mode": "managed",
      "type": "genesyscloud_architect_datatable",
      "name": "Social_Media_Identifiers_3032549268",
      "provider": "provider[\"registry.terraform.io/-/genesyscloud\"]",
      "instances": [
        {
          "schema_version": 1,
          "attributes_flat": {
            "description": "use this to get the phone number associated with a social media profile",
            "division_id": "f267d1b7-dd0d-4b0c-97fe-d7cf3b6e85e7",
            "id": "7d4202ef-6976-4b12-8327-8f197f99148f",
            "name": "Social Media Identifiers",
            "properties.#": "2",
            "properties.0.default": "",
            "properties.0.name": "key",
            "properties.0.title": "Facebook Name",
            "properties.0.type": "string",
            "properties.1.default": "",
            "properties.1.name": "Phone Number",
            "properties.1.title": "Phone Number",
            "properties.1.type": "string"
          },
          "sensitive_attributes": []
        }
      ]
    },
    {
      "mode": "managed",
      "type": "genesyscloud_architect_datatable",
      "name": "TEP_-_Outage_Message_2028903687",
      "provider": "provider[\"registry.terraform.io/-/genesyscloud\"]",
      "instances": [
        {
          "schema_version": 1,
          "attributes_flat": {
            "description": "",
            "division_id": "f267d1b7-dd0d-4b0c-97fe-d7cf3b6e85e7",
            "id": "8019bcec-7da1-4d3b-88f2-17e4191bdb9f",
            "name": "TEP - Outage Message",
            "properties.#": "3",
            "properties.0.default": "",
            "properties.0.name": "key",
            "properties.0.title": "Location",
            "properties.0.type": "string",
            "properties.1.default": "No",
            "properties.1.name": "Outage_1",
            "properties.1.title": "Outage",
            "properties.1.type": "string",
            "properties.2.default": "",
            "properties.2.name": "Outage Message",
            "properties.2.title": "Outage Message",
            "properties.2.type": "string"
          },
          "sensitive_attributes": []
        }
      ]
    },
    {
      "mode": "managed",
      "type": "genesyscloud_architect_datatable",
      "name": "TJ_Agentless_collections_1817920208",
      "provider": "provider[\"registry.terraform.io/-/genesyscloud\"]",
      "instances": [
        {
          "schema_version": 1,
          "attributes_flat": {
            "description": "",
            "division_id": "f267d1b7-dd0d-4b0c-97fe-d7cf3b6e85e7",
            "id": "658e644c-07a9-4117-8f4f-b819ad37a788",
            "name": "TJ Agentless collections",
            "properties.#": "5",
            "properties.0.default": "",
            "properties.0.name": "key",
            "properties.0.title": "Account Number",
            "properties.0.type": "string",
            "properties.1.default": "",
            "properties.1.name": "First Name",
            "properties.1.title": "Customer Name",
            "properties.1.type": "string",
            "properties.2.default": "0",
            "properties.2.name": "Account Number",
            "properties.2.title": "Status",
            "properties.2.type": "string",
            "properties.3.default": "",
            "properties.3.name": "Current Bal",
            "properties.3.title": "Account Balance",
            "properties.3.type": "string",
            "properties.4.default": "",
            "properties.4.name": "Last Name",
            "properties.4.title": "Last Name",
            "properties.4.type": "string"
          },
          "sensitive_attributes": []
        }
      ]
    },
    {
      "mode": "managed",
      "type": "genesyscloud_architect_datatable",
      "name": "TJ_Call_Survey_3569054481",
      "provider": "provider[\"registry.terraform.io/-/genesyscloud\"]",
      "instances": [
        {
          "schema_version": 1,
          "attributes_flat": {
            "description": "For use in IVR survey ",
            "division_id": "f267d1b7-dd0d-4b0c-97fe-d7cf3b6e85e7",
            "id": "a8e0c98f-f7e1-4bda-8c01-4804ec9e1e00",
            "name": "TJ Call Survey",
            "properties.#": "4",
            "properties.0.default": "",
            "properties.0.name": "key",
            "properties.0.title": "ConversationID",
            "properties.0.type": "string",
            "properties.1.default": "",
            "properties.1.name": "Question 1",
            "properties.1.title": "Question1",
            "properties.1.type": "string",
            "properties.2.default": "",
            "properties.2.name": "Question 2",
            "properties.2.title": "Question2",
            "properties.2.type": "string",
            "properties.3.default": "",
            "properties.3.name": "Question 3",
            "properties.3.title": "Question3",
            "properties.3.type": "string"
          },
          "sensitive_attributes": []
        }
      ]
    },
    {
      "mode": "managed",
      "type": "genesyscloud_architect_datatable",
      "name": "TJ_Customer_data_map_API_9453488",
      "provider": "provider[\"registry.terraform.io/-/genesyscloud\"]",
      "instances": [
        {
          "schema_version": 1,
          "attributes_flat": {
            "description": "",
            "division_id": "f267d1b7-dd0d-4b0c-97fe-d7cf3b6e85e7",
            "id": "90c24d8c-7c62-419a-a871-dcea01fc2491",
            "name": "TJ Customer data map/API",
            "properties.#": "8",
            "properties.0.default": "",
            "properties.0.name": "key",
            "properties.0.title": "Phone number",
            "properties.0.type": "string",
            "properties.1.default": "",
            "properties.1.name": "State",
            "properties.1.title": "State",
            "properties.1.type": "string",
            "properties.2.default": "",
            "properties.2.name": "City",
            "properties.2.title": "City",
            "properties.2.type": "string",
            "properties.3.default": "",
            "properties.3.name": "Contact_Longitude",
            "properties.3.title": "Contact_Longitude",
            "properties.3.type": "string",
            "properties.4.default": "",
            "properties.4.name": "Contact_Latitude",
            "properties.4.title": "Contact_Latitude",
            "properties.4.type": "string",
            "properties.5.default": "",
            "properties.5.name": "Customer Name",
            "properties.5.title": "Customer Name",
            "properties.5.type": "string",
            "properties.6.default": "",
            "properties.6.name": "Address",
            "properties.6.title": "Address",
            "properties.6.type": "string",
            "properties.7.default": "",
            "properties.7.name": "customer Email",
            "properties.7.title": "customer Email",
            "properties.7.type": "string"
          },
          "sensitive_attributes": []
        }
      ]
    },
    {
      "mode": "managed",
      "type": "genesyscloud_architect_datatable",
      "name": "TJ_Multi_Script_data_3918708967",
      "provider": "provider[\"registry.terraform.io/-/genesyscloud\"]",
      "instances": [
        {
          "schema_version": 1,
          "attributes_flat": {
            "description": "",
            "division_id": "f267d1b7-dd0d-4b0c-97fe-d7cf3b6e85e7",
            "id": "93824447-48b5-4fdf-b809-feb6fd600dcf",
            "name": "TJ Multi Script data",
            "properties.#": "8",
            "properties.0.default": "",
            "properties.0.name": "key",
            "properties.0.title": "company select",
            "properties.0.type": "string",
            "properties.1.default": "",
            "properties.1.name": "Company Name",
            "properties.1.title": "Company Name",
            "properties.1.type": "string",
            "properties.2.default": "",
            "properties.2.name": "Company Logo",
            "properties.2.title": "Company Logo",
            "properties.2.type": "string",
            "properties.3.default": "",
            "properties.3.name": "Company Website Button",
            "properties.3.title": "Company Website Button",
            "properties.3.type": "string",
            "properties.4.default": "",
            "properties.4.name": "Company Color 1",
            "properties.4.title": "Company Color 1",
            "properties.4.type": "string",
            "properties.5.default": "",
            "properties.5.name": "Company Color 2",
            "properties.5.title": "Company Color 2",
            "properties.5.type": "string",
            "properties.6.default": "",
            "properties.6.name": "Embedded Website",
            "properties.6.title": "Embedded Website",
            "properties.6.type": "string",
            "properties.7.default": "",
            "properties.7.name": "Button Color",
            "properties.7.title": "Button Color",
            "properties.7.type": "string"
          },
          "sensitive_attributes": []
        }
      ]
    },
    {
      "mode": "managed",
      "type": "genesyscloud_architect_datatable",
      "name": "TJ_Sandbox_Data_2553335142",
      "provider": "provider[\"registry.terraform.io/-/genesyscloud\"]",
      "instances": [
        {
          "schema_version": 1,
          "attributes_flat": {
            "description": "",
            "division_id": "f267d1b7-dd0d-4b0c-97fe-d7cf3b6e85e7",
            "id": "5f0e66ee-2824-4a6f-a2c2-c313dbdc1c32",
            "name": "TJ Sandbox Data",
            "properties.#": "4",
            "properties.0.default": "",
            "properties.0.name": "key",
            "properties.0.title": "Phone number",
            "properties.0.type": "string",
            "properties.1.default": "",
            "properties.1.name": "Email",
            "properties.1.title": "Email",
            "properties.1.type": "string",
            "properties.2.default": "",
            "properties.2.name": "Name",
            "properties.2.title": "Name",
            "properties.2.type": "string",
            "properties.3.default": "",
            "properties.3.name": "Queue",
            "properties.3.title": "Queue",
            "properties.3.type": "string"
          },
          "sensitive_attributes": []
        }
      ]
    },
    {
      "mode": "managed",
      "type": "genesyscloud_architect_datatable",
      "name": "Travis_Default_Demo_2060598338",
      "provider": "provider[\"registry.terraform.io/-/genesyscloud\"]",
      "instances": [
        {
          "schema_version": 1,
          "attributes_flat": {
            "description": "",
            "division_id": "f267d1b7-dd0d-4b0c-97fe-d7cf3b6e85e7",
            "id": "f990c923-a996-4740-9633-4bd1fcdf43ec",
            "name": "Travis Default Demo",
            "properties.#": "10",
            "properties.0.default": "",
            "properties.0.name": "key",
            "properties.0.title": "Phone Number",
            "properties.0.type": "string",
            "properties.1.default": "Genesys",
            "properties.1.name": "Company Name",
            "properties.1.title": "Company Name",
            "properties.1.type": "string",
            "properties.2.default": "12345",
            "properties.2.name": "Account Number",
            "properties.2.title": "Account Number",
            "properties.2.type": "string",
            "properties.3.default": "",
            "properties.3.name": "Account Balance",
            "properties.3.title": "Account Balance",
            "properties.3.type": "string",
            "properties.4.default": "",
            "properties.4.name": "CustomImageURL",
            "properties.4.title": "CustomImageURL",
            "properties.4.type": "string",
            "properties.5.default": "",
            "properties.5.name": "Custom Script Header",
            "properties.5.title": "Custom Script Header",
            "properties.5.type": "string",
            "properties.6.default": "",
            "properties.6.name": "CustomButtonURL",
            "properties.6.title": "CustomButtonURL",
            "properties.6.type": "string",
            "properties.7.default": "",
            "properties.7.name": "CustomColor",
            "properties.7.title": "CustomColor",
            "properties.7.type": "string",
            "properties.8.default": "",
            "properties.8.name": "CustomEmbeddedWebURL",
            "properties.8.title": "CustomEmbeddedWebURL",
            "properties.8.type": "string",
            "properties.9.default": "",
            "properties.9.name": "CRM Description",
            "properties.9.title": "CRM Description",
            "properties.9.type": "string"
          },
          "sensitive_attributes": []
        }
      ]
    },
    {
      "mode": "managed",
      "type": "genesyscloud_architect_datatable",
      "name": "_SC13_Universal_Routing_Table_1955405881",
      "provider": "provider[\"registry.terraform.io/-/genesyscloud\"]",
      "instances": [
        {
          "schema_version": 1,
          "attributes_flat": {
            "description": "",
            "division_id": "f267d1b7-dd0d-4b0c-97fe-d7cf3b6e85e7",
            "id": "5cf83cee-f3b0-438c-8d66-84188a9813ef",
            "name": "!SC13 Universal Routing Table",
            "properties.#": "2",
            "properties.0.default": "",
            "properties.0.name": "key",
            "properties.0.title": "ANI",
            "properties.0.type": "string",
            "properties.1.default": "",
            "properties.1.name": "User",
            "properties.1.title": "User",
            "properties.1.type": "string"
          },
          "sensitive_attributes": []
        }
      ]
    },
    {
      "mode": "managed",
      "type": "genesyscloud_architect_datatable",
      "name": "mike_table_1192037979",
      "provider": "provider[\"registry.terraform.io/-/genesyscloud\"]",
      "instances": [
        {
          "schema_version": 1,
          "attributes_flat": {
            "description": "customer level type",
            "division_id": "f267d1b7-dd0d-4b0c-97fe-d7cf3b6e85e7",
            "id": "f7644bbf-cf0f-4428-ab8c-93777dd787b8",
            "name": "mike table",
            "properties.#": "2",
            "properties.0.default": "",
            "properties.0.name": "key",
            "properties.0.title": "account number",
            "properties.0.type": "string",
            "properties.1.default": "Gold",
            "properties.1.name": "Type",
            "properties.1.title": "Type",
            "properties.1.type": "string"
          },
          "sensitive_attributes": []
        }
      ]
    },
    {
      "mode": "managed",
      "type": "genesyscloud_architect_datatable",
      "name": "weather",
      "provider": "provider[\"registry.terraform.io/-/genesyscloud\"]",
      "instances": [
        {
          "schema_version": 1,
          "attributes_flat": {
            "description": "bad weather",
            "division_id": "f267d1b7-dd0d-4b0c-97fe-d7cf3b6e85e7",
            "id": "68c60914-4881-4463-b15a-42bb39af275f",
            "name": "weather",
            "properties.#": "3",
            "properties.0.default": "",
            "properties.0.name": "key",
            "properties.0.title": "snow",
            "properties.0.type": "string",
            "properties.1.default": "emergency",
            "properties.1.name": "emergency_1",
            "properties.1.title": "emergency",
            "properties.1.type": "string",
            "properties.2.default": "true",
            "properties.2.name": "oh no",
            "properties.2.title": "oh no",
            "properties.2.type": "boolean"
          },
          "sensitive_attributes": []
        }
      ]
    },
    {
      "mode": "managed",
      "type": "genesyscloud_user",
      "name": "JY_Newguy12345_yahoo_com_604395089",
      "provider": "provider[\"registry.terraform.io/-/genesyscloud\"]",
      "instances": [
        {
          "schema_version": 1,
          "attributes_flat": {
            "acd_auto_answer": "false",
            "addresses.#": "1",
            "addresses.0.other_emails.#": "0",
            "addresses.0.phone_numbers.#": "1",
            "addresses.0.phone_numbers.1202304186.extension": "",
            "addresses.0.phone_numbers.1202304186.media_type": "PHONE",
            "addresses.0.phone_numbers.1202304186.number": "+12344567890",
            "addresses.0.phone_numbers.1202304186.type": "WORK",
            "certifications.#": "0",
            "department": "",
            "division_id": "f267d1b7-dd0d-4b0c-97fe-d7cf3b6e85e7",
            "email": "JY.Newguy12345@yahoo.com",
            "employer_info.#": "0",
            "id": "da8df035-4cbe-49e7-a007-f3d3a40cb712",
            "locations.#": "0",
            "manager": "c3b75a37-4116-4e2c-880d-a55031fd27ac",
            "name": "JY Newguy",
            "profile_skills.#": "0",
            "routing_languages.#": "0",
            "routing_skills.#": "0",
            "routing_utilization.#": "0",
            "state": "active",
            "title": ""
          },
          "sensitive_attributes": []
        }
      ]
    },
    {
      "mode": "managed",
      "type": "genesyscloud_user",
      "name": "ahmed_jeffdunham_corn_3761427530",
      "provider": "provider[\"registry.terraform.io/-/genesyscloud\"]",
      "instances": [
        {
          "schema_version": 1,
          "attributes_flat": {
            "acd_auto_answer": "false",
            "addresses.#": "0",
            "certifications.#": "0",
            "department": "",
            "division_id": "f267d1b7-dd0d-4b0c-97fe-d7cf3b6e85e7",
            "email": "ahmed@jeffdunham.corn",
            "employer_info.#": "0",
            "id": "ea58729d-54de-4fcd-8852-6acfa2284490",
            "locations.#": "1",
            "locations.598367350.location_id": "934743ac-d3fd-4664-ac8b-16c0882e2e3e",
            "locations.598367350.notes": "",
            "manager": "",
            "name": "Ahmed Agent",
            "profile_skills.#": "0",
            "routing_languages.#": "2",
            "routing_languages.1700096782.language_id": "2a41a75e-69c1-4508-ae47-6acfd3957d2d",
            "routing_languages.1700096782.proficiency": "2",
            "routing_languages.2285267724.language_id": "13c81a13-2cf1-428e-ad6b-2ab8e57e5e28",
            "routing_languages.2285267724.proficiency": "4",
            "routing_skills.#": "2",
            "routing_skills.4111143146.proficiency": "0",
            "routing_skills.4111143146.skill_id": "fbef7bbd-3127-4087-bd31-288427104c9c",
            "routing_skills.512539561.proficiency": "3",
            "routing_skills.512539561.skill_id": "c6131e48-cec8-418b-8a35-14df272428c8",
            "routing_utilization.#": "0",
            "state": "active",
            "title": ""
          },
          "sensitive_attributes": []
        }
      ]
    },
    {
      "mode": "managed",
      "type": "genesyscloud_user",
      "name": "alex_anderson_test_com_2023661032",
      "provider": "provider[\"registry.terraform.io/-/genesyscloud\"]",
      "instances": [
        {
          "schema_version": 1,
          "attributes_flat": {
            "acd_auto_answer": "false",
            "addresses.#": "1",
            "addresses.0.other_emails.#": "0",
            "addresses.0.phone_numbers.#": "1",
            "addresses.0.phone_numbers.3993050115.extension": "111-111-1111",
            "addresses.0.phone_numbers.3993050115.media_type": "PHONE",
            "addresses.0.phone_numbers.3993050115.number": "",
            "addresses.0.phone_numbers.3993050115.type": "WORK",
            "certifications.#": "0",
            "department": "Administration",
            "division_id": "f267d1b7-dd0d-4b0c-97fe-d7cf3b6e85e7",
            "email": "alex.anderson@test.com",
            "employer_info.#": "0",
            "id": "32456692-95bb-4aa0-889e-a5c99910004a",
            "locations.#": "0",
            "manager": "",
            "name": "Alex Anderson",
            "profile_skills.#": "0",
            "routing_languages.#": "1",
            "routing_languages.2285267724.language_id": "13c81a13-2cf1-428e-ad6b-2ab8e57e5e28",
            "routing_languages.2285267724.proficiency": "4",
            "routing_skills.#": "0",
            "routing_utilization.#": "0",
            "state": "active",
            "title": ""
          },
          "sensitive_attributes": []
        }
      ]
    },
    {
      "mode": "managed",
      "type": "genesyscloud_user",
      "name": "alex_shively1_gmail_com_1050271219",
      "provider": "provider[\"registry.terraform.io/-/genesyscloud\"]",
      "instances": [
        {
          "schema_version": 1,
          "attributes_flat": {
            "acd_auto_answer": "false",
            "addresses.#": "0",
            "certifications.#": "0",
            "department": "",
            "division_id": "f267d1b7-dd0d-4b0c-97fe-d7cf3b6e85e7",
            "email": "alex.shively1@gmail.com",
            "employer_info.#": "0",
            "id": "9d29953e-5bef-4e87-ba74-1bbe7e25552d",
            "locations.#": "0",
            "manager": "",
            "name": "Alex Shively",
            "profile_skills.#": "0",
            "routing_languages.#": "0",
            "routing_skills.#": "0",
            "routing_utilization.#": "0",
            "state": "active",
            "title": ""
          },
          "sensitive_attributes": []
        }
      ]
    },
    {
      "mode": "managed",
      "type": "genesyscloud_user",
      "name": "andrew_pracht_genesyssc13_mypurecloud_com_294107210",
      "provider": "provider[\"registry.terraform.io/-/genesyscloud\"]",
      "instances": [
        {
          "schema_version": 1,
          "attributes_flat": {
            "acd_auto_answer": "false",
            "addresses.#": "1",
            "addresses.0.other_emails.#": "0",
            "addresses.0.phone_numbers.#": "1",
            "addresses.0.phone_numbers.1367329182.extension": "5000",
            "addresses.0.phone_numbers.1367329182.media_type": "PHONE",
            "addresses.0.phone_numbers.1367329182.number": "5000",
            "addresses.0.phone_numbers.1367329182.type": "WORK2",
            "certifications.#": "1",
            "certifications.359739430": "FINRA SIE",
            "department": "NA Associates",
            "division_id": "f267d1b7-dd0d-4b0c-97fe-d7cf3b6e85e7",
            "email": "andrew.pracht@genesyssc13.mypurecloud.com",
            "employer_info.#": "0",
            "id": "6465b222-21f2-4e48-8b89-1f230fd4627e",
            "locations.#": "1",
            "locations.4117695083.location_id": "bbb1e33d-7646-457c-a17e-4908285d00d3",
            "locations.4117695083.notes": "",
            "manager": "",
            "name": "Andrew Pracht",
            "profile_skills.#": "2",
            "profile_skills.3745462092": "Customer Service",
            "profile_skills.985378413": "Finance",
            "routing_languages.#": "0",
            "routing_skills.#": "0",
            "routing_utilization.#": "0",
            "state": "active",
            "title": "Solution Consultant Associate"
          },
          "sensitive_attributes": []
        }
      ]
    },
    {
      "mode": "managed",
      "type": "genesyscloud_user",
      "name": "asdasdads_mattest_com_1831606198",
      "provider": "provider[\"registry.terraform.io/-/genesyscloud\"]",
      "instances": [
        {
          "schema_version": 1,
          "attributes_flat": {
            "acd_auto_answer": "false",
            "addresses.#": "0",
            "certifications.#": "0",
            "department": "",
            "division_id": "f267d1b7-dd0d-4b0c-97fe-d7cf3b6e85e7",
            "email": "asdasdads@mattest.com",
            "employer_info.#": "0",
            "id": "865f601c-e7aa-4253-bfc9-9ddcb7f03d11",
            "locations.#": "0",
            "manager": "",
            "name": "qweqweqwe",
            "profile_skills.#": "0",
            "routing_languages.#": "0",
            "routing_skills.#": "0",
            "routing_utilization.#": "0",
            "state": "active",
            "title": ""
          },
          "sensitive_attributes": []
        }
      ]
    },
    {
      "mode": "managed",
      "type": "genesyscloud_user",
      "name": "asdf_yachoo_com_1589783613",
      "provider": "provider[\"registry.terraform.io/-/genesyscloud\"]",
      "instances": [
        {
          "schema_version": 1,
          "attributes_flat": {
            "acd_auto_answer": "false",
            "addresses.#": "0",
            "certifications.#": "0",
            "department": "",
            "division_id": "f267d1b7-dd0d-4b0c-97fe-d7cf3b6e85e7",
            "email": "asdf@yachoo.com",
            "employer_info.#": "0",
            "id": "96d90ee5-f353-4fb3-8420-fd30827b4306",
            "locations.#": "0",
            "manager": "",
            "name": "John Smith",
            "profile_skills.#": "0",
            "routing_languages.#": "1",
            "routing_languages.4154302428.language_id": "b5f0318d-2564-4202-9ed2-85f6eee62b21",
            "routing_languages.4154302428.proficiency": "0",
            "routing_skills.#": "0",
            "routing_utilization.#": "0",
            "state": "active",
            "title": ""
          },
          "sensitive_attributes": []
        }
      ]
    },
    {
      "mode": "managed",
      "type": "genesyscloud_user",
      "name": "betty_baker_test_com_1240724775",
      "provider": "provider[\"registry.terraform.io/-/genesyscloud\"]",
      "instances": [
        {
          "schema_version": 1,
          "attributes_flat": {
            "acd_auto_answer": "false",
            "addresses.#": "1",
            "addresses.0.other_emails.#": "0",
            "addresses.0.phone_numbers.#": "1",
            "addresses.0.phone_numbers.3026199395.extension": "111-111-1112",
            "addresses.0.phone_numbers.3026199395.media_type": "PHONE",
            "addresses.0.phone_numbers.3026199395.number": "",
            "addresses.0.phone_numbers.3026199395.type": "WORK",
            "certifications.#": "0",
            "department": "Billing",
            "division_id": "f267d1b7-dd0d-4b0c-97fe-d7cf3b6e85e7",
            "email": "betty.baker@test.com",
            "employer_info.#": "0",
            "id": "e4e5369a-363b-4263-b39f-7c792ad19340",
            "locations.#": "0",
            "manager": "",
            "name": "Betty Baker",
            "profile_skills.#": "0",
            "routing_languages.#": "1",
            "routing_languages.2285267724.language_id": "13c81a13-2cf1-428e-ad6b-2ab8e57e5e28",
            "routing_languages.2285267724.proficiency": "4",
            "routing_skills.#": "0",
            "routing_utilization.#": "0",
            "state": "active",
            "title": ""
          },
          "sensitive_attributes": []
        }
      ]
    },
    {
      "mode": "managed",
      "type": "genesyscloud_user",
      "name": "bob_summers_genesys_com_3518947177",
      "provider": "provider[\"registry.terraform.io/-/genesyscloud\"]",
      "instances": [
        {
          "schema_version": 1,
          "attributes_flat": {
            "acd_auto_answer": "false",
            "addresses.#": "0",
            "certifications.#": "0",
            "department": "",
            "division_id": "f267d1b7-dd0d-4b0c-97fe-d7cf3b6e85e7",
            "email": "bob.summers@genesys.com",
            "employer_info.#": "0",
            "id": "01267c4a-83ef-48aa-ac75-c052c7582f07",
            "locations.#": "0",
            "manager": "c9cc59dc-7818-4708-b614-b4a49bca26d2",
            "name": "Bob Summers",
            "profile_skills.#": "0",
            "routing_languages.#": "0",
            "routing_skills.#": "0",
            "routing_utilization.#": "0",
            "state": "active",
            "title": ""
          },
          "sensitive_attributes": []
        }
      ]
    },
    {
      "mode": "managed",
      "type": "genesyscloud_user",
      "name": "bobtheman_gmol_com_4230540843",
      "provider": "provider[\"registry.terraform.io/-/genesyscloud\"]",
      "instances": [
        {
          "schema_version": 1,
          "attributes_flat": {
            "acd_auto_answer": "false",
            "addresses.#": "0",
            "certifications.#": "0",
            "department": "",
            "division_id": "f267d1b7-dd0d-4b0c-97fe-d7cf3b6e85e7",
            "email": "bobtheman@gmol.com",
            "employer_info.#": "0",
            "id": "6ac59184-f22b-4c1f-a784-3ecf9b6a6079",
            "locations.#": "0",
            "manager": "",
            "name": "bobby bobson",
            "profile_skills.#": "0",
            "routing_languages.#": "0",
            "routing_skills.#": "0",
            "routing_utilization.#": "0",
            "state": "active",
            "title": ""
          },
          "sensitive_attributes": []
        }
      ]
    },
    {
      "mode": "managed",
      "type": "genesyscloud_user",
      "name": "brad_herrington_genesys_com_1630474765",
      "provider": "provider[\"registry.terraform.io/-/genesyscloud\"]",
      "instances": [
        {
          "schema_version": 1,
          "attributes_flat": {
            "acd_auto_answer": "false",
            "addresses.#": "1",
            "addresses.0.other_emails.#": "0",
            "addresses.0.phone_numbers.#": "1",
            "addresses.0.phone_numbers.1853068498.extension": "463",
            "addresses.0.phone_numbers.1853068498.media_type": "PHONE",
            "addresses.0.phone_numbers.1853068498.number": "463",
            "addresses.0.phone_numbers.1853068498.type": "WORK",
            "certifications.#": "0",
            "department": "Channel SE's",
            "division_id": "f267d1b7-dd0d-4b0c-97fe-d7cf3b6e85e7",
            "email": "brad.herrington@genesys.com",
            "employer_info.#": "0",
            "id": "a76d7cc5-cae7-4fbd-9d31-89fa9b97b2ff",
            "locations.#": "0",
            "manager": "",
            "name": "Brad Herrington",
            "profile_skills.#": "0",
            "routing_languages.#": "0",
            "routing_skills.#": "0",
            "routing_utilization.#": "0",
            "state": "active",
            "title": "Principal Solution consultant"
          },
          "sensitive_attributes": []
        }
      ]
    },
    {
      "mode": "managed",
      "type": "genesyscloud_user",
      "name": "brian_spencer_genesys_com_3873210076",
      "provider": "provider[\"registry.terraform.io/-/genesyscloud\"]",
      "instances": [
        {
          "schema_version": 1,
          "attributes_flat": {
            "acd_auto_answer": "false",
            "addresses.#": "0",
            "certifications.#": "0",
            "department": "",
            "division_id": "f267d1b7-dd0d-4b0c-97fe-d7cf3b6e85e7",
            "email": "brian.spencer@genesys.com",
            "employer_info.#": "0",
            "id": "ffdf9c3f-b905-427c-8fd4-ca4234cc6302",
            "locations.#": "0",
            "manager": "",
            "name": "Brian Spencer",
            "profile_skills.#": "0",
            "routing_languages.#": "0",
            "routing_skills.#": "0",
            "routing_utilization.#": "1",
            "routing_utilization.0.call.#": "1",
            "routing_utilization.0.call.0.include_non_acd": "false",
            "routing_utilization.0.call.0.interruptible_media_types.#": "4",
            "routing_utilization.0.call.0.interruptible_media_types.1433391533": "chat",
            "routing_utilization.0.call.0.interruptible_media_types.2735068980": "message",
            "routing_utilization.0.call.0.interruptible_media_types.2977790496": "callback",
            "routing_utilization.0.call.0.interruptible_media_types.881205744": "email",
            "routing_utilization.0.call.0.maximum_capacity": "1",
            "routing_utilization.0.callback.#": "1",
            "routing_utilization.0.callback.0.include_non_acd": "false",
            "routing_utilization.0.callback.0.interruptible_media_types.#": "2",
            "routing_utilization.0.callback.0.interruptible_media_types.1433391533": "chat",
            "routing_utilization.0.callback.0.interruptible_media_types.2728695085": "call",
            "routing_utilization.0.callback.0.maximum_capacity": "2",
            "routing_utilization.0.chat.#": "1",
            "routing_utilization.0.chat.0.include_non_acd": "false",
            "routing_utilization.0.chat.0.interruptible_media_types.#": "4",
            "routing_utilization.0.chat.0.interruptible_media_types.2728695085": "call",
            "routing_utilization.0.chat.0.interruptible_media_types.2735068980": "message",
            "routing_utilization.0.chat.0.interruptible_media_types.2977790496": "callback",
            "routing_utilization.0.chat.0.interruptible_media_types.881205744": "email",
            "routing_utilization.0.chat.0.maximum_capacity": "3",
            "routing_utilization.0.email.#": "1",
            "routing_utilization.0.email.0.include_non_acd": "false",
            "routing_utilization.0.email.0.interruptible_media_types.#": "4",
            "routing_utilization.0.email.0.interruptible_media_types.1433391533": "chat",
            "routing_utilization.0.email.0.interruptible_media_types.2728695085": "call",
            "routing_utilization.0.email.0.interruptible_media_types.2735068980": "message",
            "routing_utilization.0.email.0.interruptible_media_types.2977790496": "callback",
            "routing_utilization.0.email.0.maximum_capacity": "5",
            "routing_utilization.0.message.#": "1",
            "routing_utilization.0.message.0.include_non_acd": "false",
            "routing_utilization.0.message.0.interruptible_media_types.#": "4",
            "routing_utilization.0.message.0.interruptible_media_types.1433391533": "chat",
            "routing_utilization.0.message.0.interruptible_media_types.2728695085": "call",
            "routing_utilization.0.message.0.interruptible_media_types.2977790496": "callback",
            "routing_utilization.0.message.0.interruptible_media_types.881205744": "email",
            "routing_utilization.0.message.0.maximum_capacity": "5",
            "routing_utilization.0.video.#": "1",
            "routing_utilization.0.video.0.include_non_acd": "false",
            "routing_utilization.0.video.0.interruptible_media_types.#": "0",
            "routing_utilization.0.video.0.maximum_capacity": "1",
            "state": "active",
            "title": ""
          },
          "sensitive_attributes": []
        }
      ]
    },
    {
      "mode": "managed",
      "type": "genesyscloud_user",
      "name": "cameron_campbell_test_com_3134854659",
      "provider": "provider[\"registry.terraform.io/-/genesyscloud\"]",
      "instances": [
        {
          "schema_version": 1,
          "attributes_flat": {
            "acd_auto_answer": "false",
            "addresses.#": "1",
            "addresses.0.other_emails.#": "0",
            "addresses.0.phone_numbers.#": "1",
            "addresses.0.phone_numbers.881865852.extension": "111-111-1113",
            "addresses.0.phone_numbers.881865852.media_type": "PHONE",
            "addresses.0.phone_numbers.881865852.number": "",
            "addresses.0.phone_numbers.881865852.type": "WORK",
            "certifications.#": "0",
            "department": "Customer Service",
            "division_id": "f267d1b7-dd0d-4b0c-97fe-d7cf3b6e85e7",
            "email": "cameron.campbell@test.com",
            "employer_info.#": "0",
            "id": "09b256ed-a7f2-416d-b668-697acef5dade",
            "locations.#": "0",
            "manager": "",
            "name": "Cameron Campbell",
            "profile_skills.#": "0",
            "routing_languages.#": "0",
            "routing_skills.#": "0",
            "routing_utilization.#": "0",
            "state": "active",
            "title": ""
          },
          "sensitive_attributes": []
        }
      ]
    },
    {
      "mode": "managed",
      "type": "genesyscloud_user",
      "name": "claire_sux_genesys_com_692075564",
      "provider": "provider[\"registry.terraform.io/-/genesyscloud\"]",
      "instances": [
        {
          "schema_version": 1,
          "attributes_flat": {
            "acd_auto_answer": "false",
            "addresses.#": "0",
            "certifications.#": "0",
            "department": "",
            "division_id": "f267d1b7-dd0d-4b0c-97fe-d7cf3b6e85e7",
            "email": "claire.sux@genesys.com",
            "employer_info.#": "0",
            "id": "f8e8323a-c5b3-4324-aa4a-735ae22df842",
            "locations.#": "0",
            "manager": "",
            "name": "Claire Robinson",
            "profile_skills.#": "0",
            "routing_languages.#": "0",
            "routing_skills.#": "0",
            "routing_utilization.#": "0",
            "state": "active",
            "title": ""
          },
          "sensitive_attributes": []
        }
      ]
    },
    {
      "mode": "managed",
      "type": "genesyscloud_user",
      "name": "claire_tonsoni_genesys_com_789737174",
      "provider": "provider[\"registry.terraform.io/-/genesyscloud\"]",
      "instances": [
        {
          "schema_version": 1,
          "attributes_flat": {
            "acd_auto_answer": "false",
            "addresses.#": "0",
            "certifications.#": "1",
            "certifications.2210035180": "PureCloud",
            "department": "Velocity",
            "division_id": "f267d1b7-dd0d-4b0c-97fe-d7cf3b6e85e7",
            "email": "claire.tonsoni@genesys.com",
            "employer_info.#": "0",
            "id": "4ae12502-46d2-43d5-aecf-3c0a4ba5788d",
            "locations.#": "0",
            "manager": "c89b51fc-99f4-4524-bb5a-304ddfc65ce4",
            "name": "Claire Tonsoni",
            "profile_skills.#": "6",
            "profile_skills.1119162824": "Experienced Level Agent",
            "profile_skills.166158000": "Indianapolis",
            "profile_skills.2642166891": "Online Banking",
            "profile_skills.2694682146": "Jack of All Trades",
            "profile_skills.360646502": "Sales",
            "profile_skills.3745462092": "Customer Service",
            "routing_languages.#": "0",
            "routing_skills.#": "0",
            "routing_utilization.#": "0",
            "state": "active",
            "title": "Solutions Consultant"
          },
          "sensitive_attributes": []
        }
      ]
    },
    {
      "mode": "managed",
      "type": "genesyscloud_user",
      "name": "cove_lee_genesys_com_2241685999",
      "provider": "provider[\"registry.terraform.io/-/genesyscloud\"]",
      "instances": [
        {
          "schema_version": 1,
          "attributes_flat": {
            "acd_auto_answer": "false",
            "addresses.#": "1",
            "addresses.0.other_emails.#": "0",
            "addresses.0.phone_numbers.#": "1",
            "addresses.0.phone_numbers.808583115.extension": "401",
            "addresses.0.phone_numbers.808583115.media_type": "PHONE",
            "addresses.0.phone_numbers.808583115.number": "401",
            "addresses.0.phone_numbers.808583115.type": "WORK2",
            "certifications.#": "0",
            "department": "Channel SE",
            "division_id": "f267d1b7-dd0d-4b0c-97fe-d7cf3b6e85e7",
            "email": "cove.lee@genesys.com",
            "employer_info.#": "0",
            "id": "ccfb86a0-a08b-4fa3-8cca-81276ebb1e5f",
            "locations.#": "1",
            "locations.4117695083.location_id": "bbb1e33d-7646-457c-a17e-4908285d00d3",
            "locations.4117695083.notes": "",
            "manager": "b146693a-e72f-4d37-b7e4-4cf1f8045848",
            "name": "Covell Lee",
            "profile_skills.#": "4",
            "profile_skills.2694682146": "Jack of All Trades",
            "profile_skills.2918777550": "Fixing things",
            "profile_skills.3405562141": "Urban Farming",
            "profile_skills.360646502": "Sales",
            "routing_languages.#": "3",
            "routing_languages.1123169556.language_id": "9bd6e876-b25e-4acc-b5f3-26a41d4a506f",
            "routing_languages.1123169556.proficiency": "4",
            "routing_languages.3195845238.language_id": "171fbb4f-d39c-4955-bcdb-7e80fa2bb234",
            "routing_languages.3195845238.proficiency": "5",
            "routing_languages.4055840626.language_id": "97c094b5-390d-4a23-9498-5a6a157a381d",
            "routing_languages.4055840626.proficiency": "3",
            "routing_skills.#": "4",
            "routing_skills.2401998552.proficiency": "5",
            "routing_skills.2401998552.skill_id": "6977167c-665c-4010-8248-a8c8dacbd64c",
            "routing_skills.2938442882.proficiency": "5",
            "routing_skills.2938442882.skill_id": "fb0d4a40-c21c-4fe1-b5f9-0b307e8a8dcd",
            "routing_skills.3206530048.proficiency": "5",
            "routing_skills.3206530048.skill_id": "36e4e299-e3f4-47dd-bb99-ae6717615169",
            "routing_skills.3980685454.proficiency": "3",
            "routing_skills.3980685454.skill_id": "f0a5dda0-e67d-41e7-82a3-cc72ac58d597",
            "routing_utilization.#": "1",
            "routing_utilization.0.call.#": "1",
            "routing_utilization.0.call.0.include_non_acd": "false",
            "routing_utilization.0.call.0.interruptible_media_types.#": "4",
            "routing_utilization.0.call.0.interruptible_media_types.1433391533": "chat",
            "routing_utilization.0.call.0.interruptible_media_types.2735068980": "message",
            "routing_utilization.0.call.0.interruptible_media_types.2977790496": "callback",
            "routing_utilization.0.call.0.interruptible_media_types.881205744": "email",
            "routing_utilization.0.call.0.maximum_capacity": "1",
            "routing_utilization.0.callback.#": "1",
            "routing_utilization.0.callback.0.include_non_acd": "false",
            "routing_utilization.0.callback.0.interruptible_media_types.#": "4",
            "routing_utilization.0.callback.0.interruptible_media_types.1433391533": "chat",
            "routing_utilization.0.callback.0.interruptible_media_types.2728695085": "call",
            "routing_utilization.0.callback.0.interruptible_media_types.2735068980": "message",
            "routing_utilization.0.callback.0.interruptible_media_types.881205744": "email",
            "routing_utilization.0.callback.0.maximum_capacity": "1",
            "routing_utilization.0.chat.#": "1",
            "routing_utilization.0.chat.0.include_non_acd": "false",
            "routing_utilization.0.chat.0.interruptible_media_types.#": "4",
            "routing_utilization.0.chat.0.interruptible_media_types.2728695085": "call",
            "routing_utilization.0.chat.0.interruptible_media_types.2735068980": "message",
            "routing_utilization.0.chat.0.interruptible_media_types.2977790496": "callback",
            "routing_utilization.0.chat.0.interruptible_media_types.881205744": "email",
            "routing_utilization.0.chat.0.maximum_capacity": "4",
            "routing_utilization.0.email.#": "1",
            "routing_utilization.0.email.0.include_non_acd": "false",
            "routing_utilization.0.email.0.interruptible_media_types.#": "4",
            "routing_utilization.0.email.0.interruptible_media_types.1433391533": "chat",
            "routing_utilization.0.email.0.interruptible_media_types.2728695085": "call",
            "routing_utilization.0.email.0.interruptible_media_types.2735068980": "message",
            "routing_utilization.0.email.0.interruptible_media_types.2977790496": "callback",
            "routing_utilization.0.email.0.maximum_capacity": "1",
            "routing_utilization.0.message.#": "1",
            "routing_utilization.0.message.0.include_non_acd": "false",
            "routing_utilization.0.message.0.interruptible_media_types.#": "4",
            "routing_utilization.0.message.0.interruptible_media_types.1433391533": "chat",
            "routing_utilization.0.message.0.interruptible_media_types.2728695085": "call",
            "routing_utilization.0.message.0.interruptible_media_types.2977790496": "callback",
            "routing_utilization.0.message.0.interruptible_media_types.881205744": "email",
            "routing_utilization.0.message.0.maximum_capacity": "4",
            "routing_utilization.0.video.#": "1",
            "routing_utilization.0.video.0.include_non_acd": "false",
            "routing_utilization.0.video.0.interruptible_media_types.#": "0",
            "routing_utilization.0.video.0.maximum_capacity": "1",
            "state": "active",
            "title": "Solutions Consultant"
          },
          "sensitive_attributes": []
        }
      ]
    },
    {
      "mode": "managed",
      "type": "genesyscloud_user",
      "name": "covelee_sbcglobal_net_1570051854",
      "provider": "provider[\"registry.terraform.io/-/genesyscloud\"]",
      "instances": [
        {
          "schema_version": 1,
          "attributes_flat": {
            "acd_auto_answer": "false",
            "addresses.#": "0",
            "certifications.#": "0",
            "department": "",
            "division_id": "f267d1b7-dd0d-4b0c-97fe-d7cf3b6e85e7",
            "email": "covelee@sbcglobal.net",
            "employer_info.#": "0",
            "id": "2423ff4e-a78f-406a-9193-cc08d16054d7",
            "locations.#": "0",
            "manager": "ccfb86a0-a08b-4fa3-8cca-81276ebb1e5f",
            "name": "Cove BU",
            "profile_skills.#": "0",
            "routing_languages.#": "0",
            "routing_skills.#": "0",
            "routing_utilization.#": "0",
            "state": "active",
            "title": ""
          },
          "sensitive_attributes": []
        }
      ]
    },
    {
      "mode": "managed",
      "type": "genesyscloud_user",
      "name": "covellleedesign_gmail_com_3759805203",
      "provider": "provider[\"registry.terraform.io/-/genesyscloud\"]",
      "instances": [
        {
          "schema_version": 1,
          "attributes_flat": {
            "acd_auto_answer": "false",
            "addresses.#": "1",
            "addresses.0.other_emails.#": "0",
            "addresses.0.phone_numbers.#": "1",
            "addresses.0.phone_numbers.1271270883.extension": "",
            "addresses.0.phone_numbers.1271270883.media_type": "PHONE",
            "addresses.0.phone_numbers.1271270883.number": "+12039873498",
            "addresses.0.phone_numbers.1271270883.type": "WORK",
            "certifications.#": "0",
            "department": "",
            "division_id": "f267d1b7-dd0d-4b0c-97fe-d7cf3b6e85e7",
            "email": "covellleedesign@gmail.com",
            "employer_info.#": "0",
            "id": "e6cff610-ab37-465c-8837-5082c88fc95d",
            "locations.#": "0",
            "manager": "",
            "name": "Covell J. Lee",
            "profile_skills.#": "0",
            "routing_languages.#": "0",
            "routing_skills.#": "3",
            "routing_skills.1840825882.proficiency": "0",
            "routing_skills.1840825882.skill_id": "cdb89b77-87cc-43bd-8285-f4866e44aaa7",
            "routing_skills.2562548840.proficiency": "0",
            "routing_skills.2562548840.skill_id": "a9fc3326-b02b-4956-a863-f0804f9cdf42",
            "routing_skills.3459875832.proficiency": "0",
            "routing_skills.3459875832.skill_id": "17b72736-38f5-4ea8-8b94-7b713ebf249d",
            "routing_utilization.#": "0",
            "state": "active",
            "title": ""
          },
          "sensitive_attributes": []
        }
      ]
    },
    {
      "mode": "managed",
      "type": "genesyscloud_user",
      "name": "daniel_cordray_genesys_com_405033717",
      "provider": "provider[\"registry.terraform.io/-/genesyscloud\"]",
      "instances": [
        {
          "schema_version": 1,
          "attributes_flat": {
            "acd_auto_answer": "false",
            "addresses.#": "0",
            "certifications.#": "0",
            "department": "",
            "division_id": "f267d1b7-dd0d-4b0c-97fe-d7cf3b6e85e7",
            "email": "daniel.cordray@genesys.com",
            "employer_info.#": "0",
            "id": "714483ec-df95-439b-b624-f9805f384bc9",
            "locations.#": "0",
            "manager": "",
            "name": "Daniel Cordray",
            "profile_skills.#": "0",
            "routing_languages.#": "0",
            "routing_skills.#": "0",
            "routing_utilization.#": "0",
            "state": "active",
            "title": ""
          },
          "sensitive_attributes": []
        }
      ]
    },
    {
      "mode": "managed",
      "type": "genesyscloud_user",
      "name": "daniel_day_genesys_com_1175709231",
      "provider": "provider[\"registry.terraform.io/-/genesyscloud\"]",
      "instances": [
        {
          "schema_version": 1,
          "attributes_flat": {
            "acd_auto_answer": "false",
            "addresses.#": "0",
            "certifications.#": "6",
            "certifications.1012479997": "Collections",
            "certifications.148734028": "Client Onboarding",
            "certifications.1873374578": "Marketing",
            "certifications.1981921116": "Advanced Agent",
            "certifications.2642166891": "Online Banking",
            "certifications.472495349": "Fraud Specialist",
            "department": "TSB SCO",
            "division_id": "f267d1b7-dd0d-4b0c-97fe-d7cf3b6e85e7",
            "email": "daniel.day@genesys.com",
            "employer_info.#": "0",
            "id": "9576b368-9167-4056-9c20-52964eb0797b",
            "locations.#": "0",
            "manager": "7d4def89-dc00-4acc-9b43-63b8b1f7e069",
            "name": "Daniel Day",
            "profile_skills.#": "5",
            "profile_skills.1981921116": "Advanced Agent",
            "profile_skills.2586325479": "Salesforce CRM",
            "profile_skills.2765026006": "Problem Solving",
            "profile_skills.360646502": "Sales",
            "profile_skills.3962107866": "tech support",
            "routing_languages.#": "0",
            "routing_skills.#": "0",
            "routing_utilization.#": "0",
            "state": "active",
            "title": "Senior Agent"
          },
          "sensitive_attributes": []
        }
      ]
    },
    {
      "mode": "managed",
      "type": "genesyscloud_user",
      "name": "dee_umail_com_2020268212",
      "provider": "provider[\"registry.terraform.io/-/genesyscloud\"]",
      "instances": [
        {
          "schema_version": 1,
          "attributes_flat": {
            "acd_auto_answer": "false",
            "addresses.#": "0",
            "certifications.#": "0",
            "department": "",
            "division_id": "f267d1b7-dd0d-4b0c-97fe-d7cf3b6e85e7",
            "email": "dee@umail.com",
            "employer_info.#": "0",
            "id": "37deeb9b-b82b-4f13-a70d-f72ecc0cdf05",
            "locations.#": "0",
            "manager": "",
            "name": "jOHN DEE",
            "profile_skills.#": "0",
            "routing_languages.#": "0",
            "routing_skills.#": "0",
            "routing_utilization.#": "0",
            "state": "active",
            "title": ""
          },
          "sensitive_attributes": []
        }
      ]
    },
    {
      "mode": "managed",
      "type": "genesyscloud_user",
      "name": "dennis_davis_test_com_1631197356",
      "provider": "provider[\"registry.terraform.io/-/genesyscloud\"]",
      "instances": [
        {
          "schema_version": 1,
          "attributes_flat": {
            "acd_auto_answer": "false",
            "addresses.#": "1",
            "addresses.0.other_emails.#": "0",
            "addresses.0.phone_numbers.#": "1",
            "addresses.0.phone_numbers.10640803.extension": "111-111-1114",
            "addresses.0.phone_numbers.10640803.media_type": "PHONE",
            "addresses.0.phone_numbers.10640803.number": "",
            "addresses.0.phone_numbers.10640803.type": "WORK",
            "certifications.#": "0",
            "department": "Development",
            "division_id": "f267d1b7-dd0d-4b0c-97fe-d7cf3b6e85e7",
            "email": "dennis.davis@test.com",
            "employer_info.#": "0",
            "id": "b9533494-90d1-4232-a4c6-a5a921eb0315",
            "locations.#": "0",
            "manager": "",
            "name": "Dennis Davis",
            "profile_skills.#": "0",
            "routing_languages.#": "0",
            "routing_skills.#": "0",
            "routing_utilization.#": "0",
            "state": "active",
            "title": ""
          },
          "sensitive_attributes": []
        }
      ]
    },
    {
      "mode": "managed",
      "type": "genesyscloud_user",
      "name": "didbrown_alumni_iu_edu_1223223976",
      "provider": "provider[\"registry.terraform.io/-/genesyscloud\"]",
      "instances": [
        {
          "schema_version": 1,
          "attributes_flat": {
            "acd_auto_answer": "false",
            "addresses.#": "1",
            "addresses.0.other_emails.#": "0",
            "addresses.0.phone_numbers.#": "2",
            "addresses.0.phone_numbers.2196382113.extension": "",
            "addresses.0.phone_numbers.2196382113.media_type": "PHONE",
            "addresses.0.phone_numbers.2196382113.number": "+13172076676",
            "addresses.0.phone_numbers.2196382113.type": "WORK",
            "addresses.0.phone_numbers.3311521996.extension": "",
            "addresses.0.phone_numbers.3311521996.media_type": "PHONE",
            "addresses.0.phone_numbers.3311521996.number": "+13179519436",
            "addresses.0.phone_numbers.3311521996.type": "WORK2",
            "certifications.#": "0",
            "department": "",
            "division_id": "f267d1b7-dd0d-4b0c-97fe-d7cf3b6e85e7",
            "email": "didbrown@alumni.iu.edu",
            "employer_info.#": "0",
            "id": "d3fc20d0-a64c-4e6c-971e-b58196324f9d",
            "locations.#": "1",
            "locations.2550821404.location_id": "21171d4d-127b-4802-bfdd-a73205fd4e4b",
            "locations.2550821404.notes": "",
            "manager": "",
            "name": "Dee Brown",
            "profile_skills.#": "0",
            "routing_languages.#": "0",
            "routing_skills.#": "0",
            "routing_utilization.#": "0",
            "state": "active",
            "title": ""
          },
          "sensitive_attributes": []
        }
      ]
    },
    {
      "mode": "managed",
      "type": "genesyscloud_user",
      "name": "diondria_brown_genesys_com_602635482",
      "provider": "provider[\"registry.terraform.io/-/genesyscloud\"]",
      "instances": [
        {
          "schema_version": 1,
          "attributes_flat": {
            "acd_auto_answer": "false",
            "addresses.#": "1",
            "addresses.0.other_emails.#": "0",
            "addresses.0.phone_numbers.#": "1",
            "addresses.0.phone_numbers.415615058.extension": "405",
            "addresses.0.phone_numbers.415615058.media_type": "PHONE",
            "addresses.0.phone_numbers.415615058.number": "405",
            "addresses.0.phone_numbers.415615058.type": "WORK",
            "certifications.#": "4",
            "certifications.1639450295": "DFS",
            "certifications.1666027826": "MBA",
            "certifications.311952299": "TLG",
            "certifications.782345153": "Random letters that make me feel important",
            "department": "NA Channels",
            "division_id": "f267d1b7-dd0d-4b0c-97fe-d7cf3b6e85e7",
            "email": "diondria.brown@genesys.com",
            "employer_info.#": "0",
            "id": "90ca7660-f24c-461c-8a69-389430ee7a84",
            "locations.#": "1",
            "locations.4117695083.location_id": "bbb1e33d-7646-457c-a17e-4908285d00d3",
            "locations.4117695083.notes": "",
            "manager": "c9cc59dc-7818-4708-b614-b4a49bca26d2",
            "name": "Diondria Brown",
            "profile_skills.#": "4",
            "profile_skills.2662791545": "Social media guru",
            "profile_skills.2898990125": "Salesforce",
            "profile_skills.3154086079": "Spanish",
            "profile_skills.3633323291": "Can jog short distances",
            "routing_languages.#": "0",
            "routing_skills.#": "1",
            "routing_skills.608366147.proficiency": "5",
            "routing_skills.608366147.skill_id": "170d91ce-b63a-44ea-a816-a1f9ba66c160",
            "routing_utilization.#": "0",
            "state": "active",
            "title": "Solutions Consultant"
          },
          "sensitive_attributes": []
        }
      ]
    },
    {
      "mode": "managed",
      "type": "genesyscloud_user",
      "name": "eddie_moon_genesys_com_2618416730",
      "provider": "provider[\"registry.terraform.io/-/genesyscloud\"]",
      "instances": [
        {
          "schema_version": 1,
          "attributes_flat": {
            "acd_auto_answer": "false",
            "addresses.#": "0",
            "certifications.#": "0",
            "department": "",
            "division_id": "f267d1b7-dd0d-4b0c-97fe-d7cf3b6e85e7",
            "email": "eddie.moon@genesys.com",
            "employer_info.#": "0",
            "id": "81872e38-ce4f-4517-af66-c158b7e2de07",
            "locations.#": "0",
            "manager": "",
            "name": "Eddie Moon",
            "profile_skills.#": "0",
            "routing_languages.#": "0",
            "routing_skills.#": "0",
            "routing_utilization.#": "0",
            "state": "active",
            "title": ""
          },
          "sensitive_attributes": []
        }
      ]
    },
    {
      "mode": "managed",
      "type": "genesyscloud_user",
      "name": "eisuke_tanioka_genesys_com_3254468183",
      "provider": "provider[\"registry.terraform.io/-/genesyscloud\"]",
      "instances": [
        {
          "schema_version": 1,
          "attributes_flat": {
            "acd_auto_answer": "false",
            "addresses.#": "0",
            "certifications.#": "1",
            "certifications.3564537429": "Microsoft Office",
            "department": "NA SALES ADMIN",
            "division_id": "f267d1b7-dd0d-4b0c-97fe-d7cf3b6e85e7",
            "email": "eisuke.tanioka@genesys.com",
            "employer_info.#": "0",
            "id": "bb023705-0d44-477c-bb51-bdf9b2cbe732",
            "locations.#": "1",
            "locations.2982541908.location_id": "fbccda8d-ad89-4a8c-89aa-30832aa77078",
            "locations.2982541908.notes": "",
            "manager": "",
            "name": "Eisuke Tanioka",
            "profile_skills.#": "1",
            "profile_skills.1274568468": "Japanese",
            "routing_languages.#": "0",
            "routing_skills.#": "0",
            "routing_utilization.#": "0",
            "state": "active",
            "title": "Strategic Sales Intern"
          },
          "sensitive_attributes": []
        }
      ]
    },
    {
      "mode": "managed",
      "type": "genesyscloud_user",
      "name": "erwin_ellis_gmail_com_3100318734",
      "provider": "provider[\"registry.terraform.io/-/genesyscloud\"]",
      "instances": [
        {
          "schema_version": 1,
          "attributes_flat": {
            "acd_auto_answer": "false",
            "addresses.#": "1",
            "addresses.0.other_emails.#": "0",
            "addresses.0.phone_numbers.#": "1",
            "addresses.0.phone_numbers.2152876732.extension": "111-111-1115",
            "addresses.0.phone_numbers.2152876732.media_type": "PHONE",
            "addresses.0.phone_numbers.2152876732.number": "",
            "addresses.0.phone_numbers.2152876732.type": "WORK",
            "certifications.#": "0",
            "department": "Engineering",
            "division_id": "f267d1b7-dd0d-4b0c-97fe-d7cf3b6e85e7",
            "email": "erwin.ellis@gmail.com",
            "employer_info.#": "0",
            "id": "f4a16a6d-ac6a-40b4-be64-fcc33f30929b",
            "locations.#": "0",
            "manager": "",
            "name": "Erwin Ellis",
            "profile_skills.#": "0",
            "routing_languages.#": "0",
            "routing_skills.#": "1",
            "routing_skills.3794964585.proficiency": "3",
            "routing_skills.3794964585.skill_id": "fd240e2a-64ed-42a2-814a-e8a8a98e9eb3",
            "routing_utilization.#": "0",
            "state": "active",
            "title": ""
          },
          "sensitive_attributes": []
        }
      ]
    },
    {
      "mode": "managed",
      "type": "genesyscloud_user",
      "name": "erwin_ellis_test_com_415601150",
      "provider": "provider[\"registry.terraform.io/-/genesyscloud\"]",
      "instances": [
        {
          "schema_version": 1,
          "attributes_flat": {
            "acd_auto_answer": "false",
            "addresses.#": "1",
            "addresses.0.other_emails.#": "0",
            "addresses.0.phone_numbers.#": "1",
            "addresses.0.phone_numbers.2152876732.extension": "111-111-1115",
            "addresses.0.phone_numbers.2152876732.media_type": "PHONE",
            "addresses.0.phone_numbers.2152876732.number": "",
            "addresses.0.phone_numbers.2152876732.type": "WORK",
            "certifications.#": "0",
            "department": "Engineering",
            "division_id": "f267d1b7-dd0d-4b0c-97fe-d7cf3b6e85e7",
            "email": "erwin.ellis@test.com",
            "employer_info.#": "0",
            "id": "d2bb088f-afac-48a9-96bb-72125e4fb18e",
            "locations.#": "0",
            "manager": "",
            "name": "Erwin Ellis",
            "profile_skills.#": "0",
            "routing_languages.#": "0",
            "routing_skills.#": "0",
            "routing_utilization.#": "0",
            "state": "active",
            "title": ""
          },
          "sensitive_attributes": []
        }
      ]
    },
    {
      "mode": "managed",
      "type": "genesyscloud_user",
      "name": "fake_email_com_752057943",
      "provider": "provider[\"registry.terraform.io/-/genesyscloud\"]",
      "instances": [
        {
          "schema_version": 1,
          "attributes_flat": {
            "acd_auto_answer": "false",
            "addresses.#": "0",
            "certifications.#": "0",
            "department": "",
            "division_id": "f267d1b7-dd0d-4b0c-97fe-d7cf3b6e85e7",
            "email": "fake@email.com",
            "employer_info.#": "0",
            "id": "cab1f1f6-7997-47e9-a624-cefc38b43cbc",
            "locations.#": "0",
            "manager": "",
            "name": "Agent Adam",
            "profile_skills.#": "0",
            "routing_languages.#": "0",
            "routing_skills.#": "1",
            "routing_skills.4111143146.proficiency": "0",
            "routing_skills.4111143146.skill_id": "fbef7bbd-3127-4087-bd31-288427104c9c",
            "routing_utilization.#": "0",
            "state": "active",
            "title": ""
          },
          "sensitive_attributes": []
        }
      ]
    },
    {
      "mode": "managed",
      "type": "genesyscloud_user",
      "name": "fake_fake_com_1305079164",
      "provider": "provider[\"registry.terraform.io/-/genesyscloud\"]",
      "instances": [
        {
          "schema_version": 1,
          "attributes_flat": {
            "acd_auto_answer": "false",
            "addresses.#": "0",
            "certifications.#": "0",
            "department": "",
            "division_id": "f267d1b7-dd0d-4b0c-97fe-d7cf3b6e85e7",
            "email": "fake@fake.com",
            "employer_info.#": "0",
            "id": "eb5ab06a-d1bd-4db4-b7f9-ae4902a440ed",
            "locations.#": "0",
            "manager": "",
            "name": "Mike Davidson",
            "profile_skills.#": "0",
            "routing_languages.#": "0",
            "routing_skills.#": "0",
            "routing_utilization.#": "0",
            "state": "active",
            "title": ""
          },
          "sensitive_attributes": []
        }
      ]
    },
    {
      "mode": "managed",
      "type": "genesyscloud_user",
      "name": "fake_fake_ocd_1101776253",
      "provider": "provider[\"registry.terraform.io/-/genesyscloud\"]",
      "instances": [
        {
          "schema_version": 1,
          "attributes_flat": {
            "acd_auto_answer": "false",
            "addresses.#": "0",
            "certifications.#": "0",
            "department": "",
            "division_id": "f267d1b7-dd0d-4b0c-97fe-d7cf3b6e85e7",
            "email": "fake@fake.ocd",
            "employer_info.#": "0",
            "id": "839c4034-ca9c-4ed6-bbf1-e54aa345ebf8",
            "locations.#": "0",
            "manager": "",
            "name": "Tony Brown",
            "profile_skills.#": "0",
            "routing_languages.#": "0",
            "routing_skills.#": "0",
            "routing_utilization.#": "0",
            "state": "active",
            "title": ""
          },
          "sensitive_attributes": []
        }
      ]
    },
    {
      "mode": "managed",
      "type": "genesyscloud_user",
      "name": "francis_fuller_test_com_1302207178",
      "provider": "provider[\"registry.terraform.io/-/genesyscloud\"]",
      "instances": [
        {
          "schema_version": 1,
          "attributes_flat": {
            "acd_auto_answer": "false",
            "addresses.#": "1",
            "addresses.0.other_emails.#": "0",
            "addresses.0.phone_numbers.#": "1",
            "addresses.0.phone_numbers.3660805596.extension": "111-111-1116",
            "addresses.0.phone_numbers.3660805596.media_type": "PHONE",
            "addresses.0.phone_numbers.3660805596.number": "",
            "addresses.0.phone_numbers.3660805596.type": "WORK",
            "certifications.#": "0",
            "department": "Finance",
            "division_id": "f267d1b7-dd0d-4b0c-97fe-d7cf3b6e85e7",
            "email": "francis.fuller@test.com",
            "employer_info.#": "0",
            "id": "d1a6bd59-0c9b-42b8-ad5c-7f5c39a89db4",
            "locations.#": "0",
            "manager": "",
            "name": "Francis Fuller",
            "profile_skills.#": "0",
            "routing_languages.#": "0",
            "routing_skills.#": "0",
            "routing_utilization.#": "0",
            "state": "active",
            "title": ""
          },
          "sensitive_attributes": []
        }
      ]
    },
    {
      "mode": "managed",
      "type": "genesyscloud_user",
      "name": "fys_yachoo_com_1424735203",
      "provider": "provider[\"registry.terraform.io/-/genesyscloud\"]",
      "instances": [
        {
          "schema_version": 1,
          "attributes_flat": {
            "acd_auto_answer": "false",
            "addresses.#": "0",
            "certifications.#": "0",
            "department": "",
            "division_id": "f267d1b7-dd0d-4b0c-97fe-d7cf3b6e85e7",
            "email": "fys@yachoo.com",
            "employer_info.#": "0",
            "id": "569b15ca-0121-47e2-8a8b-b8c5d12bccc8",
            "locations.#": "0",
            "manager": "",
            "name": "Franky S.",
            "profile_skills.#": "0",
            "routing_languages.#": "0",
            "routing_skills.#": "0",
            "routing_utilization.#": "0",
            "state": "active",
            "title": ""
          },
          "sensitive_attributes": []
        }
      ]
    },
    {
      "mode": "managed",
      "type": "genesyscloud_user",
      "name": "genesysscpc_13_gmail_com_2173153472",
      "provider": "provider[\"registry.terraform.io/-/genesyscloud\"]",
      "instances": [
        {
          "schema_version": 1,
          "attributes_flat": {
            "acd_auto_answer": "false",
            "addresses.#": "0",
            "certifications.#": "0",
            "department": "",
            "division_id": "f267d1b7-dd0d-4b0c-97fe-d7cf3b6e85e7",
            "email": "genesysscpc+13@gmail.com",
            "employer_info.#": "0",
            "id": "9cd10b9f-5a59-4b86-ac14-bba5ee9e3940",
            "locations.#": "0",
            "manager": "",
            "name": "GenesysSC13 Admin",
            "profile_skills.#": "0",
            "routing_languages.#": "0",
            "routing_skills.#": "0",
            "routing_utilization.#": "0",
            "state": "active",
            "title": ""
          },
          "sensitive_attributes": []
        }
      ]
    },
    {
      "mode": "managed",
      "type": "genesyscloud_user",
      "name": "gregory_gray_test_com_3055340858",
      "provider": "provider[\"registry.terraform.io/-/genesyscloud\"]",
      "instances": [
        {
          "schema_version": 1,
          "attributes_flat": {
            "acd_auto_answer": "false",
            "addresses.#": "1",
            "addresses.0.other_emails.#": "0",
            "addresses.0.phone_numbers.#": "1",
            "addresses.0.phone_numbers.1522754243.extension": "111-111-1117",
            "addresses.0.phone_numbers.1522754243.media_type": "PHONE",
            "addresses.0.phone_numbers.1522754243.number": "",
            "addresses.0.phone_numbers.1522754243.type": "WORK",
            "certifications.#": "0",
            "department": "Go-to Market",
            "division_id": "f267d1b7-dd0d-4b0c-97fe-d7cf3b6e85e7",
            "email": "gregory.gray@test.com",
            "employer_info.#": "0",
            "id": "1bc896c5-0e76-4ac6-a976-a8a7f7458f7e",
            "locations.#": "0",
            "manager": "",
            "name": "Gregory Gray",
            "profile_skills.#": "0",
            "routing_languages.#": "0",
            "routing_skills.#": "0",
            "routing_utilization.#": "0",
            "state": "active",
            "title": ""
          },
          "sensitive_attributes": []
        }
      ]
    },
    {
      "mode": "managed",
      "type": "genesyscloud_user",
      "name": "hailie_hayes_test_com_1863436074",
      "provider": "provider[\"registry.terraform.io/-/genesyscloud\"]",
      "instances": [
        {
          "schema_version": 1,
          "attributes_flat": {
            "acd_auto_answer": "false",
            "addresses.#": "1",
            "addresses.0.other_emails.#": "0",
            "addresses.0.phone_numbers.#": "1",
            "addresses.0.phone_numbers.2992088674.extension": "111-111-1118",
            "addresses.0.phone_numbers.2992088674.media_type": "PHONE",
            "addresses.0.phone_numbers.2992088674.number": "",
            "addresses.0.phone_numbers.2992088674.type": "WORK",
            "certifications.#": "0",
            "department": "Human Resources",
            "division_id": "f267d1b7-dd0d-4b0c-97fe-d7cf3b6e85e7",
            "email": "hailie.hayes@test.com",
            "employer_info.#": "0",
            "id": "8cb4cdf2-77b8-4496-be10-eb87c75d2d76",
            "locations.#": "0",
            "manager": "",
            "name": "Hailie Hayes",
            "profile_skills.#": "0",
            "routing_languages.#": "0",
            "routing_skills.#": "0",
            "routing_utilization.#": "0",
            "state": "active",
            "title": ""
          },
          "sensitive_attributes": []
        }
      ]
    },
    {
      "mode": "managed",
      "type": "genesyscloud_user",
      "name": "htorres_gmax_com_141411238",
      "provider": "provider[\"registry.terraform.io/-/genesyscloud\"]",
      "instances": [
        {
          "schema_version": 1,
          "attributes_flat": {
            "acd_auto_answer": "false",
            "addresses.#": "0",
            "certifications.#": "0",
            "department": "",
            "division_id": "f267d1b7-dd0d-4b0c-97fe-d7cf3b6e85e7",
            "email": "htorres@gmax.com",
            "employer_info.#": "0",
            "id": "c1b5033c-9273-477c-8d2f-ccaa00b9a4ba",
            "locations.#": "0",
            "manager": "",
            "name": "Helena Torres",
            "profile_skills.#": "0",
            "routing_languages.#": "0",
            "routing_skills.#": "0",
            "routing_utilization.#": "0",
            "state": "active",
            "title": ""
          },
          "sensitive_attributes": []
        }
      ]
    },
    {
      "mode": "managed",
      "type": "genesyscloud_user",
      "name": "ilya_irving_test_com_1999443282",
      "provider": "provider[\"registry.terraform.io/-/genesyscloud\"]",
      "instances": [
        {
          "schema_version": 1,
          "attributes_flat": {
            "acd_auto_answer": "false",
            "addresses.#": "1",
            "addresses.0.other_emails.#": "0",
            "addresses.0.phone_numbers.#": "1",
            "addresses.0.phone_numbers.849850749.extension": "111-111-1119",
            "addresses.0.phone_numbers.849850749.media_type": "PHONE",
            "addresses.0.phone_numbers.849850749.number": "",
            "addresses.0.phone_numbers.849850749.type": "WORK",
            "certifications.#": "0",
            "department": "Innovations",
            "division_id": "f267d1b7-dd0d-4b0c-97fe-d7cf3b6e85e7",
            "email": "ilya.irving@test.com",
            "employer_info.#": "0",
            "id": "886d3c47-cef9-4f97-80bf-6431fda0c9e9",
            "locations.#": "0",
            "manager": "",
            "name": "Ilya Irving",
            "profile_skills.#": "0",
            "routing_languages.#": "0",
            "routing_skills.#": "0",
            "routing_utilization.#": "0",
            "state": "active",
            "title": ""
          },
          "sensitive_attributes": []
        }
      ]
    },
    {
      "mode": "managed",
      "type": "genesyscloud_user",
      "name": "integration-generic-70f854c0-c72d-11ea-8ef0-ab750da3b5bb_webhook_com_3607827166",
      "provider": "provider[\"registry.terraform.io/-/genesyscloud\"]",
      "instances": [
        {
          "schema_version": 1,
          "attributes_flat": {
            "acd_auto_answer": "false",
            "addresses.#": "0",
            "certifications.#": "0",
            "department": "",
            "division_id": "f267d1b7-dd0d-4b0c-97fe-d7cf3b6e85e7",
            "email": "integration-generic-70f854c0-c72d-11ea-8ef0-ab750da3b5bb@webhook.com",
            "employer_info.#": "0",
            "id": "e2805975-8789-44fe-b78c-a89cd34dabe3",
            "locations.#": "0",
            "manager": "",
            "name": "Generic",
            "profile_skills.#": "0",
            "routing_languages.#": "0",
            "routing_skills.#": "0",
            "routing_utilization.#": "0",
            "state": "active",
            "title": ""
          },
          "sensitive_attributes": []
        }
      ]
    },
    {
      "mode": "managed",
      "type": "genesyscloud_user",
      "name": "integration-pagerduty-883d12d0-8805-11eb-a222-db19e22c815e_webhook_com_2237648454",
      "provider": "provider[\"registry.terraform.io/-/genesyscloud\"]",
      "instances": [
        {
          "schema_version": 1,
          "attributes_flat": {
            "acd_auto_answer": "false",
            "addresses.#": "0",
            "certifications.#": "0",
            "department": "",
            "division_id": "f267d1b7-dd0d-4b0c-97fe-d7cf3b6e85e7",
            "email": "integration-pagerduty-883d12d0-8805-11eb-a222-db19e22c815e@webhook.com",
            "employer_info.#": "0",
            "id": "c21622ba-96fc-49f9-b530-34ca570b85c8",
            "locations.#": "0",
            "manager": "",
            "name": "PagerDuty",
            "profile_skills.#": "0",
            "routing_languages.#": "0",
            "routing_skills.#": "0",
            "routing_utilization.#": "0",
            "state": "active",
            "title": ""
          },
          "sensitive_attributes": []
        }
      ]
    },
    {
      "mode": "managed",
      "type": "genesyscloud_user",
      "name": "jakejake_jake_com_2180308113",
      "provider": "provider[\"registry.terraform.io/-/genesyscloud\"]",
      "instances": [
        {
          "schema_version": 1,
          "attributes_flat": {
            "acd_auto_answer": "false",
            "addresses.#": "0",
            "certifications.#": "0",
            "department": "",
            "division_id": "f267d1b7-dd0d-4b0c-97fe-d7cf3b6e85e7",
            "email": "jakejake@jake.com",
            "employer_info.#": "0",
            "id": "a7267fa0-209b-4303-bd7e-c1ea0e180cee",
            "locations.#": "0",
            "manager": "",
            "name": "Jakub Luthrom",
            "profile_skills.#": "0",
            "routing_languages.#": "0",
            "routing_skills.#": "0",
            "routing_utilization.#": "0",
            "state": "active",
            "title": ""
          },
          "sensitive_attributes": []
        }
      ]
    },
    {
      "mode": "managed",
      "type": "genesyscloud_user",
      "name": "jane_doe_genesys_com_4210088840",
      "provider": "provider[\"registry.terraform.io/-/genesyscloud\"]",
      "instances": [
        {
          "schema_version": 1,
          "attributes_flat": {
            "acd_auto_answer": "false",
            "addresses.#": "0",
            "certifications.#": "0",
            "department": "",
            "division_id": "e41048c4-36ce-4745-80af-799d2acccab0",
            "email": "jane.doe@genesys.com",
            "employer_info.#": "0",
            "id": "f8efc332-f66a-40da-a0bd-1d070c04383d",
            "locations.#": "0",
            "manager": "",
            "name": "Jane Doe",
            "profile_skills.#": "0",
            "routing_languages.#": "0",
            "routing_skills.#": "1",
            "routing_skills.304821833.proficiency": "4",
            "routing_skills.304821833.skill_id": "901ce67f-acd5-4b38-84ed-7c4634fdd314",
            "routing_utilization.#": "0",
            "state": "active",
            "title": ""
          },
          "sensitive_attributes": []
        }
      ]
    },
    {
      "mode": "managed",
      "type": "genesyscloud_user",
      "name": "jax_smith_testmat_com_1588436290",
      "provider": "provider[\"registry.terraform.io/-/genesyscloud\"]",
      "instances": [
        {
          "schema_version": 1,
          "attributes_flat": {
            "acd_auto_answer": "false",
            "addresses.#": "0",
            "certifications.#": "1",
            "certifications.3295551957": "Genesys Cloud Certified Professional",
            "department": "",
            "division_id": "f267d1b7-dd0d-4b0c-97fe-d7cf3b6e85e7",
            "email": "jax.smith@testmat.com",
            "employer_info.#": "0",
            "id": "77848897-44d6-42b5-90f4-7eb316390734",
            "locations.#": "0",
            "manager": "",
            "name": "Jax Smith",
            "profile_skills.#": "2",
            "profile_skills.514401165": "AI",
            "profile_skills.683388667": "Predictive Routing",
            "routing_languages.#": "0",
            "routing_skills.#": "0",
            "routing_utilization.#": "0",
            "state": "active",
            "title": ""
          },
          "sensitive_attributes": []
        }
      ]
    },
    {
      "mode": "managed",
      "type": "genesyscloud_user",
      "name": "jay_balvin_gmail_moc_3613948436",
      "provider": "provider[\"registry.terraform.io/-/genesyscloud\"]",
      "instances": [
        {
          "schema_version": 1,
          "attributes_flat": {
            "acd_auto_answer": "false",
            "addresses.#": "0",
            "certifications.#": "0",
            "department": "",
            "division_id": "f267d1b7-dd0d-4b0c-97fe-d7cf3b6e85e7",
            "email": "jay.balvin@gmail.moc",
            "employer_info.#": "0",
            "id": "2153b624-c2ec-4845-8576-785aa1330fe9",
            "locations.#": "0",
            "manager": "",
            "name": "Jay Balvin",
            "profile_skills.#": "0",
            "routing_languages.#": "4",
            "routing_languages.2258890735.language_id": "41c777f1-2090-4aa3-8ccf-c184bb0cd370",
            "routing_languages.2258890735.proficiency": "4",
            "routing_languages.2999044839.language_id": "a8929df8-b7ea-4165-955b-3573ec593a90",
            "routing_languages.2999044839.proficiency": "4",
            "routing_languages.3272298035.language_id": "171fbb4f-d39c-4955-bcdb-7e80fa2bb234",
            "routing_languages.3272298035.proficiency": "0",
            "routing_languages.647950352.language_id": "9bd6e876-b25e-4acc-b5f3-26a41d4a506f",
            "routing_languages.647950352.proficiency": "0",
            "routing_skills.#": "2",
            "routing_skills.2575975711.proficiency": "4",
            "routing_skills.2575975711.skill_id": "0fee07f5-6211-4a38-be27-de9a53e25e36",
            "routing_skills.3411248318.proficiency": "0",
            "routing_skills.3411248318.skill_id": "45d46dc4-0671-466c-be26-f38a7e12c8b1",
            "routing_utilization.#": "0",
            "state": "active",
            "title": ""
          },
          "sensitive_attributes": []
        }
      ]
    },
    {
      "mode": "managed",
      "type": "genesyscloud_user",
      "name": "jay_miller_genesyssc13_mypurecloud_com_3699541180",
      "provider": "provider[\"registry.terraform.io/-/genesyscloud\"]",
      "instances": [
        {
          "schema_version": 1,
          "attributes_flat": {
            "acd_auto_answer": "false",
            "addresses.#": "0",
            "certifications.#": "1",
            "certifications.4261725386": "Genesys Cloud",
            "department": "",
            "division_id": "f267d1b7-dd0d-4b0c-97fe-d7cf3b6e85e7",
            "email": "jay.miller@genesyssc13.mypurecloud.com",
            "employer_info.#": "0",
            "id": "48d62eb4-9af7-496e-817b-b733e3e02205",
            "locations.#": "0",
            "manager": "",
            "name": "Jay Miller",
            "profile_skills.#": "1",
            "profile_skills.2876251315": "Genesy Cloud",
            "routing_languages.#": "0",
            "routing_skills.#": "0",
            "routing_utilization.#": "0",
            "state": "active",
            "title": ""
          },
          "sensitive_attributes": []
        }
      ]
    },
    {
      "mode": "managed",
      "type": "genesyscloud_user",
      "name": "jim_purecloud_genesys_com_3134217555",
      "provider": "provider[\"registry.terraform.io/-/genesyscloud\"]",
      "instances": [
        {
          "schema_version": 1,
          "attributes_flat": {
            "acd_auto_answer": "false",
            "addresses.#": "0",
            "certifications.#": "0",
            "department": "Regional Sales",
            "division_id": "f267d1b7-dd0d-4b0c-97fe-d7cf3b6e85e7",
            "email": "jim.purecloud@genesys.com",
            "employer_info.#": "0",
            "id": "b1b1c694-d1a4-4f44-8c54-25cee743db11",
            "locations.#": "0",
            "manager": "c3b75a37-4116-4e2c-880d-a55031fd27ac",
            "name": "Jim Halpert",
            "profile_skills.#": "0",
            "routing_languages.#": "0",
            "routing_skills.#": "0",
            "routing_utilization.#": "0",
            "state": "active",
            "title": "Co-Manager"
          },
          "sensitive_attributes": []
        }
      ]
    },
    {
      "mode": "managed",
      "type": "genesyscloud_user",
      "name": "john_d_testemail_com_655461165",
      "provider": "provider[\"registry.terraform.io/-/genesyscloud\"]",
      "instances": [
        {
          "schema_version": 1,
          "attributes_flat": {
            "acd_auto_answer": "false",
            "addresses.#": "0",
            "certifications.#": "0",
            "department": "",
            "division_id": "f267d1b7-dd0d-4b0c-97fe-d7cf3b6e85e7",
            "email": "john.d@testemail.com",
            "employer_info.#": "0",
            "id": "046283f9-7a4a-4b23-a0a6-76c38d8741b2",
            "locations.#": "0",
            "manager": "",
            "name": "John Deer",
            "profile_skills.#": "0",
            "routing_languages.#": "0",
            "routing_skills.#": "0",
            "routing_utilization.#": "0",
            "state": "active",
            "title": ""
          },
          "sensitive_attributes": []
        }
      ]
    },
    {
      "mode": "managed",
      "type": "genesyscloud_user",
      "name": "jon_stanley_genesys_com_522003381",
      "provider": "provider[\"registry.terraform.io/-/genesyscloud\"]",
      "instances": [
        {
          "schema_version": 1,
          "attributes_flat": {
            "acd_auto_answer": "false",
            "addresses.#": "0",
            "certifications.#": "0",
            "department": "CallCenter",
            "division_id": "f267d1b7-dd0d-4b0c-97fe-d7cf3b6e85e7",
            "email": "jon.stanley@genesys.com",
            "employer_info.#": "1",
            "employer_info.0.date_hire": "2021-07-06",
            "employer_info.0.employee_id": "",
            "employer_info.0.employee_type": "",
            "employer_info.0.official_name": "",
            "id": "67a76e1f-6d75-4d72-a23f-22267da17cef",
            "locations.#": "1",
            "locations.4117695083.location_id": "bbb1e33d-7646-457c-a17e-4908285d00d3",
            "locations.4117695083.notes": "",
            "manager": "",
            "name": "Jon Stanley",
            "profile_skills.#": "3",
            "profile_skills.1772802099": "Python",
            "profile_skills.2898743075": "Portuguese",
            "profile_skills.3395977395": "Java",
            "routing_languages.#": "0",
            "routing_skills.#": "0",
            "routing_utilization.#": "0",
            "state": "active",
            "title": "Master Admin"
          },
          "sensitive_attributes": []
        }
      ]
    },
    {
      "mode": "managed",
      "type": "genesyscloud_user",
      "name": "jonathan_conrad_genesys_com_1672357490",
      "provider": "provider[\"registry.terraform.io/-/genesyscloud\"]",
      "instances": [
        {
          "schema_version": 1,
          "attributes_flat": {
            "acd_auto_answer": "false",
            "addresses.#": "0",
            "certifications.#": "0",
            "department": "",
            "division_id": "f267d1b7-dd0d-4b0c-97fe-d7cf3b6e85e7",
            "email": "jonathan.conrad@genesys.com",
            "employer_info.#": "0",
            "id": "b88520ed-aae5-45f8-a346-5d580a889164",
            "locations.#": "0",
            "manager": "",
            "name": "Jonathan Conrad",
            "profile_skills.#": "0",
            "routing_languages.#": "0",
            "routing_skills.#": "0",
            "routing_utilization.#": "0",
            "state": "active",
            "title": ""
          },
          "sensitive_attributes": []
        }
      ]
    },
    {
      "mode": "managed",
      "type": "genesyscloud_user",
      "name": "kevin_purecloud_genesys_com_1722199228",
      "provider": "provider[\"registry.terraform.io/-/genesyscloud\"]",
      "instances": [
        {
          "schema_version": 1,
          "attributes_flat": {
            "acd_auto_answer": "false",
            "addresses.#": "0",
            "certifications.#": "0",
            "department": "Accounting",
            "division_id": "f267d1b7-dd0d-4b0c-97fe-d7cf3b6e85e7",
            "email": "kevin.purecloud@genesys.com",
            "employer_info.#": "0",
            "id": "f0873915-725d-4c1d-82f6-a0a1a5908f1a",
            "locations.#": "0",
            "manager": "c3b75a37-4116-4e2c-880d-a55031fd27ac",
            "name": "Kevin Malone",
            "profile_skills.#": "0",
            "routing_languages.#": "0",
            "routing_skills.#": "0",
            "routing_utilization.#": "0",
            "state": "active",
            "title": "Jr Accountant"
          },
          "sensitive_attributes": []
        }
      ]
    },
    {
      "mode": "managed",
      "type": "genesyscloud_user",
      "name": "khayleia_foy_genesys_com_2320506366",
      "provider": "provider[\"registry.terraform.io/-/genesyscloud\"]",
      "instances": [
        {
          "schema_version": 1,
          "attributes_flat": {
            "acd_auto_answer": "false",
            "addresses.#": "1",
            "addresses.0.other_emails.#": "1",
            "addresses.0.other_emails.2923418207.address": "khayleiaf96@gmail.com",
            "addresses.0.other_emails.2923418207.type": "WORK",
            "addresses.0.phone_numbers.#": "0",
            "certifications.#": "3",
            "certifications.1592473713": "GCP",
            "certifications.221387617": "GCA",
            "certifications.696457354": "Maybe CPR",
            "department": "",
            "division_id": "f267d1b7-dd0d-4b0c-97fe-d7cf3b6e85e7",
            "email": "khayleia.foy@genesys.com",
            "employer_info.#": "0",
            "id": "1ca4c053-4fdd-4e25-9293-1a63f121c438",
            "locations.#": "0",
            "manager": "",
            "name": "Khayleia Foy",
            "profile_skills.#": "3",
            "profile_skills.3441920874": "Sleeping",
            "profile_skills.549991944": "French",
            "profile_skills.868625668": "Clarinet Pro",
            "routing_languages.#": "3",
            "routing_languages.2085509711.language_id": "2a41a75e-69c1-4508-ae47-6acfd3957d2d",
            "routing_languages.2085509711.proficiency": "3",
            "routing_languages.2679692974.language_id": "41c777f1-2090-4aa3-8ccf-c184bb0cd370",
            "routing_languages.2679692974.proficiency": "5",
            "routing_languages.2883255206.language_id": "a8929df8-b7ea-4165-955b-3573ec593a90",
            "routing_languages.2883255206.proficiency": "5",
            "routing_skills.#": "4",
            "routing_skills.1409585141.proficiency": "5",
            "routing_skills.1409585141.skill_id": "05d91f35-4d25-43f7-a509-d9d6ec90d74e",
            "routing_skills.1872165537.proficiency": "5",
            "routing_skills.1872165537.skill_id": "fd240e2a-64ed-42a2-814a-e8a8a98e9eb3",
            "routing_skills.3206530048.proficiency": "5",
            "routing_skills.3206530048.skill_id": "36e4e299-e3f4-47dd-bb99-ae6717615169",
            "routing_skills.514809868.proficiency": "5",
            "routing_skills.514809868.skill_id": "50d3ab7d-cf9e-4958-a1ca-226f7697b636",
            "routing_utilization.#": "1",
            "routing_utilization.0.call.#": "1",
            "routing_utilization.0.call.0.include_non_acd": "false",
            "routing_utilization.0.call.0.interruptible_media_types.#": "4",
            "routing_utilization.0.call.0.interruptible_media_types.1433391533": "chat",
            "routing_utilization.0.call.0.interruptible_media_types.2735068980": "message",
            "routing_utilization.0.call.0.interruptible_media_types.2977790496": "callback",
            "routing_utilization.0.call.0.interruptible_media_types.881205744": "email",
            "routing_utilization.0.call.0.maximum_capacity": "2",
            "routing_utilization.0.callback.#": "1",
            "routing_utilization.0.callback.0.include_non_acd": "false",
            "routing_utilization.0.callback.0.interruptible_media_types.#": "4",
            "routing_utilization.0.callback.0.interruptible_media_types.1433391533": "chat",
            "routing_utilization.0.callback.0.interruptible_media_types.2728695085": "call",
            "routing_utilization.0.callback.0.interruptible_media_types.2735068980": "message",
            "routing_utilization.0.callback.0.interruptible_media_types.881205744": "email",
            "routing_utilization.0.callback.0.maximum_capacity": "2",
            "routing_utilization.0.chat.#": "1",
            "routing_utilization.0.chat.0.include_non_acd": "false",
            "routing_utilization.0.chat.0.interruptible_media_types.#": "4",
            "routing_utilization.0.chat.0.interruptible_media_types.2728695085": "call",
            "routing_utilization.0.chat.0.interruptible_media_types.2735068980": "message",
            "routing_utilization.0.chat.0.interruptible_media_types.2977790496": "callback",
            "routing_utilization.0.chat.0.interruptible_media_types.881205744": "email",
            "routing_utilization.0.chat.0.maximum_capacity": "1",
            "routing_utilization.0.email.#": "1",
            "routing_utilization.0.email.0.include_non_acd": "false",
            "routing_utilization.0.email.0.interruptible_media_types.#": "4",
            "routing_utilization.0.email.0.interruptible_media_types.1433391533": "chat",
            "routing_utilization.0.email.0.interruptible_media_types.2728695085": "call",
            "routing_utilization.0.email.0.interruptible_media_types.2735068980": "message",
            "routing_utilization.0.email.0.interruptible_media_types.2977790496": "callback",
            "routing_utilization.0.email.0.maximum_capacity": "2",
            "routing_utilization.0.message.#": "1",
            "routing_utilization.0.message.0.include_non_acd": "false",
            "routing_utilization.0.message.0.interruptible_media_types.#": "4",
            "routing_utilization.0.message.0.interruptible_media_types.1433391533": "chat",
            "routing_utilization.0.message.0.interruptible_media_types.2728695085": "call",
            "routing_utilization.0.message.0.interruptible_media_types.2977790496": "callback",
            "routing_utilization.0.message.0.interruptible_media_types.881205744": "email",
            "routing_utilization.0.message.0.maximum_capacity": "4",
            "routing_utilization.0.video.#": "1",
            "routing_utilization.0.video.0.include_non_acd": "false",
            "routing_utilization.0.video.0.interruptible_media_types.#": "0",
            "routing_utilization.0.video.0.maximum_capacity": "1",
            "state": "active",
            "title": "Solutions Consultant"
          },
          "sensitive_attributes": []
        }
      ]
    },
    {
      "mode": "managed",
      "type": "genesyscloud_user",
      "name": "kristine_lorgan_genesys_com_4143397102",
      "provider": "provider[\"registry.terraform.io/-/genesyscloud\"]",
      "instances": [
        {
          "schema_version": 1,
          "attributes_flat": {
            "acd_auto_answer": "false",
            "addresses.#": "0",
            "certifications.#": "0",
            "department": "",
            "division_id": "f267d1b7-dd0d-4b0c-97fe-d7cf3b6e85e7",
            "email": "kristine.lorgan@genesys.com",
            "employer_info.#": "0",
            "id": "0d9acdf8-9ab1-4538-87fe-f05a8028ee32",
            "locations.#": "0",
            "manager": "",
            "name": "Kristine Lorgan",
            "profile_skills.#": "0",
            "routing_languages.#": "0",
            "routing_skills.#": "1",
            "routing_skills.286138745.proficiency": "5",
            "routing_skills.286138745.skill_id": "9b3ad13a-1d8e-4e14-ab85-c745ab04661f",
            "routing_utilization.#": "0",
            "state": "active",
            "title": "Solutions Consultan"
          },
          "sensitive_attributes": []
        }
      ]
    },
    {
      "mode": "managed",
      "type": "genesyscloud_user",
      "name": "krystal_kucharski_genesys_com_1710800079",
      "provider": "provider[\"registry.terraform.io/-/genesyscloud\"]",
      "instances": [
        {
          "schema_version": 1,
          "attributes_flat": {
            "acd_auto_answer": "false",
            "addresses.#": "1",
            "addresses.0.other_emails.#": "0",
            "addresses.0.phone_numbers.#": "1",
            "addresses.0.phone_numbers.899539542.extension": "",
            "addresses.0.phone_numbers.899539542.media_type": "PHONE",
            "addresses.0.phone_numbers.899539542.number": "+18473066493",
            "addresses.0.phone_numbers.899539542.type": "WORK",
            "certifications.#": "0",
            "department": "US NA",
            "division_id": "f267d1b7-dd0d-4b0c-97fe-d7cf3b6e85e7",
            "email": "krystal.kucharski@genesys.com",
            "employer_info.#": "0",
            "id": "6adb2228-8cc5-48d9-911e-1f02c4ec2cb9",
            "locations.#": "0",
            "manager": "d5607fe5-79e9-4385-8910-701b4f92462b",
            "name": "Krystal Kucharski",
            "profile_skills.#": "4",
            "profile_skills.1263232754": "Zendesk",
            "profile_skills.1491895581": "Microsoft Dynamics",
            "profile_skills.2898990125": "Salesforce",
            "profile_skills.3262039030": "Zoho",
            "routing_languages.#": "2",
            "routing_languages.3601666019.language_id": "a8929df8-b7ea-4165-955b-3573ec593a90",
            "routing_languages.3601666019.proficiency": "0",
            "routing_languages.3805227755.language_id": "41c777f1-2090-4aa3-8ccf-c184bb0cd370",
            "routing_languages.3805227755.proficiency": "0",
            "routing_skills.#": "1",
            "routing_skills.2436401614.proficiency": "5",
            "routing_skills.2436401614.skill_id": "b31c11ef-e754-4906-9b2d-e53b650a7d30",
            "routing_utilization.#": "0",
            "state": "active",
            "title": "Senior Solution Consultant"
          },
          "sensitive_attributes": []
        }
      ]
    },
    {
      "mode": "managed",
      "type": "genesyscloud_user",
      "name": "krystal_kucharski_genesyssc13_mypurecloud_com_2828206108",
      "provider": "provider[\"registry.terraform.io/-/genesyscloud\"]",
      "instances": [
        {
          "schema_version": 1,
          "attributes_flat": {
            "acd_auto_answer": "false",
            "addresses.#": "1",
            "addresses.0.other_emails.#": "0",
            "addresses.0.phone_numbers.#": "1",
            "addresses.0.phone_numbers.2909666278.extension": "+1 847-306-6493",
            "addresses.0.phone_numbers.2909666278.media_type": "PHONE",
            "addresses.0.phone_numbers.2909666278.number": "",
            "addresses.0.phone_numbers.2909666278.type": "WORK2",
            "certifications.#": "0",
            "department": "",
            "division_id": "f267d1b7-dd0d-4b0c-97fe-d7cf3b6e85e7",
            "email": "krystal.kucharski@genesyssc13.mypurecloud.com",
            "employer_info.#": "0",
            "id": "7731d272-8d2f-405a-884b-5ccbefb57061",
            "locations.#": "0",
            "manager": "12a2683b-fa86-44c6-a14d-87a27e276525",
            "name": "Jane Doe",
            "profile_skills.#": "0",
            "routing_languages.#": "0",
            "routing_skills.#": "1",
            "routing_skills.2544815260.proficiency": "0",
            "routing_skills.2544815260.skill_id": "02129b7a-3b3c-4bc4-8162-0efaeb65ad58",
            "routing_utilization.#": "0",
            "state": "active",
            "title": ""
          },
          "sensitive_attributes": []
        }
      ]
    },
    {
      "mode": "managed",
      "type": "genesyscloud_user",
      "name": "lauren_dygowski_genesys_com_3760148048",
      "provider": "provider[\"registry.terraform.io/-/genesyscloud\"]",
      "instances": [
        {
          "schema_version": 1,
          "attributes_flat": {
            "acd_auto_answer": "false",
            "addresses.#": "1",
            "addresses.0.other_emails.#": "0",
            "addresses.0.phone_numbers.#": "1",
            "addresses.0.phone_numbers.1077001489.extension": "",
            "addresses.0.phone_numbers.1077001489.media_type": "PHONE",
            "addresses.0.phone_numbers.1077001489.number": "+18005551212",
            "addresses.0.phone_numbers.1077001489.type": "WORK",
            "certifications.#": "0",
            "department": "",
            "division_id": "f267d1b7-dd0d-4b0c-97fe-d7cf3b6e85e7",
            "email": "lauren.dygowski@genesys.com",
            "employer_info.#": "0",
            "id": "d62f8553-d059-41be-bb0b-ff4f3c67cbe3",
            "locations.#": "0",
            "manager": "",
            "name": "Lauren Dygowski",
            "profile_skills.#": "0",
            "routing_languages.#": "0",
            "routing_skills.#": "1",
            "routing_skills.218029704.proficiency": "5",
            "routing_skills.218029704.skill_id": "9b87c3f9-0a83-4e21-8a92-2aafa6b3daa4",
            "routing_utilization.#": "0",
            "state": "active",
            "title": ""
          },
          "sensitive_attributes": []
        }
      ]
    },
    {
      "mode": "managed",
      "type": "genesyscloud_user",
      "name": "lucy_molins_cam_3472674151",
      "provider": "provider[\"registry.terraform.io/-/genesyscloud\"]",
      "instances": [
        {
          "schema_version": 1,
          "attributes_flat": {
            "acd_auto_answer": "false",
            "addresses.#": "0",
            "certifications.#": "0",
            "department": "",
            "division_id": "f267d1b7-dd0d-4b0c-97fe-d7cf3b6e85e7",
            "email": "lucy@molins.cam",
            "employer_info.#": "0",
            "id": "13e09853-a354-4f12-8707-fcf57c719c25",
            "locations.#": "0",
            "manager": "",
            "name": "Lucy Molins",
            "profile_skills.#": "0",
            "routing_languages.#": "0",
            "routing_skills.#": "0",
            "routing_utilization.#": "0",
            "state": "active",
            "title": ""
          },
          "sensitive_attributes": []
        }
      ]
    },
    {
      "mode": "managed",
      "type": "genesyscloud_user",
      "name": "mariah_breeze_genesys_com_468249049",
      "provider": "provider[\"registry.terraform.io/-/genesyscloud\"]",
      "instances": [
        {
          "schema_version": 1,
          "attributes_flat": {
            "acd_auto_answer": "false",
            "addresses.#": "1",
            "addresses.0.other_emails.#": "0",
            "addresses.0.phone_numbers.#": "1",
            "addresses.0.phone_numbers.2756198566.extension": "",
            "addresses.0.phone_numbers.2756198566.media_type": "PHONE",
            "addresses.0.phone_numbers.2756198566.number": "+19197287778",
            "addresses.0.phone_numbers.2756198566.type": "WORK",
            "certifications.#": "0",
            "department": "Sales",
            "division_id": "f267d1b7-dd0d-4b0c-97fe-d7cf3b6e85e7",
            "email": "mariah.breeze@genesys.com",
            "employer_info.#": "0",
            "id": "7decb131-51d3-422d-af8a-682053ab4da1",
            "locations.#": "1",
            "locations.4117695083.location_id": "bbb1e33d-7646-457c-a17e-4908285d00d3",
            "locations.4117695083.notes": "",
            "manager": "c9cc59dc-7818-4708-b614-b4a49bca26d2",
            "name": "Mariah Breeze",
            "profile_skills.#": "7",
            "profile_skills.1873374578": "Marketing",
            "profile_skills.2247843506": "Negotiation",
            "profile_skills.2400439596": "Customer Journey",
            "profile_skills.2571954740": "Communication",
            "profile_skills.2661400705": "Problem Resolution",
            "profile_skills.360646502": "Sales",
            "profile_skills.871378307": "Customer Experience",
            "routing_languages.#": "0",
            "routing_skills.#": "1",
            "routing_skills.608366147.proficiency": "5",
            "routing_skills.608366147.skill_id": "170d91ce-b63a-44ea-a816-a1f9ba66c160",
            "routing_utilization.#": "0",
            "state": "active",
            "title": "Solutions Consultant"
          },
          "sensitive_attributes": []
        }
      ]
    },
    {
      "mode": "managed",
      "type": "genesyscloud_user",
      "name": "mariahbreeze_gmail_com_981497233",
      "provider": "provider[\"registry.terraform.io/-/genesyscloud\"]",
      "instances": [
        {
          "schema_version": 1,
          "attributes_flat": {
            "acd_auto_answer": "false",
            "addresses.#": "0",
            "certifications.#": "2",
            "certifications.2586325479": "Salesforce CRM",
            "certifications.2620428575": "CPA",
            "department": "AR",
            "division_id": "f267d1b7-dd0d-4b0c-97fe-d7cf3b6e85e7",
            "email": "mariahbreeze@gmail.com",
            "employer_info.#": "0",
            "id": "f5826025-fe7c-4160-a009-154333f2f82f",
            "locations.#": "0",
            "manager": "",
            "name": "Mariah Breeze UC",
            "profile_skills.#": "2",
            "profile_skills.3285044283": "finance",
            "profile_skills.392150050": "accountant",
            "routing_languages.#": "0",
            "routing_skills.#": "0",
            "routing_utilization.#": "0",
            "state": "active",
            "title": "Accountant"
          },
          "sensitive_attributes": []
        }
      ]
    },
    {
      "mode": "managed",
      "type": "genesyscloud_user",
      "name": "mariahbreeze_hotmail_com_1832944455",
      "provider": "provider[\"registry.terraform.io/-/genesyscloud\"]",
      "instances": [
        {
          "schema_version": 1,
          "attributes_flat": {
            "acd_auto_answer": "false",
            "addresses.#": "0",
            "certifications.#": "0",
            "department": "",
            "division_id": "f267d1b7-dd0d-4b0c-97fe-d7cf3b6e85e7",
            "email": "mariahbreeze@hotmail.com",
            "employer_info.#": "0",
            "id": "a23504c8-74d4-4a4b-99b0-fc3c26b1c721",
            "locations.#": "0",
            "manager": "",
            "name": "John Doe",
            "profile_skills.#": "0",
            "routing_languages.#": "0",
            "routing_skills.#": "0",
            "routing_utilization.#": "0",
            "state": "active",
            "title": ""
          },
          "sensitive_attributes": []
        }
      ]
    },
    {
      "mode": "managed",
      "type": "genesyscloud_user",
      "name": "mat_danish_genesys_com_2008487185",
      "provider": "provider[\"registry.terraform.io/-/genesyscloud\"]",
      "instances": [
        {
          "schema_version": 1,
          "attributes_flat": {
            "acd_auto_answer": "false",
            "addresses.#": "0",
            "certifications.#": "0",
            "department": "",
            "division_id": "f267d1b7-dd0d-4b0c-97fe-d7cf3b6e85e7",
            "email": "mat.danish@genesys.com",
            "employer_info.#": "0",
            "id": "1d30a8ea-980b-4322-b29b-812e92b479e7",
            "locations.#": "0",
            "manager": "",
            "name": "Mat S Danish",
            "profile_skills.#": "0",
            "routing_languages.#": "0",
            "routing_skills.#": "0",
            "routing_utilization.#": "0",
            "state": "active",
            "title": ""
          },
          "sensitive_attributes": []
        }
      ]
    },
    {
      "mode": "managed",
      "type": "genesyscloud_user",
      "name": "mateo_revilla_genesys_com_1070017417",
      "provider": "provider[\"registry.terraform.io/-/genesyscloud\"]",
      "instances": [
        {
          "schema_version": 1,
          "attributes_flat": {
            "acd_auto_answer": "false",
            "addresses.#": "0",
            "certifications.#": "2",
            "certifications.1381007501": "Technical Sales",
            "certifications.2516029726": "Genesys Could",
            "department": "CallCenter",
            "division_id": "f267d1b7-dd0d-4b0c-97fe-d7cf3b6e85e7",
            "email": "mateo.revilla@genesys.com",
            "employer_info.#": "0",
            "id": "919358e4-71b3-4c82-b4e0-981168e5e26d",
            "locations.#": "1",
            "locations.4117695083.location_id": "bbb1e33d-7646-457c-a17e-4908285d00d3",
            "locations.4117695083.notes": "",
            "manager": "",
            "name": "Mateo Revilla",
            "profile_skills.#": "3",
            "profile_skills.1266827202": "AWS",
            "profile_skills.3154086079": "Spanish",
            "profile_skills.4261725386": "Genesys Cloud",
            "routing_languages.#": "0",
            "routing_skills.#": "0",
            "routing_utilization.#": "0",
            "state": "active",
            "title": "Master Admin"
          },
          "sensitive_attributes": []
        }
      ]
    },
    {
      "mode": "managed",
      "type": "genesyscloud_user",
      "name": "mathew_danish_genesys_com_2496354351",
      "provider": "provider[\"registry.terraform.io/-/genesyscloud\"]",
      "instances": [
        {
          "schema_version": 1,
          "attributes_flat": {
            "acd_auto_answer": "false",
            "addresses.#": "1",
            "addresses.0.other_emails.#": "0",
            "addresses.0.phone_numbers.#": "1",
            "addresses.0.phone_numbers.2722677946.extension": "",
            "addresses.0.phone_numbers.2722677946.media_type": "PHONE",
            "addresses.0.phone_numbers.2722677946.number": "+12892036193",
            "addresses.0.phone_numbers.2722677946.type": "WORK",
            "certifications.#": "1",
            "certifications.706216720": "Brocade Certified Network Engineer",
            "department": "",
            "division_id": "f267d1b7-dd0d-4b0c-97fe-d7cf3b6e85e7",
            "email": "mathew.danish@genesys.com",
            "employer_info.#": "0",
            "id": "8a94d7f0-018f-4179-b28a-d132f0734305",
            "locations.#": "0",
            "manager": "b146693a-e72f-4d37-b7e4-4cf1f8045848",
            "name": "Mathew Danish",
            "profile_skills.#": "3",
            "profile_skills.2589190141": "English",
            "profile_skills.3442720902": "Billing Escalations",
            "profile_skills.889353570": "Architect",
            "routing_languages.#": "0",
            "routing_skills.#": "2",
            "routing_skills.2051871750.proficiency": "5",
            "routing_skills.2051871750.skill_id": "2353272a-7cdc-4b5e-bc1f-3dbc1e4ac62b",
            "routing_skills.2456358415.proficiency": "5",
            "routing_skills.2456358415.skill_id": "f99c0dea-0058-4006-ba02-a9aca810d096",
            "routing_utilization.#": "1",
            "routing_utilization.0.call.#": "1",
            "routing_utilization.0.call.0.include_non_acd": "false",
            "routing_utilization.0.call.0.interruptible_media_types.#": "4",
            "routing_utilization.0.call.0.interruptible_media_types.1433391533": "chat",
            "routing_utilization.0.call.0.interruptible_media_types.2735068980": "message",
            "routing_utilization.0.call.0.interruptible_media_types.2977790496": "callback",
            "routing_utilization.0.call.0.interruptible_media_types.881205744": "email",
            "routing_utilization.0.call.0.maximum_capacity": "8",
            "routing_utilization.0.callback.#": "1",
            "routing_utilization.0.callback.0.include_non_acd": "false",
            "routing_utilization.0.callback.0.interruptible_media_types.#": "2",
            "routing_utilization.0.callback.0.interruptible_media_types.1433391533": "chat",
            "routing_utilization.0.callback.0.interruptible_media_types.2728695085": "call",
            "routing_utilization.0.callback.0.maximum_capacity": "2",
            "routing_utilization.0.chat.#": "1",
            "routing_utilization.0.chat.0.include_non_acd": "false",
            "routing_utilization.0.chat.0.interruptible_media_types.#": "4",
            "routing_utilization.0.chat.0.interruptible_media_types.2728695085": "call",
            "routing_utilization.0.chat.0.interruptible_media_types.2735068980": "message",
            "routing_utilization.0.chat.0.interruptible_media_types.2977790496": "callback",
            "routing_utilization.0.chat.0.interruptible_media_types.881205744": "email",
            "routing_utilization.0.chat.0.maximum_capacity": "5",
            "routing_utilization.0.email.#": "1",
            "routing_utilization.0.email.0.include_non_acd": "false",
            "routing_utilization.0.email.0.interruptible_media_types.#": "4",
            "routing_utilization.0.email.0.interruptible_media_types.1433391533": "chat",
            "routing_utilization.0.email.0.interruptible_media_types.2728695085": "call",
            "routing_utilization.0.email.0.interruptible_media_types.2735068980": "message",
            "routing_utilization.0.email.0.interruptible_media_types.2977790496": "callback",
            "routing_utilization.0.email.0.maximum_capacity": "5",
            "routing_utilization.0.message.#": "1",
            "routing_utilization.0.message.0.include_non_acd": "false",
            "routing_utilization.0.message.0.interruptible_media_types.#": "4",
            "routing_utilization.0.message.0.interruptible_media_types.1433391533": "chat",
            "routing_utilization.0.message.0.interruptible_media_types.2728695085": "call",
            "routing_utilization.0.message.0.interruptible_media_types.2977790496": "callback",
            "routing_utilization.0.message.0.interruptible_media_types.881205744": "email",
            "routing_utilization.0.message.0.maximum_capacity": "5",
            "routing_utilization.0.video.#": "1",
            "routing_utilization.0.video.0.include_non_acd": "false",
            "routing_utilization.0.video.0.interruptible_media_types.#": "0",
            "routing_utilization.0.video.0.maximum_capacity": "1",
            "state": "active",
            "title": "Solutions Consultant"
          },
          "sensitive_attributes": []
        }
      ]
    },
    {
      "mode": "managed",
      "type": "genesyscloud_user",
      "name": "matthew_griffin_genesys_com_3465974181",
      "provider": "provider[\"registry.terraform.io/-/genesyscloud\"]",
      "instances": [
        {
          "schema_version": 1,
          "attributes_flat": {
            "acd_auto_answer": "false",
            "addresses.#": "0",
            "certifications.#": "0",
            "department": "",
            "division_id": "f267d1b7-dd0d-4b0c-97fe-d7cf3b6e85e7",
            "email": "matthew.griffin@genesys.com",
            "employer_info.#": "0",
            "id": "de79c183-9fb8-404d-a0cc-a5023ecfb371",
            "locations.#": "0",
            "manager": "",
            "name": "Matthew Griffin",
            "profile_skills.#": "0",
            "routing_languages.#": "0",
            "routing_skills.#": "0",
            "routing_utilization.#": "0",
            "state": "active",
            "title": ""
          },
          "sensitive_attributes": []
        }
      ]
    },
    {
      "mode": "managed",
      "type": "genesyscloud_user",
      "name": "matthew_holmes2_genesys_com_1009181568",
      "provider": "provider[\"registry.terraform.io/-/genesyscloud\"]",
      "instances": [
        {
          "schema_version": 1,
          "attributes_flat": {
            "acd_auto_answer": "false",
            "addresses.#": "0",
            "certifications.#": "0",
            "department": "",
            "division_id": "f267d1b7-dd0d-4b0c-97fe-d7cf3b6e85e7",
            "email": "matthew.holmes2@genesys.com",
            "employer_info.#": "1",
            "employer_info.0.date_hire": "2021-07-07",
            "employer_info.0.employee_id": "",
            "employer_info.0.employee_type": "",
            "employer_info.0.official_name": "",
            "id": "bcf09b86-9e64-4537-9f90-b37168ed6acc",
            "locations.#": "0",
            "manager": "c9cc59dc-7818-4708-b614-b4a49bca26d2",
            "name": "Matthew Holmes",
            "profile_skills.#": "0",
            "routing_languages.#": "0",
            "routing_skills.#": "1",
            "routing_skills.608366147.proficiency": "5",
            "routing_skills.608366147.skill_id": "170d91ce-b63a-44ea-a816-a1f9ba66c160",
            "routing_utilization.#": "0",
            "state": "active",
            "title": ""
          },
          "sensitive_attributes": []
        }
      ]
    },
    {
      "mode": "managed",
      "type": "genesyscloud_user",
      "name": "michael_goodin_genesys_com_2028135707",
      "provider": "provider[\"registry.terraform.io/-/genesyscloud\"]",
      "instances": [
        {
          "schema_version": 1,
          "attributes_flat": {
            "acd_auto_answer": "false",
            "addresses.#": "0",
            "certifications.#": "0",
            "department": "",
            "division_id": "f267d1b7-dd0d-4b0c-97fe-d7cf3b6e85e7",
            "email": "michael.goodin@genesys.com",
            "employer_info.#": "0",
            "id": "411ef8b4-3a7d-4279-998c-f2847d0e53b1",
            "locations.#": "0",
            "manager": "",
            "name": "Michael Goodin",
            "profile_skills.#": "0",
            "routing_languages.#": "0",
            "routing_skills.#": "0",
            "routing_utilization.#": "0",
            "state": "active",
            "title": ""
          },
          "sensitive_attributes": []
        }
      ]
    },
    {
      "mode": "managed",
      "type": "genesyscloud_user",
      "name": "michaelscott_purecloud_genesys_com_3274455117",
      "provider": "provider[\"registry.terraform.io/-/genesyscloud\"]",
      "instances": [
        {
          "schema_version": 1,
          "attributes_flat": {
            "acd_auto_answer": "false",
            "addresses.#": "0",
            "certifications.#": "0",
            "department": "Regional Sales",
            "division_id": "f267d1b7-dd0d-4b0c-97fe-d7cf3b6e85e7",
            "email": "michaelscott.purecloud@genesys.com",
            "employer_info.#": "0",
            "id": "c3b75a37-4116-4e2c-880d-a55031fd27ac",
            "locations.#": "0",
            "manager": "",
            "name": "Michael Scott",
            "profile_skills.#": "0",
            "routing_languages.#": "0",
            "routing_skills.#": "0",
            "routing_utilization.#": "0",
            "state": "active",
            "title": "Co-Manager"
          },
          "sensitive_attributes": []
        }
      ]
    },
    {
      "mode": "managed",
      "type": "genesyscloud_user",
      "name": "mike_rice_genesys_com_3489921651",
      "provider": "provider[\"registry.terraform.io/-/genesyscloud\"]",
      "instances": [
        {
          "schema_version": 1,
          "attributes_flat": {
            "acd_auto_answer": "false",
            "addresses.#": "0",
            "certifications.#": "0",
            "department": "Channel Team",
            "division_id": "f267d1b7-dd0d-4b0c-97fe-d7cf3b6e85e7",
            "email": "mike.rice@genesys.com",
            "employer_info.#": "0",
            "id": "d5607fe5-79e9-4385-8910-701b4f92462b",
            "locations.#": "0",
            "manager": "",
            "name": "Mike Rice",
            "profile_skills.#": "0",
            "routing_languages.#": "2",
            "routing_languages.2258890735.language_id": "41c777f1-2090-4aa3-8ccf-c184bb0cd370",
            "routing_languages.2258890735.proficiency": "4",
            "routing_languages.2999044839.language_id": "a8929df8-b7ea-4165-955b-3573ec593a90",
            "routing_languages.2999044839.proficiency": "4",
            "routing_skills.#": "1",
            "routing_skills.622121663.proficiency": "5",
            "routing_skills.622121663.skill_id": "8028eb03-219d-4188-9c09-a86d849cba19",
            "routing_utilization.#": "0",
            "state": "active",
            "title": "Principal Solutions Consultant"
          },
          "sensitive_attributes": []
        }
      ]
    },
    {
      "mode": "managed",
      "type": "genesyscloud_user",
      "name": "mike_walkup_genesys_com_1610232428",
      "provider": "provider[\"registry.terraform.io/-/genesyscloud\"]",
      "instances": [
        {
          "schema_version": 1,
          "attributes_flat": {
            "acd_auto_answer": "false",
            "addresses.#": "0",
            "certifications.#": "2",
            "certifications.2021238464": "CIC 4.0",
            "certifications.677868036": "Dragon flying",
            "department": "Solutions Consultant",
            "division_id": "f267d1b7-dd0d-4b0c-97fe-d7cf3b6e85e7",
            "email": "mike.walkup@genesys.com",
            "employer_info.#": "0",
            "id": "c9cc59dc-7818-4708-b614-b4a49bca26d2",
            "locations.#": "1",
            "locations.4117695083.location_id": "bbb1e33d-7646-457c-a17e-4908285d00d3",
            "locations.4117695083.notes": "",
            "manager": "",
            "name": "Michael Walkup",
            "profile_skills.#": "3",
            "profile_skills.3018033167": "Flows",
            "profile_skills.3823648689": "chaos",
            "profile_skills.4223291133": "PURECLOUD",
            "routing_languages.#": "1",
            "routing_languages.2808580919.language_id": "171fbb4f-d39c-4955-bcdb-7e80fa2bb234",
            "routing_languages.2808580919.proficiency": "4",
            "routing_skills.#": "1",
            "routing_skills.1524877902.proficiency": "5",
            "routing_skills.1524877902.skill_id": "eb4244c0-582d-4baf-8f44-771b0111d5a3",
            "routing_utilization.#": "0",
            "state": "active",
            "title": ""
          },
          "sensitive_attributes": []
        }
      ]
    },
    {
      "mode": "managed",
      "type": "genesyscloud_user",
      "name": "mpower123_hotmail_com_2519562850",
      "provider": "provider[\"registry.terraform.io/-/genesyscloud\"]",
      "instances": [
        {
          "schema_version": 1,
          "attributes_flat": {
            "acd_auto_answer": "false",
            "addresses.#": "0",
            "certifications.#": "0",
            "department": "customer service",
            "division_id": "f267d1b7-dd0d-4b0c-97fe-d7cf3b6e85e7",
            "email": "mpower123@hotmail.com",
            "employer_info.#": "0",
            "id": "071f71a7-4fbc-440e-86b2-ea754d788632",
            "locations.#": "0",
            "manager": "",
            "name": "Max Power",
            "profile_skills.#": "0",
            "routing_languages.#": "0",
            "routing_skills.#": "0",
            "routing_utilization.#": "0",
            "state": "active",
            "title": ""
          },
          "sensitive_attributes": []
        }
      ]
    },
    {
      "mode": "managed",
      "type": "genesyscloud_user",
      "name": "mycroft_walkup_genesys_com_86583806",
      "provider": "provider[\"registry.terraform.io/-/genesyscloud\"]",
      "instances": [
        {
          "schema_version": 1,
          "attributes_flat": {
            "acd_auto_answer": "false",
            "addresses.#": "0",
            "certifications.#": "0",
            "department": "",
            "division_id": "f267d1b7-dd0d-4b0c-97fe-d7cf3b6e85e7",
            "email": "mycroft.walkup@genesys.com",
            "employer_info.#": "0",
            "id": "0d49728c-d6e3-4b1a-a4b0-98723cf14936",
            "locations.#": "0",
            "manager": "",
            "name": "Mycroft Walkup",
            "profile_skills.#": "0",
            "routing_languages.#": "0",
            "routing_skills.#": "0",
            "routing_utilization.#": "0",
            "state": "active",
            "title": ""
          },
          "sensitive_attributes": []
        }
      ]
    },
    {
      "mode": "managed",
      "type": "genesyscloud_user",
      "name": "najih_gholm_com_3604049571",
      "provider": "provider[\"registry.terraform.io/-/genesyscloud\"]",
      "instances": [
        {
          "schema_version": 1,
          "attributes_flat": {
            "acd_auto_answer": "false",
            "addresses.#": "0",
            "certifications.#": "0",
            "department": "",
            "division_id": "f267d1b7-dd0d-4b0c-97fe-d7cf3b6e85e7",
            "email": "najih@gholm.com",
            "employer_info.#": "0",
            "id": "f4ab2e18-2117-4940-a8dc-0e01b3acebe7",
            "locations.#": "0",
            "manager": "",
            "name": "Naji Hora",
            "profile_skills.#": "0",
            "routing_languages.#": "0",
            "routing_skills.#": "0",
            "routing_utilization.#": "0",
            "state": "active",
            "title": ""
          },
          "sensitive_attributes": []
        }
      ]
    },
    {
      "mode": "managed",
      "type": "genesyscloud_user",
      "name": "nathan_kemp_genesys_com_1817985539",
      "provider": "provider[\"registry.terraform.io/-/genesyscloud\"]",
      "instances": [
        {
          "schema_version": 1,
          "attributes_flat": {
            "acd_auto_answer": "false",
            "addresses.#": "0",
            "certifications.#": "2",
            "certifications.1153606701": "TLA",
            "certifications.2442575157": "FLAS",
            "department": "Walkup's Minion",
            "division_id": "f267d1b7-dd0d-4b0c-97fe-d7cf3b6e85e7",
            "email": "nathan.kemp@genesys.com",
            "employer_info.#": "0",
            "id": "73e74661-7896-4e90-93b7-dfe4e1bdb187",
            "locations.#": "1",
            "locations.1184485572.location_id": "f556f34d-fcb4-434f-ad22-765fdb08cef6",
            "locations.1184485572.notes": "",
            "manager": "c89b51fc-99f4-4524-bb5a-304ddfc65ce4",
            "name": "Nathan Kemp",
            "profile_skills.#": "5",
            "profile_skills.1261142764": "Underwater Basket Weaving",
            "profile_skills.3154086079": "Spanish",
            "profile_skills.3347997158": "Seeing (W/ out color)",
            "profile_skills.360646502": "Sales",
            "profile_skills.985378413": "Finance",
            "routing_languages.#": "1",
            "routing_languages.2883255206.language_id": "a8929df8-b7ea-4165-955b-3573ec593a90",
            "routing_languages.2883255206.proficiency": "5",
            "routing_skills.#": "0",
            "routing_utilization.#": "0",
            "state": "active",
            "title": "Associate Solutions Consultant"
          },
          "sensitive_attributes": []
        }
      ]
    },
    {
      "mode": "managed",
      "type": "genesyscloud_user",
      "name": "nathanael_fadil_genesys_com_1001187232",
      "provider": "provider[\"registry.terraform.io/-/genesyscloud\"]",
      "instances": [
        {
          "schema_version": 1,
          "attributes_flat": {
            "acd_auto_answer": "false",
            "addresses.#": "0",
            "certifications.#": "0",
            "department": "",
            "division_id": "f267d1b7-dd0d-4b0c-97fe-d7cf3b6e85e7",
            "email": "nathanael.fadil@genesys.com",
            "employer_info.#": "0",
            "id": "96d9a367-b5cc-4390-ad72-98b38f942065",
            "locations.#": "0",
            "manager": "",
            "name": "Nathanael Fadil",
            "profile_skills.#": "3",
            "profile_skills.1411945196": "communication",
            "profile_skills.315818576": "sales",
            "profile_skills.552890018": "marketing",
            "routing_languages.#": "0",
            "routing_skills.#": "0",
            "routing_utilization.#": "0",
            "state": "active",
            "title": ""
          },
          "sensitive_attributes": []
        }
      ]
    },
    {
      "mode": "managed",
      "type": "genesyscloud_user",
      "name": "nicole2_test_com_3808802570",
      "provider": "provider[\"registry.terraform.io/-/genesyscloud\"]",
      "instances": [
        {
          "schema_version": 1,
          "attributes_flat": {
            "acd_auto_answer": "false",
            "addresses.#": "0",
            "certifications.#": "0",
            "department": "",
            "division_id": "f267d1b7-dd0d-4b0c-97fe-d7cf3b6e85e7",
            "email": "nicole2@test.com",
            "employer_info.#": "0",
            "id": "bfb5adf2-d618-44de-b3e7-b05969c0e451",
            "locations.#": "0",
            "manager": "",
            "name": "Emma Watt",
            "profile_skills.#": "0",
            "routing_languages.#": "0",
            "routing_skills.#": "2",
            "routing_skills.1425991842.proficiency": "5",
            "routing_skills.1425991842.skill_id": "14d6af64-ec15-4529-8a96-25cf804cf852",
            "routing_skills.383459234.proficiency": "2",
            "routing_skills.383459234.skill_id": "cdb89b77-87cc-43bd-8285-f4866e44aaa7",
            "routing_utilization.#": "0",
            "state": "active",
            "title": ""
          },
          "sensitive_attributes": []
        }
      ]
    },
    {
      "mode": "managed",
      "type": "genesyscloud_user",
      "name": "nicole3_test_com_1210406525",
      "provider": "provider[\"registry.terraform.io/-/genesyscloud\"]",
      "instances": [
        {
          "schema_version": 1,
          "attributes_flat": {
            "acd_auto_answer": "false",
            "addresses.#": "0",
            "certifications.#": "0",
            "department": "",
            "division_id": "f267d1b7-dd0d-4b0c-97fe-d7cf3b6e85e7",
            "email": "nicole3@test.com",
            "employer_info.#": "0",
            "id": "7d55701e-45e5-47af-8276-88ac6cd99e7f",
            "locations.#": "0",
            "manager": "",
            "name": "Iona Smith",
            "profile_skills.#": "0",
            "routing_languages.#": "1",
            "routing_languages.3667027121.language_id": "97c094b5-390d-4a23-9498-5a6a157a381d",
            "routing_languages.3667027121.proficiency": "0",
            "routing_skills.#": "1",
            "routing_skills.2562548840.proficiency": "0",
            "routing_skills.2562548840.skill_id": "a9fc3326-b02b-4956-a863-f0804f9cdf42",
            "routing_utilization.#": "0",
            "state": "active",
            "title": ""
          },
          "sensitive_attributes": []
        }
      ]
    },
    {
      "mode": "managed",
      "type": "genesyscloud_user",
      "name": "nicole4_test_com_126119252",
      "provider": "provider[\"registry.terraform.io/-/genesyscloud\"]",
      "instances": [
        {
          "schema_version": 1,
          "attributes_flat": {
            "acd_auto_answer": "false",
            "addresses.#": "0",
            "certifications.#": "0",
            "department": "",
            "division_id": "f267d1b7-dd0d-4b0c-97fe-d7cf3b6e85e7",
            "email": "nicole4@test.com",
            "employer_info.#": "0",
            "id": "0c5fa8e6-fcac-4c44-af18-0b5db6be59f8",
            "locations.#": "0",
            "manager": "",
            "name": "Phoebe Logan",
            "profile_skills.#": "0",
            "routing_languages.#": "1",
            "routing_languages.3272298035.language_id": "171fbb4f-d39c-4955-bcdb-7e80fa2bb234",
            "routing_languages.3272298035.proficiency": "0",
            "routing_skills.#": "2",
            "routing_skills.2676537102.proficiency": "0",
            "routing_skills.2676537102.skill_id": "14d6af64-ec15-4529-8a96-25cf804cf852",
            "routing_skills.3630898187.proficiency": "3",
            "routing_skills.3630898187.skill_id": "bfaf2e79-7387-405a-84c3-98d628aa2552",
            "routing_utilization.#": "0",
            "state": "active",
            "title": ""
          },
          "sensitive_attributes": []
        }
      ]
    },
    {
      "mode": "managed",
      "type": "genesyscloud_user",
      "name": "nicole5_genesys_com_3766504417",
      "provider": "provider[\"registry.terraform.io/-/genesyscloud\"]",
      "instances": [
        {
          "schema_version": 1,
          "attributes_flat": {
            "acd_auto_answer": "false",
            "addresses.#": "0",
            "certifications.#": "0",
            "department": "",
            "division_id": "f267d1b7-dd0d-4b0c-97fe-d7cf3b6e85e7",
            "email": "nicole5@genesys.com",
            "employer_info.#": "0",
            "id": "fb8a8504-7cb4-4305-b166-51028cdacb22",
            "locations.#": "0",
            "manager": "",
            "name": "Rebecca Blair",
            "profile_skills.#": "0",
            "routing_languages.#": "1",
            "routing_languages.2563928349.language_id": "16fdcf7b-fbbf-4921-9938-c5e533a110bd",
            "routing_languages.2563928349.proficiency": "0",
            "routing_skills.#": "1",
            "routing_skills.2562548840.proficiency": "0",
            "routing_skills.2562548840.skill_id": "a9fc3326-b02b-4956-a863-f0804f9cdf42",
            "routing_utilization.#": "0",
            "state": "active",
            "title": ""
          },
          "sensitive_attributes": []
        }
      ]
    },
    {
      "mode": "managed",
      "type": "genesyscloud_user",
      "name": "nicole_herrington_genesys_com_3999947020",
      "provider": "provider[\"registry.terraform.io/-/genesyscloud\"]",
      "instances": [
        {
          "schema_version": 1,
          "attributes_flat": {
            "acd_auto_answer": "false",
            "addresses.#": "1",
            "addresses.0.other_emails.#": "0",
            "addresses.0.phone_numbers.#": "2",
            "addresses.0.phone_numbers.1090343666.extension": "462",
            "addresses.0.phone_numbers.1090343666.media_type": "PHONE",
            "addresses.0.phone_numbers.1090343666.number": "462",
            "addresses.0.phone_numbers.1090343666.type": "WORK2",
            "addresses.0.phone_numbers.3888051360.extension": "",
            "addresses.0.phone_numbers.3888051360.media_type": "PHONE",
            "addresses.0.phone_numbers.3888051360.number": "+13176802146",
            "addresses.0.phone_numbers.3888051360.type": "MOBILE",
            "certifications.#": "0",
            "department": "",
            "division_id": "f267d1b7-dd0d-4b0c-97fe-d7cf3b6e85e7",
            "email": "nicole.herrington@genesys.com",
            "employer_info.#": "0",
            "id": "c1e68b4b-8c95-4bda-8bff-1975e9337b60",
            "locations.#": "0",
            "manager": "c9cc59dc-7818-4708-b614-b4a49bca26d2",
            "name": "Nicole Herrington",
            "profile_skills.#": "1",
            "profile_skills.2895121477": "Billing",
            "routing_languages.#": "0",
            "routing_skills.#": "1",
            "routing_skills.608366147.proficiency": "5",
            "routing_skills.608366147.skill_id": "170d91ce-b63a-44ea-a816-a1f9ba66c160",
            "routing_utilization.#": "1",
            "routing_utilization.0.call.#": "1",
            "routing_utilization.0.call.0.include_non_acd": "false",
            "routing_utilization.0.call.0.interruptible_media_types.#": "4",
            "routing_utilization.0.call.0.interruptible_media_types.1433391533": "chat",
            "routing_utilization.0.call.0.interruptible_media_types.2735068980": "message",
            "routing_utilization.0.call.0.interruptible_media_types.2977790496": "callback",
            "routing_utilization.0.call.0.interruptible_media_types.881205744": "email",
            "routing_utilization.0.call.0.maximum_capacity": "1",
            "routing_utilization.0.callback.#": "1",
            "routing_utilization.0.callback.0.include_non_acd": "false",
            "routing_utilization.0.callback.0.interruptible_media_types.#": "2",
            "routing_utilization.0.callback.0.interruptible_media_types.1433391533": "chat",
            "routing_utilization.0.callback.0.interruptible_media_types.2728695085": "call",
            "routing_utilization.0.callback.0.maximum_capacity": "2",
            "routing_utilization.0.chat.#": "1",
            "routing_utilization.0.chat.0.include_non_acd": "false",
            "routing_utilization.0.chat.0.interruptible_media_types.#": "4",
            "routing_utilization.0.chat.0.interruptible_media_types.2728695085": "call",
            "routing_utilization.0.chat.0.interruptible_media_types.2735068980": "message",
            "routing_utilization.0.chat.0.interruptible_media_types.2977790496": "callback",
            "routing_utilization.0.chat.0.interruptible_media_types.881205744": "email",
            "routing_utilization.0.chat.0.maximum_capacity": "10",
            "routing_utilization.0.email.#": "1",
            "routing_utilization.0.email.0.include_non_acd": "false",
            "routing_utilization.0.email.0.interruptible_media_types.#": "4",
            "routing_utilization.0.email.0.interruptible_media_types.1433391533": "chat",
            "routing_utilization.0.email.0.interruptible_media_types.2728695085": "call",
            "routing_utilization.0.email.0.interruptible_media_types.2735068980": "message",
            "routing_utilization.0.email.0.interruptible_media_types.2977790496": "callback",
            "routing_utilization.0.email.0.maximum_capacity": "10",
            "routing_utilization.0.message.#": "1",
            "routing_utilization.0.message.0.include_non_acd": "false",
            "routing_utilization.0.message.0.interruptible_media_types.#": "4",
            "routing_utilization.0.message.0.interruptible_media_types.1433391533": "chat",
            "routing_utilization.0.message.0.interruptible_media_types.2728695085": "call",
            "routing_utilization.0.message.0.interruptible_media_types.2977790496": "callback",
            "routing_utilization.0.message.0.interruptible_media_types.881205744": "email",
            "routing_utilization.0.message.0.maximum_capacity": "10",
            "routing_utilization.0.video.#": "1",
            "routing_utilization.0.video.0.include_non_acd": "false",
            "routing_utilization.0.video.0.interruptible_media_types.#": "0",
            "routing_utilization.0.video.0.maximum_capacity": "1",
            "state": "active",
            "title": ""
          },
          "sensitive_attributes": []
        }
      ]
    },
    {
      "mode": "managed",
      "type": "genesyscloud_user",
      "name": "nomomomo_yahool_com_3954968473",
      "provider": "provider[\"registry.terraform.io/-/genesyscloud\"]",
      "instances": [
        {
          "schema_version": 1,
          "attributes_flat": {
            "acd_auto_answer": "false",
            "addresses.#": "0",
            "certifications.#": "0",
            "department": "",
            "division_id": "f267d1b7-dd0d-4b0c-97fe-d7cf3b6e85e7",
            "email": "nomomomo@yahool.com",
            "employer_info.#": "0",
            "id": "4e504588-76ff-4836-9202-1efe63186ba4",
            "locations.#": "0",
            "manager": "",
            "name": "abed momo",
            "profile_skills.#": "0",
            "routing_languages.#": "0",
            "routing_skills.#": "0",
            "routing_utilization.#": "0",
            "state": "active",
            "title": ""
          },
          "sensitive_attributes": []
        }
      ]
    },
    {
      "mode": "managed",
      "type": "genesyscloud_user",
      "name": "oktaperson1234_gmail_com_1321179654",
      "provider": "provider[\"registry.terraform.io/-/genesyscloud\"]",
      "instances": [
        {
          "schema_version": 1,
          "attributes_flat": {
            "acd_auto_answer": "false",
            "addresses.#": "0",
            "certifications.#": "0",
            "department": "",
            "division_id": "f267d1b7-dd0d-4b0c-97fe-d7cf3b6e85e7",
            "email": "oktaperson1234@gmail.com",
            "employer_info.#": "0",
            "id": "eeb6af9c-192f-4ebc-9cae-3276b5485365",
            "locations.#": "0",
            "manager": "",
            "name": "Okta Person",
            "profile_skills.#": "0",
            "routing_languages.#": "0",
            "routing_skills.#": "0",
            "routing_utilization.#": "0",
            "state": "active",
            "title": ""
          },
          "sensitive_attributes": []
        }
      ]
    },
    {
      "mode": "managed",
      "type": "genesyscloud_user",
      "name": "patrizio_capolli_genesyssc13_com_2446885788",
      "provider": "provider[\"registry.terraform.io/-/genesyscloud\"]",
      "instances": [
        {
          "schema_version": 1,
          "attributes_flat": {
            "acd_auto_answer": "false",
            "addresses.#": "0",
            "certifications.#": "4",
            "certifications.1238602156": "Series 6",
            "certifications.1962520819": "Series 63",
            "certifications.2262405204": "aws certied solutions architect",
            "certifications.3149044603": "SIE",
            "department": "CallCenter",
            "division_id": "f267d1b7-dd0d-4b0c-97fe-d7cf3b6e85e7",
            "email": "patrizio.capolli@genesyssc13.com",
            "employer_info.#": "0",
            "id": "7c3caa02-c550-440d-b482-1c14f9052433",
            "locations.#": "1",
            "locations.4117695083.location_id": "bbb1e33d-7646-457c-a17e-4908285d00d3",
            "locations.4117695083.notes": "",
            "manager": "",
            "name": "Patrizio Capolli",
            "profile_skills.#": "5",
            "profile_skills.1879295253": "401k",
            "profile_skills.2444350939": "printer specialist",
            "profile_skills.3285044283": "finance",
            "profile_skills.399664736": "microsoft office 365",
            "profile_skills.4237658": "call center expierence",
            "routing_languages.#": "0",
            "routing_skills.#": "0",
            "routing_utilization.#": "0",
            "state": "active",
            "title": "Master Admin"
          },
          "sensitive_attributes": []
        }
      ]
    },
    {
      "mode": "managed",
      "type": "genesyscloud_user",
      "name": "pcapolli_gmail_com_937742110",
      "provider": "provider[\"registry.terraform.io/-/genesyscloud\"]",
      "instances": [
        {
          "schema_version": 1,
          "attributes_flat": {
            "acd_auto_answer": "false",
            "addresses.#": "0",
            "certifications.#": "0",
            "department": "",
            "division_id": "f267d1b7-dd0d-4b0c-97fe-d7cf3b6e85e7",
            "email": "pcapolli@gmail.com",
            "employer_info.#": "0",
            "id": "a3a96406-ed4e-48d5-bb0c-8aacd40870ce",
            "locations.#": "0",
            "manager": "7c3caa02-c550-440d-b482-1c14f9052433",
            "name": "Max Wilson",
            "profile_skills.#": "0",
            "routing_languages.#": "0",
            "routing_skills.#": "0",
            "routing_utilization.#": "0",
            "state": "active",
            "title": ""
          },
          "sensitive_attributes": []
        }
      ]
    },
    {
      "mode": "managed",
      "type": "genesyscloud_user",
      "name": "rizriz_dxb_con_145264847",
      "provider": "provider[\"registry.terraform.io/-/genesyscloud\"]",
      "instances": [
        {
          "schema_version": 1,
          "attributes_flat": {
            "acd_auto_answer": "false",
            "addresses.#": "0",
            "certifications.#": "0",
            "department": "",
            "division_id": "f267d1b7-dd0d-4b0c-97fe-d7cf3b6e85e7",
            "email": "rizriz@dxb.con",
            "employer_info.#": "0",
            "id": "274f054f-2428-4626-a853-56f125123706",
            "locations.#": "0",
            "manager": "",
            "name": "Riz Abed",
            "profile_skills.#": "0",
            "routing_languages.#": "0",
            "routing_skills.#": "0",
            "routing_utilization.#": "0",
            "state": "active",
            "title": ""
          },
          "sensitive_attributes": []
        }
      ]
    },
    {
      "mode": "managed",
      "type": "genesyscloud_user",
      "name": "ryan_duffy_genesys_com_4240544476",
      "provider": "provider[\"registry.terraform.io/-/genesyscloud\"]",
      "instances": [
        {
          "schema_version": 1,
          "attributes_flat": {
            "acd_auto_answer": "false",
            "addresses.#": "1",
            "addresses.0.other_emails.#": "0",
            "addresses.0.phone_numbers.#": "1",
            "addresses.0.phone_numbers.1496574282.extension": "",
            "addresses.0.phone_numbers.1496574282.media_type": "PHONE",
            "addresses.0.phone_numbers.1496574282.number": "+12892037046",
            "addresses.0.phone_numbers.1496574282.type": "WORK",
            "certifications.#": "3",
            "certifications.1336688320": "REV UP People Management Leadership Skills",
            "certifications.1452989288": "AWS: Going Cloud Native Pt 1",
            "certifications.3652645564": "Ontario Certified Teacher",
            "department": "",
            "division_id": "f267d1b7-dd0d-4b0c-97fe-d7cf3b6e85e7",
            "email": "ryan.duffy@genesys.com",
            "employer_info.#": "0",
            "id": "e3e2fbc1-6354-4dd5-82ca-8e7f53a80ade",
            "locations.#": "0",
            "manager": "c9cc59dc-7818-4708-b614-b4a49bca26d2",
            "name": "Ryan Duffy",
            "profile_skills.#": "2",
            "profile_skills.1772802099": "Python",
            "profile_skills.549991944": "French",
            "routing_languages.#": "0",
            "routing_skills.#": "1",
            "routing_skills.608366147.proficiency": "5",
            "routing_skills.608366147.skill_id": "170d91ce-b63a-44ea-a816-a1f9ba66c160",
            "routing_utilization.#": "1",
            "routing_utilization.0.call.#": "1",
            "routing_utilization.0.call.0.include_non_acd": "false",
            "routing_utilization.0.call.0.interruptible_media_types.#": "4",
            "routing_utilization.0.call.0.interruptible_media_types.1433391533": "chat",
            "routing_utilization.0.call.0.interruptible_media_types.2735068980": "message",
            "routing_utilization.0.call.0.interruptible_media_types.2977790496": "callback",
            "routing_utilization.0.call.0.interruptible_media_types.881205744": "email",
            "routing_utilization.0.call.0.maximum_capacity": "2",
            "routing_utilization.0.callback.#": "1",
            "routing_utilization.0.callback.0.include_non_acd": "false",
            "routing_utilization.0.callback.0.interruptible_media_types.#": "2",
            "routing_utilization.0.callback.0.interruptible_media_types.1433391533": "chat",
            "routing_utilization.0.callback.0.interruptible_media_types.2728695085": "call",
            "routing_utilization.0.callback.0.maximum_capacity": "2",
            "routing_utilization.0.chat.#": "1",
            "routing_utilization.0.chat.0.include_non_acd": "false",
            "routing_utilization.0.chat.0.interruptible_media_types.#": "4",
            "routing_utilization.0.chat.0.interruptible_media_types.2728695085": "call",
            "routing_utilization.0.chat.0.interruptible_media_types.2735068980": "message",
            "routing_utilization.0.chat.0.interruptible_media_types.2977790496": "callback",
            "routing_utilization.0.chat.0.interruptible_media_types.881205744": "email",
            "routing_utilization.0.chat.0.maximum_capacity": "5",
            "routing_utilization.0.email.#": "1",
            "routing_utilization.0.email.0.include_non_acd": "false",
            "routing_utilization.0.email.0.interruptible_media_types.#": "4",
            "routing_utilization.0.email.0.interruptible_media_types.1433391533": "chat",
            "routing_utilization.0.email.0.interruptible_media_types.2728695085": "call",
            "routing_utilization.0.email.0.interruptible_media_types.2735068980": "message",
            "routing_utilization.0.email.0.interruptible_media_types.2977790496": "callback",
            "routing_utilization.0.email.0.maximum_capacity": "5",
            "routing_utilization.0.message.#": "1",
            "routing_utilization.0.message.0.include_non_acd": "false",
            "routing_utilization.0.message.0.interruptible_media_types.#": "4",
            "routing_utilization.0.message.0.interruptible_media_types.1433391533": "chat",
            "routing_utilization.0.message.0.interruptible_media_types.2728695085": "call",
            "routing_utilization.0.message.0.interruptible_media_types.2977790496": "callback",
            "routing_utilization.0.message.0.interruptible_media_types.881205744": "email",
            "routing_utilization.0.message.0.maximum_capacity": "5",
            "routing_utilization.0.video.#": "1",
            "routing_utilization.0.video.0.include_non_acd": "false",
            "routing_utilization.0.video.0.interruptible_media_types.#": "0",
            "routing_utilization.0.video.0.maximum_capacity": "1",
            "state": "active",
            "title": "Associate Solutions Consultant"
          },
          "sensitive_attributes": []
        }
      ]
    },
    {
      "mode": "managed",
      "type": "genesyscloud_user",
      "name": "sam_ali_genesys_com_4173982083",
      "provider": "provider[\"registry.terraform.io/-/genesyscloud\"]",
      "instances": [
        {
          "schema_version": 1,
          "attributes_flat": {
            "acd_auto_answer": "false",
            "addresses.#": "0",
            "certifications.#": "0",
            "department": "",
            "division_id": "f267d1b7-dd0d-4b0c-97fe-d7cf3b6e85e7",
            "email": "sam.ali@genesys.com",
            "employer_info.#": "0",
            "id": "b146693a-e72f-4d37-b7e4-4cf1f8045848",
            "locations.#": "0",
            "manager": "",
            "name": "Sam Ali",
            "profile_skills.#": "0",
            "routing_languages.#": "3",
            "routing_languages.3601666019.language_id": "a8929df8-b7ea-4165-955b-3573ec593a90",
            "routing_languages.3601666019.proficiency": "0",
            "routing_languages.3805227755.language_id": "41c777f1-2090-4aa3-8ccf-c184bb0cd370",
            "routing_languages.3805227755.proficiency": "0",
            "routing_languages.4224588523.language_id": "da9bded2-0b6e-45a8-9ad8-a78cc06d2093",
            "routing_languages.4224588523.proficiency": "0",
            "routing_skills.#": "5",
            "routing_skills.1867380335.proficiency": "0",
            "routing_skills.1867380335.skill_id": "0fee07f5-6211-4a38-be27-de9a53e25e36",
            "routing_skills.2264486647.proficiency": "0",
            "routing_skills.2264486647.skill_id": "c0b94ce9-3a25-4622-bf2d-0d6f08e83a99",
            "routing_skills.2338769048.proficiency": "0",
            "routing_skills.2338769048.skill_id": "97b51395-c548-42bc-ae23-b418dd192d7b",
            "routing_skills.3076201032.proficiency": "0",
            "routing_skills.3076201032.skill_id": "f4a3924d-a86b-4976-aa95-09f4c5dc41dc",
            "routing_skills.3587784608.proficiency": "0",
            "routing_skills.3587784608.skill_id": "50d3ab7d-cf9e-4958-a1ca-226f7697b636",
            "routing_utilization.#": "0",
            "state": "active",
            "title": ""
          },
          "sensitive_attributes": []
        }
      ]
    },
    {
      "mode": "managed",
      "type": "genesyscloud_user",
      "name": "sam_anderson_genesys_com_2842961949",
      "provider": "provider[\"registry.terraform.io/-/genesyscloud\"]",
      "instances": [
        {
          "schema_version": 1,
          "attributes_flat": {
            "acd_auto_answer": "false",
            "addresses.#": "0",
            "certifications.#": "2",
            "certifications.2054140956": "Indiana Life \u0026 Health License",
            "certifications.3718980255": "Certified Club Fitter",
            "department": "Sales",
            "division_id": "f267d1b7-dd0d-4b0c-97fe-d7cf3b6e85e7",
            "email": "sam.anderson@genesys.com",
            "employer_info.#": "0",
            "id": "49659588-ffe0-4fa3-a83c-b50943eedf54",
            "locations.#": "0",
            "manager": "",
            "name": "Sam Anderson",
            "profile_skills.#": "2",
            "profile_skills.3615749446": "Languages: French",
            "profile_skills.4261725386": "Genesys Cloud",
            "routing_languages.#": "0",
            "routing_skills.#": "0",
            "routing_utilization.#": "0",
            "state": "active",
            "title": "Associate SC"
          },
          "sensitive_attributes": []
        }
      ]
    },
    {
      "mode": "managed",
      "type": "genesyscloud_user",
      "name": "sam_karras_gmail_com_4290693435",
      "provider": "provider[\"registry.terraform.io/-/genesyscloud\"]",
      "instances": [
        {
          "schema_version": 1,
          "attributes_flat": {
            "acd_auto_answer": "false",
            "addresses.#": "0",
            "certifications.#": "0",
            "department": "",
            "division_id": "f267d1b7-dd0d-4b0c-97fe-d7cf3b6e85e7",
            "email": "sam.karras@gmail.com",
            "employer_info.#": "0",
            "id": "40a3e549-5cfc-44f5-97db-14332e49783e",
            "locations.#": "0",
            "manager": "",
            "name": "Timmy Bugno",
            "profile_skills.#": "0",
            "routing_languages.#": "0",
            "routing_skills.#": "0",
            "routing_utilization.#": "0",
            "state": "active",
            "title": ""
          },
          "sensitive_attributes": []
        }
      ]
    },
    {
      "mode": "managed",
      "type": "genesyscloud_user",
      "name": "sammy3_test_com_2978724088",
      "provider": "provider[\"registry.terraform.io/-/genesyscloud\"]",
      "instances": [
        {
          "schema_version": 1,
          "attributes_flat": {
            "acd_auto_answer": "false",
            "addresses.#": "0",
            "certifications.#": "0",
            "department": "",
            "division_id": "f267d1b7-dd0d-4b0c-97fe-d7cf3b6e85e7",
            "email": "sammy3@test.com",
            "employer_info.#": "0",
            "id": "4df74469-5a83-472f-8c57-e24e41d56c38",
            "locations.#": "0",
            "manager": "",
            "name": "Sammy Daswani 3",
            "profile_skills.#": "0",
            "routing_languages.#": "0",
            "routing_skills.#": "0",
            "routing_utilization.#": "0",
            "state": "active",
            "title": ""
          },
          "sensitive_attributes": []
        }
      ]
    },
    {
      "mode": "managed",
      "type": "genesyscloud_user",
      "name": "sammy4_test_com_3694853689",
      "provider": "provider[\"registry.terraform.io/-/genesyscloud\"]",
      "instances": [
        {
          "schema_version": 1,
          "attributes_flat": {
            "acd_auto_answer": "false",
            "addresses.#": "0",
            "certifications.#": "0",
            "department": "",
            "division_id": "f267d1b7-dd0d-4b0c-97fe-d7cf3b6e85e7",
            "email": "sammy4@test.com",
            "employer_info.#": "0",
            "id": "d86106b1-21db-4718-9ead-24a5497f39d9",
            "locations.#": "0",
            "manager": "",
            "name": "Sammy Daswani 4",
            "profile_skills.#": "0",
            "routing_languages.#": "0",
            "routing_skills.#": "0",
            "routing_utilization.#": "0",
            "state": "active",
            "title": ""
          },
          "sensitive_attributes": []
        }
      ]
    },
    {
      "mode": "managed",
      "type": "genesyscloud_user",
      "name": "sammy_daswani_genesys_com_576261870",
      "provider": "provider[\"registry.terraform.io/-/genesyscloud\"]",
      "instances": [
        {
          "schema_version": 1,
          "attributes_flat": {
            "acd_auto_answer": "false",
            "addresses.#": "1",
            "addresses.0.other_emails.#": "0",
            "addresses.0.phone_numbers.#": "1",
            "addresses.0.phone_numbers.1448926758.extension": "",
            "addresses.0.phone_numbers.1448926758.media_type": "PHONE",
            "addresses.0.phone_numbers.1448926758.number": "+16194894180",
            "addresses.0.phone_numbers.1448926758.type": "WORK",
            "certifications.#": "0",
            "department": "",
            "division_id": "f267d1b7-dd0d-4b0c-97fe-d7cf3b6e85e7",
            "email": "sammy.daswani@genesys.com",
            "employer_info.#": "0",
            "id": "42d8645a-744e-42ed-8f77-5f39fd318805",
            "locations.#": "0",
            "manager": "c9cc59dc-7818-4708-b614-b4a49bca26d2",
            "name": "Sammy Daswani",
            "profile_skills.#": "2",
            "profile_skills.2661400705": "Problem Resolution",
            "profile_skills.3745462092": "Customer Service",
            "routing_languages.#": "0",
            "routing_skills.#": "1",
            "routing_skills.608366147.proficiency": "5",
            "routing_skills.608366147.skill_id": "170d91ce-b63a-44ea-a816-a1f9ba66c160",
            "routing_utilization.#": "1",
            "routing_utilization.0.call.#": "1",
            "routing_utilization.0.call.0.include_non_acd": "false",
            "routing_utilization.0.call.0.interruptible_media_types.#": "0",
            "routing_utilization.0.call.0.maximum_capacity": "1",
            "routing_utilization.0.callback.#": "1",
            "routing_utilization.0.callback.0.include_non_acd": "false",
            "routing_utilization.0.callback.0.interruptible_media_types.#": "2",
            "routing_utilization.0.callback.0.interruptible_media_types.1433391533": "chat",
            "routing_utilization.0.callback.0.interruptible_media_types.2728695085": "call",
            "routing_utilization.0.callback.0.maximum_capacity": "1",
            "routing_utilization.0.chat.#": "1",
            "routing_utilization.0.chat.0.include_non_acd": "false",
            "routing_utilization.0.chat.0.interruptible_media_types.#": "4",
            "routing_utilization.0.chat.0.interruptible_media_types.2728695085": "call",
            "routing_utilization.0.chat.0.interruptible_media_types.2735068980": "message",
            "routing_utilization.0.chat.0.interruptible_media_types.2977790496": "callback",
            "routing_utilization.0.chat.0.interruptible_media_types.881205744": "email",
            "routing_utilization.0.chat.0.maximum_capacity": "5",
            "routing_utilization.0.email.#": "1",
            "routing_utilization.0.email.0.include_non_acd": "false",
            "routing_utilization.0.email.0.interruptible_media_types.#": "4",
            "routing_utilization.0.email.0.interruptible_media_types.1433391533": "chat",
            "routing_utilization.0.email.0.interruptible_media_types.2728695085": "call",
            "routing_utilization.0.email.0.interruptible_media_types.2735068980": "message",
            "routing_utilization.0.email.0.interruptible_media_types.2977790496": "callback",
            "routing_utilization.0.email.0.maximum_capacity": "5",
            "routing_utilization.0.message.#": "1",
            "routing_utilization.0.message.0.include_non_acd": "false",
            "routing_utilization.0.message.0.interruptible_media_types.#": "4",
            "routing_utilization.0.message.0.interruptible_media_types.1433391533": "chat",
            "routing_utilization.0.message.0.interruptible_media_types.2728695085": "call",
            "routing_utilization.0.message.0.interruptible_media_types.2977790496": "callback",
            "routing_utilization.0.message.0.interruptible_media_types.881205744": "email",
            "routing_utilization.0.message.0.maximum_capacity": "5",
            "routing_utilization.0.video.#": "1",
            "routing_utilization.0.video.0.include_non_acd": "false",
            "routing_utilization.0.video.0.interruptible_media_types.#": "0",
            "routing_utilization.0.video.0.maximum_capacity": "1",
            "state": "active",
            "title": "Solutions Consultant"
          },
          "sensitive_attributes": []
        }
      ]
    },
    {
      "mode": "managed",
      "type": "genesyscloud_user",
      "name": "sample_person_domain_com_1755521617",
      "provider": "provider[\"registry.terraform.io/-/genesyscloud\"]",
      "instances": [
        {
          "schema_version": 1,
          "attributes_flat": {
            "acd_auto_answer": "false",
            "addresses.#": "1",
            "addresses.0.other_emails.#": "0",
            "addresses.0.phone_numbers.#": "2",
            "addresses.0.phone_numbers.2681171294.extension": "7777",
            "addresses.0.phone_numbers.2681171294.media_type": "PHONE",
            "addresses.0.phone_numbers.2681171294.number": "",
            "addresses.0.phone_numbers.2681171294.type": "WORK2",
            "addresses.0.phone_numbers.3026199395.extension": "111-111-1112",
            "addresses.0.phone_numbers.3026199395.media_type": "PHONE",
            "addresses.0.phone_numbers.3026199395.number": "",
            "addresses.0.phone_numbers.3026199395.type": "WORK",
            "certifications.#": "0",
            "department": "Human Resources",
            "division_id": "f267d1b7-dd0d-4b0c-97fe-d7cf3b6e85e7",
            "email": "sample.person@domain.com",
            "employer_info.#": "0",
            "id": "4f88c7ec-4831-499f-a056-86405f88cba3",
            "locations.#": "0",
            "manager": "3773c609-c57c-4714-91c3-b786edef8c76",
            "name": "Sample Person",
            "profile_skills.#": "0",
            "routing_languages.#": "0",
            "routing_skills.#": "0",
            "routing_utilization.#": "0",
            "state": "active",
            "title": "Person Title"
          },
          "sensitive_attributes": []
        }
      ]
    },
    {
      "mode": "managed",
      "type": "genesyscloud_user",
      "name": "samuel_karras_genesys_com_987423589",
      "provider": "provider[\"registry.terraform.io/-/genesyscloud\"]",
      "instances": [
        {
          "schema_version": 1,
          "attributes_flat": {
            "acd_auto_answer": "false",
            "addresses.#": "1",
            "addresses.0.other_emails.#": "0",
            "addresses.0.phone_numbers.#": "2",
            "addresses.0.phone_numbers.1061065149.extension": "409",
            "addresses.0.phone_numbers.1061065149.media_type": "PHONE",
            "addresses.0.phone_numbers.1061065149.number": "409",
            "addresses.0.phone_numbers.1061065149.type": "WORK2",
            "addresses.0.phone_numbers.227744674.extension": "",
            "addresses.0.phone_numbers.227744674.media_type": "PHONE",
            "addresses.0.phone_numbers.227744674.number": "+13172866447",
            "addresses.0.phone_numbers.227744674.type": "WORK",
            "certifications.#": "3",
            "certifications.1493580240": "FMLA",
            "certifications.326453947": "PureCloud Certified",
            "certifications.3828907070": "TTFN",
            "department": "NA Channels",
            "division_id": "f267d1b7-dd0d-4b0c-97fe-d7cf3b6e85e7",
            "email": "samuel.karras@genesys.com",
            "employer_info.#": "0",
            "id": "c08a3502-0f3a-4f87-9ba2-07faae321ac1",
            "locations.#": "1",
            "locations.4117695083.location_id": "bbb1e33d-7646-457c-a17e-4908285d00d3",
            "locations.4117695083.notes": "",
            "manager": "c89b51fc-99f4-4524-bb5a-304ddfc65ce4",
            "name": "Sam Karras",
            "profile_skills.#": "6",
            "profile_skills.2009085163": "Pre Sales",
            "profile_skills.2589190141": "English",
            "profile_skills.360646502": "Sales",
            "profile_skills.3712735643": "Admin",
            "profile_skills.3745462092": "Customer Service",
            "profile_skills.889353570": "Architect",
            "routing_languages.#": "0",
            "routing_skills.#": "3",
            "routing_skills.1625299526.proficiency": "5",
            "routing_skills.1625299526.skill_id": "f0a5dda0-e67d-41e7-82a3-cc72ac58d597",
            "routing_skills.2048011638.proficiency": "5",
            "routing_skills.2048011638.skill_id": "03aa8745-80d6-40c4-8021-a6795f4fa46d",
            "routing_skills.3552022988.proficiency": "0",
            "routing_skills.3552022988.skill_id": "a7173870-e4cb-41a2-b10e-98aa62fcb28b",
            "routing_utilization.#": "0",
            "state": "active",
            "title": "Solutions Consultant"
          },
          "sensitive_attributes": []
        }
      ]
    },
    {
      "mode": "managed",
      "type": "genesyscloud_user",
      "name": "sarah_harbert_genesys_com_1106428387",
      "provider": "provider[\"registry.terraform.io/-/genesyscloud\"]",
      "instances": [
        {
          "schema_version": 1,
          "attributes_flat": {
            "acd_auto_answer": "false",
            "addresses.#": "0",
            "certifications.#": "1",
            "certifications.4261725386": "Genesys Cloud",
            "department": "CallCenter",
            "division_id": "f267d1b7-dd0d-4b0c-97fe-d7cf3b6e85e7",
            "email": "sarah.harbert@genesys.com",
            "employer_info.#": "1",
            "employer_info.0.date_hire": "2021-07-06",
            "employer_info.0.employee_id": "",
            "employer_info.0.employee_type": "",
            "employer_info.0.official_name": "",
            "id": "77421c47-46e8-4cb2-8f04-bc9db9e7aacc",
            "locations.#": "1",
            "locations.4117695083.location_id": "bbb1e33d-7646-457c-a17e-4908285d00d3",
            "locations.4117695083.notes": "",
            "manager": "",
            "name": "Sarah Harbert",
            "profile_skills.#": "1",
            "profile_skills.943263195": "Excel",
            "routing_languages.#": "0",
            "routing_skills.#": "0",
            "routing_utilization.#": "0",
            "state": "active",
            "title": "Master Admin"
          },
          "sensitive_attributes": []
        }
      ]
    },
    {
      "mode": "managed",
      "type": "genesyscloud_user",
      "name": "sarah_ryan_genesys_com_1542260661",
      "provider": "provider[\"registry.terraform.io/-/genesyscloud\"]",
      "instances": [
        {
          "schema_version": 1,
          "attributes_flat": {
            "acd_auto_answer": "false",
            "addresses.#": "1",
            "addresses.0.other_emails.#": "0",
            "addresses.0.phone_numbers.#": "1",
            "addresses.0.phone_numbers.3873776626.extension": "",
            "addresses.0.phone_numbers.3873776626.media_type": "SMS",
            "addresses.0.phone_numbers.3873776626.number": "+13176802144",
            "addresses.0.phone_numbers.3873776626.type": "WORK",
            "certifications.#": "0",
            "department": "",
            "division_id": "f267d1b7-dd0d-4b0c-97fe-d7cf3b6e85e7",
            "email": "sarah.ryan@genesys.com",
            "employer_info.#": "0",
            "id": "ba7c9268-1419-45bb-a007-06bf18776810",
            "locations.#": "0",
            "manager": "",
            "name": "Sarah Ryan",
            "profile_skills.#": "7",
            "profile_skills.2643918218": "stealth",
            "profile_skills.3013028122": "yelling",
            "profile_skills.356548966": "speaking at a slightly elevated pitch",
            "profile_skills.3566561792": "gaining nutrients from food",
            "profile_skills.3858701147": "understanding ice cream flavors",
            "profile_skills.69379102": "whispering",
            "profile_skills.866534565": "petting animals",
            "routing_languages.#": "0",
            "routing_skills.#": "1",
            "routing_skills.2180248366.proficiency": "5",
            "routing_skills.2180248366.skill_id": "b3dccda7-db0e-41c5-ad44-f51a82d83497",
            "routing_utilization.#": "0",
            "state": "active",
            "title": "Associate Solutions Consultant"
          },
          "sensitive_attributes": []
        }
      ]
    },
    {
      "mode": "managed",
      "type": "genesyscloud_user",
      "name": "summer_mullins_genesys_com_1835538557",
      "provider": "provider[\"registry.terraform.io/-/genesyscloud\"]",
      "instances": [
        {
          "schema_version": 1,
          "attributes_flat": {
            "acd_auto_answer": "false",
            "addresses.#": "1",
            "addresses.0.other_emails.#": "1",
            "addresses.0.other_emails.3630242446.address": "ssmullinss@gmail.com",
            "addresses.0.other_emails.3630242446.type": "WORK",
            "addresses.0.phone_numbers.#": "0",
            "certifications.#": "0",
            "department": "NA Sales",
            "division_id": "f267d1b7-dd0d-4b0c-97fe-d7cf3b6e85e7",
            "email": "summer.mullins@genesys.com",
            "employer_info.#": "0",
            "id": "bc9cb7ec-5112-449a-990f-5d2a9cc15e72",
            "locations.#": "0",
            "manager": "c9cc59dc-7818-4708-b614-b4a49bca26d2",
            "name": "Summer Mullins",
            "profile_skills.#": "3",
            "profile_skills.360646502": "Sales",
            "profile_skills.3745462092": "Customer Service",
            "profile_skills.4261725386": "Genesys Cloud",
            "routing_languages.#": "0",
            "routing_skills.#": "1",
            "routing_skills.608366147.proficiency": "5",
            "routing_skills.608366147.skill_id": "170d91ce-b63a-44ea-a816-a1f9ba66c160",
            "routing_utilization.#": "0",
            "state": "active",
            "title": "Associate Solutions Consultant"
          },
          "sensitive_attributes": []
        }
      ]
    },
    {
      "mode": "managed",
      "type": "genesyscloud_user",
      "name": "t_flenderson_dundermifflin_com_79579423",
      "provider": "provider[\"registry.terraform.io/-/genesyscloud\"]",
      "instances": [
        {
          "schema_version": 1,
          "attributes_flat": {
            "acd_auto_answer": "false",
            "addresses.#": "0",
            "certifications.#": "0",
            "department": "",
            "division_id": "f267d1b7-dd0d-4b0c-97fe-d7cf3b6e85e7",
            "email": "t.flenderson@dundermifflin.com",
            "employer_info.#": "0",
            "id": "0fd5631d-abd5-42d1-a8a3-2aee6fa7f305",
            "locations.#": "0",
            "manager": "",
            "name": "Toby Flenderson",
            "profile_skills.#": "0",
            "routing_languages.#": "0",
            "routing_skills.#": "0",
            "routing_utilization.#": "0",
            "state": "active",
            "title": ""
          },
          "sensitive_attributes": []
        }
      ]
    },
    {
      "mode": "managed",
      "type": "genesyscloud_user",
      "name": "taylor_riley_genesys_com_2507404210",
      "provider": "provider[\"registry.terraform.io/-/genesyscloud\"]",
      "instances": [
        {
          "schema_version": 1,
          "attributes_flat": {
            "acd_auto_answer": "false",
            "addresses.#": "1",
            "addresses.0.other_emails.#": "0",
            "addresses.0.phone_numbers.#": "1",
            "addresses.0.phone_numbers.1367801597.extension": "",
            "addresses.0.phone_numbers.1367801597.media_type": "PHONE",
            "addresses.0.phone_numbers.1367801597.number": "+13177420556",
            "addresses.0.phone_numbers.1367801597.type": "WORK",
            "certifications.#": "0",
            "department": "",
            "division_id": "f267d1b7-dd0d-4b0c-97fe-d7cf3b6e85e7",
            "email": "taylor.riley@genesys.com",
            "employer_info.#": "0",
            "id": "8ad6d9e5-21d6-48f4-a6dc-8e0143138eae",
            "locations.#": "0",
            "manager": "c9cc59dc-7818-4708-b614-b4a49bca26d2",
            "name": "Taylor Riley",
            "profile_skills.#": "2",
            "profile_skills.3154086079": "Spanish",
            "profile_skills.3745462092": "Customer Service",
            "routing_languages.#": "0",
            "routing_skills.#": "1",
            "routing_skills.608366147.proficiency": "5",
            "routing_skills.608366147.skill_id": "170d91ce-b63a-44ea-a816-a1f9ba66c160",
            "routing_utilization.#": "0",
            "state": "active",
            "title": "Customer Service Representative"
          },
          "sensitive_attributes": []
        }
      ]
    },
    {
      "mode": "managed",
      "type": "genesyscloud_user",
      "name": "taylor_wilkerson_genesys_com_1694903407",
      "provider": "provider[\"registry.terraform.io/-/genesyscloud\"]",
      "instances": [
        {
          "schema_version": 1,
          "attributes_flat": {
            "acd_auto_answer": "false",
            "addresses.#": "0",
            "certifications.#": "0",
            "department": "",
            "division_id": "f267d1b7-dd0d-4b0c-97fe-d7cf3b6e85e7",
            "email": "taylor.wilkerson@genesys.com",
            "employer_info.#": "0",
            "id": "7d4def89-dc00-4acc-9b43-63b8b1f7e069",
            "locations.#": "0",
            "manager": "",
            "name": "Taylor Wilkerson",
            "profile_skills.#": "0",
            "routing_languages.#": "0",
            "routing_skills.#": "0",
            "routing_utilization.#": "0",
            "state": "active",
            "title": ""
          },
          "sensitive_attributes": []
        }
      ]
    },
    {
      "mode": "managed",
      "type": "genesyscloud_user",
      "name": "tc1720123_gmail_com_1797645891",
      "provider": "provider[\"registry.terraform.io/-/genesyscloud\"]",
      "instances": [
        {
          "schema_version": 1,
          "attributes_flat": {
            "acd_auto_answer": "false",
            "addresses.#": "0",
            "certifications.#": "0",
            "department": "",
            "division_id": "f267d1b7-dd0d-4b0c-97fe-d7cf3b6e85e7",
            "email": "tc1720123@gmail.com",
            "employer_info.#": "0",
            "id": "fa0f8329-2a25-4063-bdcc-2ecc2614ac64",
            "locations.#": "0",
            "manager": "",
            "name": "Wallboard 1",
            "profile_skills.#": "0",
            "routing_languages.#": "0",
            "routing_skills.#": "0",
            "routing_utilization.#": "0",
            "state": "active",
            "title": ""
          },
          "sensitive_attributes": []
        }
      ]
    },
    {
      "mode": "managed",
      "type": "genesyscloud_user",
      "name": "tcole1720_gmail_com_1493386433",
      "provider": "provider[\"registry.terraform.io/-/genesyscloud\"]",
      "instances": [
        {
          "schema_version": 1,
          "attributes_flat": {
            "acd_auto_answer": "false",
            "addresses.#": "0",
            "certifications.#": "0",
            "department": "",
            "division_id": "f267d1b7-dd0d-4b0c-97fe-d7cf3b6e85e7",
            "email": "tcole1720@gmail.com",
            "employer_info.#": "0",
            "id": "bb9bf39b-8e3f-4e1c-b9e5-05f06ad3574d",
            "locations.#": "0",
            "manager": "",
            "name": "Travis Tester",
            "profile_skills.#": "0",
            "routing_languages.#": "2",
            "routing_languages.2679692974.language_id": "41c777f1-2090-4aa3-8ccf-c184bb0cd370",
            "routing_languages.2679692974.proficiency": "5",
            "routing_languages.2883255206.language_id": "a8929df8-b7ea-4165-955b-3573ec593a90",
            "routing_languages.2883255206.proficiency": "5",
            "routing_skills.#": "1",
            "routing_skills.3206530048.proficiency": "5",
            "routing_skills.3206530048.skill_id": "36e4e299-e3f4-47dd-bb99-ae6717615169",
            "routing_utilization.#": "0",
            "state": "active",
            "title": ""
          },
          "sensitive_attributes": []
        }
      ]
    },
    {
      "mode": "managed",
      "type": "genesyscloud_user",
      "name": "teri_pedersen_genesys_com_2133812568",
      "provider": "provider[\"registry.terraform.io/-/genesyscloud\"]",
      "instances": [
        {
          "schema_version": 1,
          "attributes_flat": {
            "acd_auto_answer": "false",
            "addresses.#": "1",
            "addresses.0.other_emails.#": "0",
            "addresses.0.phone_numbers.#": "1",
            "addresses.0.phone_numbers.3903292847.extension": "",
            "addresses.0.phone_numbers.3903292847.media_type": "PHONE",
            "addresses.0.phone_numbers.3903292847.number": "+17472283342",
            "addresses.0.phone_numbers.3903292847.type": "WORK",
            "certifications.#": "0",
            "department": "",
            "division_id": "f267d1b7-dd0d-4b0c-97fe-d7cf3b6e85e7",
            "email": "teri.pedersen@genesys.com",
            "employer_info.#": "0",
            "id": "095eeec2-7635-4da9-ad5a-0ab0ab6769c4",
            "locations.#": "0",
            "manager": "",
            "name": "Teri Ferris",
            "profile_skills.#": "0",
            "routing_languages.#": "0",
            "routing_skills.#": "1",
            "routing_skills.1679501658.proficiency": "5",
            "routing_skills.1679501658.skill_id": "5535ae34-b0c9-4de8-bde4-4f0b47aca57b",
            "routing_utilization.#": "0",
            "state": "active",
            "title": "Principal Solution Consultant"
          },
          "sensitive_attributes": []
        }
      ]
    },
    {
      "mode": "managed",
      "type": "genesyscloud_user",
      "name": "testmatmat_test_com_4002526554",
      "provider": "provider[\"registry.terraform.io/-/genesyscloud\"]",
      "instances": [
        {
          "schema_version": 1,
          "attributes_flat": {
            "acd_auto_answer": "false",
            "addresses.#": "0",
            "certifications.#": "0",
            "department": "",
            "division_id": "f267d1b7-dd0d-4b0c-97fe-d7cf3b6e85e7",
            "email": "testmatmat@test.com",
            "employer_info.#": "0",
            "id": "6d81e772-fabb-42d4-86ef-7ef3539836a5",
            "locations.#": "0",
            "manager": "",
            "name": "mat agent 68",
            "profile_skills.#": "0",
            "routing_languages.#": "0",
            "routing_skills.#": "0",
            "routing_utilization.#": "0",
            "state": "active",
            "title": ""
          },
          "sensitive_attributes": []
        }
      ]
    },
    {
      "mode": "managed",
      "type": "genesyscloud_user",
      "name": "tfp_dundermifflin_com_3782671369",
      "provider": "provider[\"registry.terraform.io/-/genesyscloud\"]",
      "instances": [
        {
          "schema_version": 1,
          "attributes_flat": {
            "acd_auto_answer": "false",
            "addresses.#": "0",
            "certifications.#": "0",
            "department": "",
            "division_id": "f267d1b7-dd0d-4b0c-97fe-d7cf3b6e85e7",
            "email": "tfp@dundermifflin.com",
            "employer_info.#": "0",
            "id": "be27a054-d1d6-4002-8254-ca75ac4460f3",
            "locations.#": "0",
            "manager": "",
            "name": "Todd F. Packer",
            "profile_skills.#": "0",
            "routing_languages.#": "0",
            "routing_skills.#": "0",
            "routing_utilization.#": "0",
            "state": "active",
            "title": ""
          },
          "sensitive_attributes": []
        }
      ]
    },
    {
      "mode": "managed",
      "type": "genesyscloud_user",
      "name": "the_temp_dundermifflin_com_939509871",
      "provider": "provider[\"registry.terraform.io/-/genesyscloud\"]",
      "instances": [
        {
          "schema_version": 1,
          "attributes_flat": {
            "acd_auto_answer": "false",
            "addresses.#": "0",
            "certifications.#": "0",
            "department": "",
            "division_id": "f267d1b7-dd0d-4b0c-97fe-d7cf3b6e85e7",
            "email": "the_temp@dundermifflin.com",
            "employer_info.#": "0",
            "id": "f9002def-a548-497e-956b-9eab3f0c1b83",
            "locations.#": "1",
            "locations.2975588367.location_id": "0058901b-38f1-4efb-a667-c1706cb98a97",
            "locations.2975588367.notes": "",
            "manager": "c3b75a37-4116-4e2c-880d-a55031fd27ac",
            "name": "Ryan Howard",
            "profile_skills.#": "0",
            "routing_languages.#": "0",
            "routing_skills.#": "0",
            "routing_utilization.#": "0",
            "state": "active",
            "title": "Temp"
          },
          "sensitive_attributes": []
        }
      ]
    },
    {
      "mode": "managed",
      "type": "genesyscloud_user",
      "name": "tj_genesys_com_3247027260",
      "provider": "provider[\"registry.terraform.io/-/genesyscloud\"]",
      "instances": [
        {
          "schema_version": 1,
          "attributes_flat": {
            "acd_auto_answer": "false",
            "addresses.#": "0",
            "certifications.#": "0",
            "department": "",
            "division_id": "f267d1b7-dd0d-4b0c-97fe-d7cf3b6e85e7",
            "email": "tj@genesys.com",
            "employer_info.#": "0",
            "id": "32aee036-c516-475c-a636-55a1acce3dea",
            "locations.#": "0",
            "manager": "",
            "name": "John Johnson",
            "profile_skills.#": "0",
            "routing_languages.#": "0",
            "routing_skills.#": "0",
            "routing_utilization.#": "0",
            "state": "active",
            "title": ""
          },
          "sensitive_attributes": []
        }
      ]
    },
    {
      "mode": "managed",
      "type": "genesyscloud_user",
      "name": "tj_mouslmani_genesys_com_4177389167",
      "provider": "provider[\"registry.terraform.io/-/genesyscloud\"]",
      "instances": [
        {
          "schema_version": 1,
          "attributes_flat": {
            "acd_auto_answer": "false",
            "addresses.#": "1",
            "addresses.0.other_emails.#": "0",
            "addresses.0.phone_numbers.#": "2",
            "addresses.0.phone_numbers.1874156043.extension": "",
            "addresses.0.phone_numbers.1874156043.media_type": "PHONE",
            "addresses.0.phone_numbers.1874156043.number": "+19197567683",
            "addresses.0.phone_numbers.1874156043.type": "WORK",
            "addresses.0.phone_numbers.3178008719.extension": "421",
            "addresses.0.phone_numbers.3178008719.media_type": "PHONE",
            "addresses.0.phone_numbers.3178008719.number": "+1 919-343-5630",
            "addresses.0.phone_numbers.3178008719.type": "WORK2",
            "certifications.#": "2",
            "certifications.1440503371": "SAFe Scrum Master",
            "certifications.3295551957": "Genesys Cloud Certified Professional",
            "department": "North America SCO",
            "division_id": "f267d1b7-dd0d-4b0c-97fe-d7cf3b6e85e7",
            "email": "tj.mouslmani@genesys.com",
            "employer_info.#": "0",
            "id": "12a2683b-fa86-44c6-a14d-87a27e276525",
            "locations.#": "1",
            "locations.866400110.location_id": "4f288e85-615f-49c4-800a-959df7070d8d",
            "locations.866400110.notes": "",
            "manager": "c9cc59dc-7818-4708-b614-b4a49bca26d2",
            "name": "TJ Mouslmani",
            "profile_skills.#": "6",
            "profile_skills.1258778934": "Demos",
            "profile_skills.2009085163": "Pre Sales",
            "profile_skills.360646502": "Sales",
            "profile_skills.3934746168": "Call Flows",
            "profile_skills.642340122": "Customer service",
            "profile_skills.889353570": "Architect",
            "routing_languages.#": "0",
            "routing_skills.#": "1",
            "routing_skills.608366147.proficiency": "5",
            "routing_skills.608366147.skill_id": "170d91ce-b63a-44ea-a816-a1f9ba66c160",
            "routing_utilization.#": "0",
            "state": "active",
            "title": "Solutions Consultant"
          },
          "sensitive_attributes": []
        }
      ]
    },
    {
      "mode": "managed",
      "type": "genesyscloud_user",
      "name": "tjmouslmani_gmail_com_4229293939",
      "provider": "provider[\"registry.terraform.io/-/genesyscloud\"]",
      "instances": [
        {
          "schema_version": 1,
          "attributes_flat": {
            "acd_auto_answer": "false",
            "addresses.#": "0",
            "certifications.#": "0",
            "department": "",
            "division_id": "f267d1b7-dd0d-4b0c-97fe-d7cf3b6e85e7",
            "email": "tjmouslmani@gmail.com",
            "employer_info.#": "0",
            "id": "976852c5-89f1-405d-8ca7-f81e1475ea43",
            "locations.#": "0",
            "manager": "",
            "name": "john bravo",
            "profile_skills.#": "0",
            "routing_languages.#": "0",
            "routing_skills.#": "0",
            "routing_utilization.#": "0",
            "state": "active",
            "title": ""
          },
          "sensitive_attributes": []
        }
      ]
    },
    {
      "mode": "managed",
      "type": "genesyscloud_user",
      "name": "tom_bova_genesys_com_127479338",
      "provider": "provider[\"registry.terraform.io/-/genesyscloud\"]",
      "instances": [
        {
          "schema_version": 1,
          "attributes_flat": {
            "acd_auto_answer": "false",
            "addresses.#": "1",
            "addresses.0.other_emails.#": "0",
            "addresses.0.phone_numbers.#": "1",
            "addresses.0.phone_numbers.2635135241.extension": "5006",
            "addresses.0.phone_numbers.2635135241.media_type": "PHONE",
            "addresses.0.phone_numbers.2635135241.number": "+1 203-987-3498",
            "addresses.0.phone_numbers.2635135241.type": "WORK",
            "certifications.#": "0",
            "department": "",
            "division_id": "f267d1b7-dd0d-4b0c-97fe-d7cf3b6e85e7",
            "email": "tom.bova@genesys.com",
            "employer_info.#": "0",
            "id": "b6e629d7-738b-4728-8cb6-adaf5390132d",
            "locations.#": "1",
            "locations.815300562.location_id": "3604ddcd-0971-4dfb-8be2-a9cd89c7039d",
            "locations.815300562.notes": "",
            "manager": "",
            "name": "Tom Bova",
            "profile_skills.#": "0",
            "routing_languages.#": "0",
            "routing_skills.#": "0",
            "routing_utilization.#": "0",
            "state": "active",
            "title": ""
          },
          "sensitive_attributes": []
        }
      ]
    },
    {
      "mode": "managed",
      "type": "genesyscloud_user",
      "name": "travis_coleman_genesys_com_2565251514",
      "provider": "provider[\"registry.terraform.io/-/genesyscloud\"]",
      "instances": [
        {
          "schema_version": 1,
          "attributes_flat": {
            "acd_auto_answer": "false",
            "addresses.#": "1",
            "addresses.0.other_emails.#": "0",
            "addresses.0.phone_numbers.#": "2",
            "addresses.0.phone_numbers.1045453980.extension": "",
            "addresses.0.phone_numbers.1045453980.media_type": "PHONE",
            "addresses.0.phone_numbers.1045453980.number": "+13173482682",
            "addresses.0.phone_numbers.1045453980.type": "WORK",
            "addresses.0.phone_numbers.2905827214.extension": "404",
            "addresses.0.phone_numbers.2905827214.media_type": "PHONE",
            "addresses.0.phone_numbers.2905827214.number": "404",
            "addresses.0.phone_numbers.2905827214.type": "WORK2",
            "certifications.#": "0",
            "department": "",
            "division_id": "f267d1b7-dd0d-4b0c-97fe-d7cf3b6e85e7",
            "email": "travis.coleman@genesys.com",
            "employer_info.#": "0",
            "id": "c89b51fc-99f4-4524-bb5a-304ddfc65ce4",
            "locations.#": "0",
            "manager": "",
            "name": "Travis Coleman",
            "profile_skills.#": "0",
            "routing_languages.#": "4",
            "routing_languages.2679692974.language_id": "41c777f1-2090-4aa3-8ccf-c184bb0cd370",
            "routing_languages.2679692974.proficiency": "5",
            "routing_languages.2883255206.language_id": "a8929df8-b7ea-4165-955b-3573ec593a90",
            "routing_languages.2883255206.proficiency": "5",
            "routing_languages.346591890.language_id": "9bd6e876-b25e-4acc-b5f3-26a41d4a506f",
            "routing_languages.346591890.proficiency": "2",
            "routing_languages.4047318193.language_id": "171fbb4f-d39c-4955-bcdb-7e80fa2bb234",
            "routing_languages.4047318193.proficiency": "2",
            "routing_skills.#": "5",
            "routing_skills.1883169159.proficiency": "4",
            "routing_skills.1883169159.skill_id": "c0b94ce9-3a25-4622-bf2d-0d6f08e83a99",
            "routing_skills.2083341796.proficiency": "5",
            "routing_skills.2083341796.skill_id": "f4a3924d-a86b-4976-aa95-09f4c5dc41dc",
            "routing_skills.514809868.proficiency": "5",
            "routing_skills.514809868.skill_id": "50d3ab7d-cf9e-4958-a1ca-226f7697b636",
            "routing_skills.698336011.proficiency": "3",
            "routing_skills.698336011.skill_id": "0fee07f5-6211-4a38-be27-de9a53e25e36",
            "routing_skills.752563595.proficiency": "5",
            "routing_skills.752563595.skill_id": "34d7a109-2b83-4b44-a44c-a278554f46cd",
            "routing_utilization.#": "1",
            "routing_utilization.0.call.#": "1",
            "routing_utilization.0.call.0.include_non_acd": "false",
            "routing_utilization.0.call.0.interruptible_media_types.#": "0",
            "routing_utilization.0.call.0.maximum_capacity": "1",
            "routing_utilization.0.callback.#": "1",
            "routing_utilization.0.callback.0.include_non_acd": "false",
            "routing_utilization.0.callback.0.interruptible_media_types.#": "2",
            "routing_utilization.0.callback.0.interruptible_media_types.1433391533": "chat",
            "routing_utilization.0.callback.0.interruptible_media_types.2728695085": "call",
            "routing_utilization.0.callback.0.maximum_capacity": "2",
            "routing_utilization.0.chat.#": "1",
            "routing_utilization.0.chat.0.include_non_acd": "false",
            "routing_utilization.0.chat.0.interruptible_media_types.#": "4",
            "routing_utilization.0.chat.0.interruptible_media_types.2728695085": "call",
            "routing_utilization.0.chat.0.interruptible_media_types.2735068980": "message",
            "routing_utilization.0.chat.0.interruptible_media_types.2977790496": "callback",
            "routing_utilization.0.chat.0.interruptible_media_types.881205744": "email",
            "routing_utilization.0.chat.0.maximum_capacity": "5",
            "routing_utilization.0.email.#": "1",
            "routing_utilization.0.email.0.include_non_acd": "false",
            "routing_utilization.0.email.0.interruptible_media_types.#": "4",
            "routing_utilization.0.email.0.interruptible_media_types.1433391533": "chat",
            "routing_utilization.0.email.0.interruptible_media_types.2728695085": "call",
            "routing_utilization.0.email.0.interruptible_media_types.2735068980": "message",
            "routing_utilization.0.email.0.interruptible_media_types.2977790496": "callback",
            "routing_utilization.0.email.0.maximum_capacity": "5",
            "routing_utilization.0.message.#": "1",
            "routing_utilization.0.message.0.include_non_acd": "false",
            "routing_utilization.0.message.0.interruptible_media_types.#": "4",
            "routing_utilization.0.message.0.interruptible_media_types.1433391533": "chat",
            "routing_utilization.0.message.0.interruptible_media_types.2728695085": "call",
            "routing_utilization.0.message.0.interruptible_media_types.2977790496": "callback",
            "routing_utilization.0.message.0.interruptible_media_types.881205744": "email",
            "routing_utilization.0.message.0.maximum_capacity": "5",
            "routing_utilization.0.video.#": "1",
            "routing_utilization.0.video.0.include_non_acd": "false",
            "routing_utilization.0.video.0.interruptible_media_types.#": "0",
            "routing_utilization.0.video.0.maximum_capacity": "1",
            "state": "active",
            "title": ""
          },
          "sensitive_attributes": []
        }
      ]
    },
    {
      "mode": "managed",
      "type": "genesyscloud_user",
      "name": "travispcn1234_gmail_com_3997017806",
      "provider": "provider[\"registry.terraform.io/-/genesyscloud\"]",
      "instances": [
        {
          "schema_version": 1,
          "attributes_flat": {
            "acd_auto_answer": "false",
            "addresses.#": "0",
            "certifications.#": "0",
            "department": "",
            "division_id": "f267d1b7-dd0d-4b0c-97fe-d7cf3b6e85e7",
            "email": "travispcn1234@gmail.com",
            "employer_info.#": "0",
            "id": "041e4aa3-1799-406f-9b8f-130eaff83556",
            "locations.#": "0",
            "manager": "",
            "name": "Travis Zoom User",
            "profile_skills.#": "0",
            "routing_languages.#": "0",
            "routing_skills.#": "0",
            "routing_utilization.#": "0",
            "state": "active",
            "title": ""
          },
          "sensitive_attributes": []
        }
      ]
    },
    {
      "mode": "managed",
      "type": "genesyscloud_user",
      "name": "trevor_oakes_genesyssc13_mypurecloud_com_3492082072",
      "provider": "provider[\"registry.terraform.io/-/genesyscloud\"]",
      "instances": [
        {
          "schema_version": 1,
          "attributes_flat": {
            "acd_auto_answer": "false",
            "addresses.#": "0",
            "certifications.#": "1",
            "certifications.3564537429": "Microsoft Office",
            "department": "CallCenter",
            "division_id": "f267d1b7-dd0d-4b0c-97fe-d7cf3b6e85e7",
            "email": "trevor.oakes@genesyssc13.mypurecloud.com",
            "employer_info.#": "1",
            "employer_info.0.date_hire": "2021-07-06",
            "employer_info.0.employee_id": "",
            "employer_info.0.employee_type": "",
            "employer_info.0.official_name": "",
            "id": "bd07a909-5653-4a77-a74c-3a2f6ef082c6",
            "locations.#": "1",
            "locations.4117695083.location_id": "bbb1e33d-7646-457c-a17e-4908285d00d3",
            "locations.4117695083.notes": "",
            "manager": "",
            "name": "Trevor Oakes",
            "profile_skills.#": "4",
            "profile_skills.1838214561": "Demonstrations",
            "profile_skills.2055502843": "Communications",
            "profile_skills.3194321671": "Technical Instructor",
            "profile_skills.4261725386": "Genesys Cloud",
            "routing_languages.#": "0",
            "routing_skills.#": "1",
            "routing_skills.907030619.proficiency": "5",
            "routing_skills.907030619.skill_id": "6da3995a-4770-4227-a931-0d54c2fa26a1",
            "routing_utilization.#": "0",
            "state": "active",
            "title": "Master Admin"
          },
          "sensitive_attributes": []
        }
      ]
    },
    {
      "mode": "managed",
      "type": "genesyscloud_user",
      "name": "veronica_guevara_genesys_com_1289618228",
      "provider": "provider[\"registry.terraform.io/-/genesyscloud\"]",
      "instances": [
        {
          "schema_version": 1,
          "attributes_flat": {
            "acd_auto_answer": "false",
            "addresses.#": "0",
            "certifications.#": "1",
            "certifications.4261725386": "Genesys Cloud",
            "department": "",
            "division_id": "f267d1b7-dd0d-4b0c-97fe-d7cf3b6e85e7",
            "email": "veronica.guevara@genesys.com",
            "employer_info.#": "0",
            "id": "8914b730-7c8d-4d88-b9ac-d7f0d39b73b2",
            "locations.#": "1",
            "locations.815300562.location_id": "3604ddcd-0971-4dfb-8be2-a9cd89c7039d",
            "locations.815300562.notes": "",
            "manager": "714483ec-df95-439b-b624-f9805f384bc9",
            "name": "Veronica Guevara",
            "profile_skills.#": "6",
            "profile_skills.1266827202": "AWS",
            "profile_skills.1772802099": "Python",
            "profile_skills.206058678": "Oracle",
            "profile_skills.2182360279": "SAP",
            "profile_skills.2613199839": "Spanish Written",
            "profile_skills.2898990125": "Salesforce",
            "routing_languages.#": "2",
            "routing_languages.1541997653.language_id": "9bd6e876-b25e-4acc-b5f3-26a41d4a506f",
            "routing_languages.1541997653.proficiency": "5",
            "routing_languages.3195845238.language_id": "171fbb4f-d39c-4955-bcdb-7e80fa2bb234",
            "routing_languages.3195845238.proficiency": "5",
            "routing_skills.#": "2",
            "routing_skills.1392253619.proficiency": "1",
            "routing_skills.1392253619.skill_id": "0fee07f5-6211-4a38-be27-de9a53e25e36",
            "routing_skills.203569675.proficiency": "5",
            "routing_skills.203569675.skill_id": "ecc4660a-c074-4d3e-89f7-5ce0065d6691",
            "routing_utilization.#": "0",
            "state": "active",
            "title": "Solutions Consultant"
          },
          "sensitive_attributes": []
        }
      ]
    },
    {
      "mode": "managed",
      "type": "genesyscloud_user",
      "name": "veronicaguev10_gmail_com_3909965205",
      "provider": "provider[\"registry.terraform.io/-/genesyscloud\"]",
      "instances": [
        {
          "schema_version": 1,
          "attributes_flat": {
            "acd_auto_answer": "false",
            "addresses.#": "0",
            "certifications.#": "0",
            "department": "",
            "division_id": "f267d1b7-dd0d-4b0c-97fe-d7cf3b6e85e7",
            "email": "veronicaguev10@gmail.com",
            "employer_info.#": "0",
            "id": "cf49c073-23b7-4d91-af1e-26b9a91cd8ce",
            "locations.#": "0",
            "manager": "",
            "name": "Random",
            "profile_skills.#": "0",
            "routing_languages.#": "0",
            "routing_skills.#": "0",
            "routing_utilization.#": "0",
            "state": "active",
            "title": ""
          },
          "sensitive_attributes": []
        }
      ]
    },
    {
      "mode": "managed",
      "type": "genesyscloud_user",
      "name": "vince_mendoza_genesys_com_3269553837",
      "provider": "provider[\"registry.terraform.io/-/genesyscloud\"]",
      "instances": [
        {
          "schema_version": 1,
          "attributes_flat": {
            "acd_auto_answer": "false",
            "addresses.#": "0",
            "certifications.#": "0",
            "department": "",
            "division_id": "f267d1b7-dd0d-4b0c-97fe-d7cf3b6e85e7",
            "email": "vince.mendoza@genesys.com",
            "employer_info.#": "0",
            "id": "2dcb4e17-7c28-40c6-8224-e2fa909345e1",
            "locations.#": "0",
            "manager": "",
            "name": "Vince Mendoza",
            "profile_skills.#": "0",
            "routing_languages.#": "0",
            "routing_skills.#": "2",
            "routing_skills.1132014260.proficiency": "4",
            "routing_skills.1132014260.skill_id": "9de6b4c4-07cb-49b5-8870-731c9696b94b",
            "routing_skills.665214774.proficiency": "4",
            "routing_skills.665214774.skill_id": "d4eed68b-540d-4dd8-b6d7-ba4f1e84bbab",
            "routing_utilization.#": "0",
            "state": "active",
            "title": "SC Ninja"
          },
          "sensitive_attributes": []
        }
      ]
    },
    {
      "mode": "managed",
      "type": "genesyscloud_user",
      "name": "vivek_patel2_genesys_com_1108462739",
      "provider": "provider[\"registry.terraform.io/-/genesyscloud\"]",
      "instances": [
        {
          "schema_version": 1,
          "attributes_flat": {
            "acd_auto_answer": "false",
            "addresses.#": "0",
            "certifications.#": "0",
            "department": "",
            "division_id": "f267d1b7-dd0d-4b0c-97fe-d7cf3b6e85e7",
            "email": "vivek.patel2@genesys.com",
            "employer_info.#": "0",
            "id": "9b85eff7-d58f-42bd-b701-d18a8a2a5260",
            "locations.#": "0",
            "manager": "",
            "name": "Vivek Patel",
            "profile_skills.#": "0",
            "routing_languages.#": "0",
            "routing_skills.#": "1",
            "routing_skills.4066229323.proficiency": "5",
            "routing_skills.4066229323.skill_id": "064f3da1-09b0-4f56-b1f3-eff652020915",
            "routing_utilization.#": "0",
            "state": "active",
            "title": ""
          },
          "sensitive_attributes": []
        }
      ]
    },
    {
      "mode": "managed",
      "type": "genesyscloud_user",
      "name": "vivektesting_hybrid_com_1149676271",
      "provider": "provider[\"registry.terraform.io/-/genesyscloud\"]",
      "instances": [
        {
          "schema_version": 1,
          "attributes_flat": {
            "acd_auto_answer": "false",
            "addresses.#": "0",
            "certifications.#": "0",
            "department": "",
            "division_id": "f267d1b7-dd0d-4b0c-97fe-d7cf3b6e85e7",
            "email": "vivektesting@hybrid.com",
            "employer_info.#": "0",
            "id": "c507340f-25d9-445c-aff3-aeaeddf4b009",
            "locations.#": "0",
            "manager": "",
            "name": "Vivek Testing",
            "profile_skills.#": "0",
            "routing_languages.#": "0",
            "routing_skills.#": "0",
            "routing_utilization.#": "0",
            "state": "active",
            "title": ""
          },
          "sensitive_attributes": []
        }
      ]
    },
    {
      "mode": "managed",
      "type": "genesyscloud_user",
      "name": "wakboardin_boat_con_377509287",
      "provider": "provider[\"registry.terraform.io/-/genesyscloud\"]",
      "instances": [
        {
          "schema_version": 1,
          "attributes_flat": {
            "acd_auto_answer": "false",
            "addresses.#": "0",
            "certifications.#": "0",
            "department": "",
            "division_id": "f267d1b7-dd0d-4b0c-97fe-d7cf3b6e85e7",
            "email": "wakboardin@boat.con",
            "employer_info.#": "0",
            "id": "35f543b1-9207-4bc4-81db-f164fa93eb59",
            "locations.#": "0",
            "manager": "",
            "name": "Tara Waklin",
            "profile_skills.#": "0",
            "routing_languages.#": "0",
            "routing_skills.#": "0",
            "routing_utilization.#": "0",
            "state": "active",
            "title": ""
          },
          "sensitive_attributes": []
        }
      ]
    },
    {
      "mode": "managed",
      "type": "genesyscloud_user",
      "name": "zach_dudek_genesys_com_1014596897",
      "provider": "provider[\"registry.terraform.io/-/genesyscloud\"]",
      "instances": [
        {
          "schema_version": 1,
          "attributes_flat": {
            "acd_auto_answer": "false",
            "addresses.#": "1",
            "addresses.0.other_emails.#": "0",
            "addresses.0.phone_numbers.#": "1",
            "addresses.0.phone_numbers.3590001926.extension": "",
            "addresses.0.phone_numbers.3590001926.media_type": "PHONE",
            "addresses.0.phone_numbers.3590001926.number": "+13172866686",
            "addresses.0.phone_numbers.3590001926.type": "WORK2",
            "certifications.#": "4",
            "certifications.1153606701": "TLA",
            "certifications.203928915": "MDSAP",
            "certifications.2589341280": "ISO 13485",
            "certifications.2965465729": "FDA",
            "department": "Be your own Disrutptor",
            "division_id": "f267d1b7-dd0d-4b0c-97fe-d7cf3b6e85e7",
            "email": "zach.dudek@genesys.com",
            "employer_info.#": "0",
            "id": "b0a660bd-fb65-4d53-92b0-493a64351c0b",
            "locations.#": "0",
            "manager": "c89b51fc-99f4-4524-bb5a-304ddfc65ce4",
            "name": "Zach Dudek",
            "profile_skills.#": "8",
            "profile_skills.119811652": "Premium",
            "profile_skills.1576666961": "Lighting Efficiency",
            "profile_skills.2339051400": "Electric utility",
            "profile_skills.2589190141": "English",
            "profile_skills.3154086079": "Spanish",
            "profile_skills.3568173017": "Help Desk",
            "profile_skills.3745462092": "Customer Service",
            "profile_skills.3832910172": "Gas utility",
            "routing_languages.#": "0",
            "routing_skills.#": "1",
            "routing_skills.2802860920.proficiency": "0",
            "routing_skills.2802860920.skill_id": "0df77a9b-8d8c-42d0-8738-d74b26fef9c8",
            "routing_utilization.#": "0",
            "state": "active",
            "title": "Solutions Consultant Associate"
          },
          "sensitive_attributes": []
        }
      ]
    }
  ]
}
